{
  "version": 4,
  "terraform_version": "1.13.3",
  "serial": 50,
  "lineage": "24fb521f-906a-89d4-c1e8-d2c79d0fcde7",
  "outputs": {
    "api_endpoint_url": {
      "value": "https://qcglc0j7e2.execute-api.us-east-1.amazonaws.com/",
      "type": "string"
    }
  },
  "resources": [
    {
      "mode": "data",
      "type": "archive_file",
      "name": "entity_extractor_lambda_zip",
      "provider": "provider[\"registry.terraform.io/hashicorp/archive\"]",
      "instances": [
        {
          "schema_version": 0,
          "attributes": {
            "exclude_symlink_directories": null,
            "excludes": null,
            "id": "ac5ecced407d3896e2a76c1a258a27ae8b8a2db7",
            "output_base64sha256": "lcAkzaoIG4GjXrKjgekq6f1FUaWL3d1oaMx9VcefRE0=",
            "output_base64sha512": "mNR8Fdpf+mfPVFF1DI3iw39EDr+T7/r+8q+6SHxtRtZOnK1qsI3Dt6f0Ws5vBO23rbtjOVJbn6ZdOnYHRZibjA==",
            "output_file_mode": null,
            "output_md5": "9a45a3dadef13fae3cc8e1ac496a4f76",
            "output_path": "entity_extractor_lambda.zip",
            "output_sha": "ac5ecced407d3896e2a76c1a258a27ae8b8a2db7",
            "output_sha256": "95c024cdaa081b81a35eb2a381e92ae9fd4551a58bdddd6868cc7d55c79f444d",
            "output_sha512": "98d47c15da5ffa67cf5451750c8de2c37f440ebf93effafef2afba487c6d46d64e9cad6ab08dc3b7a7f45ace6f04edb7adbb6339525b9fa65d3a760745989b8c",
            "output_size": 865,
            "source": [],
            "source_content": null,
            "source_content_filename": null,
            "source_dir": "../backend-lambda/entity_extractor/",
            "source_file": null,
            "type": "zip"
          },
          "sensitive_attributes": [],
          "identity_schema_version": 0
        }
      ]
    },
    {
      "mode": "data",
      "type": "archive_file",
      "name": "presigned_url_lambda_zip",
      "provider": "provider[\"registry.terraform.io/hashicorp/archive\"]",
      "instances": [
        {
          "schema_version": 0,
          "attributes": {
            "exclude_symlink_directories": null,
            "excludes": null,
            "id": "024979d6531a8ddd6ec500548c7b7889d0ea3fb6",
            "output_base64sha256": "ubZpGvB2OwS/oZJIropRkd8nAi1CM1NZMf+iC95AOuE=",
            "output_base64sha512": "NVx1sZdJ/t+8sbzHNfLZHH1ad3TVfD+4Aq1kBb2LDTXu3QU7hPDCuy3bFaE/cAIHGwyweJzanAvZbj9VparKiQ==",
            "output_file_mode": null,
            "output_md5": "e416a640e58e065230696c101728579c",
            "output_path": "presigned_url_lambda.zip",
            "output_sha": "024979d6531a8ddd6ec500548c7b7889d0ea3fb6",
            "output_sha256": "b9b6691af0763b04bfa19248ae8a5191df27022d4233535931ffa20bde403ae1",
            "output_sha512": "355c75b19749fedfbcb1bcc735f2d91c7d5a7774d57c3fb802ad6405bd8b0d35eedd053b84f0c2bb2ddb15a13f7002071b0cb0789cda9c0bd96e3f55a5aaca89",
            "output_size": 865,
            "source": [],
            "source_content": null,
            "source_content_filename": null,
            "source_dir": "../backend-lambda/presigned_url_generator/",
            "source_file": null,
            "type": "zip"
          },
          "sensitive_attributes": [],
          "identity_schema_version": 0
        }
      ]
    },
    {
      "mode": "data",
      "type": "archive_file",
      "name": "processing_lambda_zip",
      "provider": "provider[\"registry.terraform.io/hashicorp/archive\"]",
      "instances": [
        {
          "schema_version": 0,
          "attributes": {
            "exclude_symlink_directories": null,
            "excludes": null,
            "id": "eadc74b6fe992efe85c0d1069519c68acacf95a3",
            "output_base64sha256": "sji/S7BkqGFghpQE0r7Il+gns85b+l9miUY+qBIWnsg=",
            "output_base64sha512": "XzB08uKyUHX8/Dz5EbJpTQWvM/1vJugwHKa58jjBwvBnMMmqA2XDpDwXoXlSFMLxVxw+EWtpdNii9qLaptb9YA==",
            "output_file_mode": null,
            "output_md5": "e2e439525a224d01f736b0d0c5ac53a4",
            "output_path": "document_processor_lambda.zip",
            "output_sha": "eadc74b6fe992efe85c0d1069519c68acacf95a3",
            "output_sha256": "b238bf4bb064a86160869404d2bec897e827b3ce5bfa5f6689463ea812169ec8",
            "output_sha512": "5f3074f2e2b25075fcfc3cf911b2694d05af33fd6f26e8301ca6b9f238c1c2f06730c9aa0365c3a43c17a1795214c2f1571c3e116b6974d8a2f6a2daa6d6fd60",
            "output_size": 792,
            "source": [],
            "source_content": null,
            "source_content_filename": null,
            "source_dir": "../backend-lambda/document_processor/",
            "source_file": null,
            "type": "zip"
          },
          "sensitive_attributes": [],
          "identity_schema_version": 0
        }
      ]
    },
    {
      "mode": "managed",
      "type": "aws_apigatewayv2_api",
      "name": "http_api",
      "provider": "provider[\"registry.terraform.io/hashicorp/aws\"]",
      "instances": [
        {
          "schema_version": 0,
          "attributes": {
            "api_endpoint": "https://qcglc0j7e2.execute-api.us-east-1.amazonaws.com",
            "api_key_selection_expression": "$request.header.x-api-key",
            "arn": "arn:aws:apigateway:us-east-1::/apis/qcglc0j7e2",
            "body": null,
            "cors_configuration": [
              {
                "allow_credentials": false,
                "allow_headers": [
                  "*"
                ],
                "allow_methods": [
                  "GET",
                  "POST",
                  "PUT"
                ],
                "allow_origins": [
                  "*"
                ],
                "expose_headers": [],
                "max_age": 0
              }
            ],
            "credentials_arn": null,
            "description": "",
            "disable_execute_api_endpoint": false,
            "execution_arn": "arn:aws:execute-api:us-east-1:335360747232:qcglc0j7e2",
            "fail_on_warnings": null,
            "id": "qcglc0j7e2",
            "ip_address_type": "ipv4",
            "name": "presigned-url-api",
            "protocol_type": "HTTP",
            "route_key": null,
            "route_selection_expression": "$request.method $request.path",
            "tags": {},
            "tags_all": {},
            "target": null,
            "version": ""
          },
          "sensitive_attributes": [],
          "identity_schema_version": 0,
          "private": "bnVsbA==",
          "create_before_destroy": true
        }
      ]
    },
    {
      "mode": "managed",
      "type": "aws_apigatewayv2_deployment",
      "name": "api_deployment",
      "provider": "provider[\"registry.terraform.io/hashicorp/aws\"]",
      "instances": [
        {
          "schema_version": 0,
          "attributes": {
            "api_id": "qcglc0j7e2",
            "auto_deployed": false,
            "description": "",
            "id": "hvyb4s",
            "triggers": {
              "redeployment": "707252eb4c6a41e36bc09ac5cd58aec63fe1d3ba"
            }
          },
          "sensitive_attributes": [],
          "identity_schema_version": 0,
          "private": "bnVsbA==",
          "dependencies": [
            "aws_apigatewayv2_api.http_api",
            "aws_apigatewayv2_integration.lambda_integration",
            "aws_apigatewayv2_route.get_upload_url",
            "aws_iam_role.presigned_url_lambda_role",
            "aws_lambda_function.presigned_url_generator",
            "aws_s3_bucket.documents_bucket",
            "data.archive_file.presigned_url_lambda_zip",
            "random_id.bucket_suffix"
          ],
          "create_before_destroy": true
        }
      ]
    },
    {
      "mode": "managed",
      "type": "aws_apigatewayv2_integration",
      "name": "lambda_integration",
      "provider": "provider[\"registry.terraform.io/hashicorp/aws\"]",
      "instances": [
        {
          "schema_version": 0,
          "attributes": {
            "api_id": "qcglc0j7e2",
            "connection_id": "",
            "connection_type": "INTERNET",
            "content_handling_strategy": "",
            "credentials_arn": "",
            "description": "",
            "id": "7tt4iyd",
            "integration_method": "POST",
            "integration_response_selection_expression": "",
            "integration_subtype": "",
            "integration_type": "AWS_PROXY",
            "integration_uri": "arn:aws:apigateway:us-east-1:lambda:path/2015-03-31/functions/arn:aws:lambda:us-east-1:335360747232:function:generate-presigned-url/invocations",
            "passthrough_behavior": "",
            "payload_format_version": "1.0",
            "request_parameters": {},
            "request_templates": {},
            "response_parameters": [],
            "template_selection_expression": "",
            "timeout_milliseconds": 30000,
            "tls_config": []
          },
          "sensitive_attributes": [],
          "identity_schema_version": 0,
          "private": "bnVsbA==",
          "dependencies": [
            "aws_apigatewayv2_api.http_api",
            "aws_iam_role.presigned_url_lambda_role",
            "aws_lambda_function.presigned_url_generator",
            "aws_s3_bucket.documents_bucket",
            "data.archive_file.presigned_url_lambda_zip",
            "random_id.bucket_suffix"
          ],
          "create_before_destroy": true
        }
      ]
    },
    {
      "mode": "managed",
      "type": "aws_apigatewayv2_route",
      "name": "get_upload_url",
      "provider": "provider[\"registry.terraform.io/hashicorp/aws\"]",
      "instances": [
        {
          "schema_version": 0,
          "attributes": {
            "api_id": "qcglc0j7e2",
            "api_key_required": false,
            "authorization_scopes": [],
            "authorization_type": "NONE",
            "authorizer_id": "",
            "id": "ksfutfr",
            "model_selection_expression": "",
            "operation_name": "",
            "request_models": {},
            "request_parameter": [],
            "route_key": "GET /generate-upload-url",
            "route_response_selection_expression": "",
            "target": "integrations/7tt4iyd"
          },
          "sensitive_attributes": [],
          "identity_schema_version": 0,
          "private": "bnVsbA==",
          "dependencies": [
            "aws_apigatewayv2_api.http_api",
            "aws_apigatewayv2_integration.lambda_integration",
            "aws_iam_role.presigned_url_lambda_role",
            "aws_lambda_function.presigned_url_generator",
            "aws_s3_bucket.documents_bucket",
            "data.archive_file.presigned_url_lambda_zip",
            "random_id.bucket_suffix"
          ],
          "create_before_destroy": true
        }
      ]
    },
    {
      "mode": "managed",
      "type": "aws_apigatewayv2_stage",
      "name": "default",
      "provider": "provider[\"registry.terraform.io/hashicorp/aws\"]",
      "instances": [
        {
          "schema_version": 0,
          "attributes": {
            "access_log_settings": [],
            "api_id": "qcglc0j7e2",
            "arn": "arn:aws:apigateway:us-east-1::/apis/qcglc0j7e2/stages/$default",
            "auto_deploy": false,
            "client_certificate_id": "",
            "default_route_settings": [
              {
                "data_trace_enabled": false,
                "detailed_metrics_enabled": false,
                "logging_level": "",
                "throttling_burst_limit": 0,
                "throttling_rate_limit": 0
              }
            ],
            "deployment_id": "hvyb4s",
            "description": "",
            "execution_arn": "arn:aws:execute-api:us-east-1:335360747232:qcglc0j7e2/$default",
            "id": "$default",
            "invoke_url": "https://qcglc0j7e2.execute-api.us-east-1.amazonaws.com/",
            "name": "$default",
            "route_settings": [],
            "stage_variables": {},
            "tags": {},
            "tags_all": {}
          },
          "sensitive_attributes": [],
          "identity_schema_version": 0,
          "private": "bnVsbA==",
          "dependencies": [
            "aws_apigatewayv2_api.http_api",
            "aws_apigatewayv2_deployment.api_deployment",
            "aws_apigatewayv2_integration.lambda_integration",
            "aws_apigatewayv2_route.get_upload_url",
            "aws_iam_role.presigned_url_lambda_role",
            "aws_lambda_function.presigned_url_generator",
            "aws_s3_bucket.documents_bucket",
            "data.archive_file.presigned_url_lambda_zip",
            "random_id.bucket_suffix"
          ]
        }
      ]
    },
    {
      "mode": "managed",
      "type": "aws_cloudfront_distribution",
      "name": "inf2006_distribution",
      "provider": "provider[\"registry.terraform.io/hashicorp/aws\"]",
      "instances": [
        {
          "status": "tainted",
          "schema_version": 1,
          "attributes": {
            "aliases": null,
            "arn": null,
            "caller_reference": null,
            "comment": null,
            "continuous_deployment_policy_id": null,
            "custom_error_response": [],
            "default_cache_behavior": [
              {
                "allowed_methods": [
                  "GET",
                  "HEAD"
                ],
                "cache_policy_id": "658327ea-f89d-4fab-a63d-7e88639e58f6",
                "cached_methods": [
                  "GET",
                  "HEAD"
                ],
                "compress": false,
                "default_ttl": 0,
                "field_level_encryption_id": "",
                "forwarded_values": [],
                "function_association": [],
                "grpc_config": [],
                "lambda_function_association": [],
                "max_ttl": 0,
                "min_ttl": 0,
                "origin_request_policy_id": "",
                "realtime_log_config_arn": "",
                "response_headers_policy_id": "",
                "smooth_streaming": false,
                "target_origin_id": "S3-Website-inf2006-s3frontend",
                "trusted_key_groups": [],
                "trusted_signers": [],
                "viewer_protocol_policy": "redirect-to-https"
              }
            ],
            "default_root_object": null,
            "domain_name": null,
            "enabled": true,
            "etag": null,
            "hosted_zone_id": null,
            "http_version": "http2",
            "id": "E15GW3IQR05ZQS",
            "in_progress_validation_batches": null,
            "is_ipv6_enabled": false,
            "last_modified_time": null,
            "logging_config": [],
            "ordered_cache_behavior": [],
            "origin": [
              {
                "connection_attempts": 3,
                "connection_timeout": 10,
                "custom_header": [],
                "custom_origin_config": [
                  {
                    "http_port": 80,
                    "https_port": 443,
                    "origin_keepalive_timeout": 5,
                    "origin_protocol_policy": "http-only",
                    "origin_read_timeout": 30,
                    "origin_ssl_protocols": [
                      "TLSv1.2"
                    ]
                  }
                ],
                "domain_name": "inf2006-s3frontend.s3-website-us-east-1.amazonaws.com",
                "origin_access_control_id": "",
                "origin_id": "S3-Website-inf2006-s3frontend",
                "origin_path": "",
                "origin_shield": [],
                "s3_origin_config": [],
                "vpc_origin_config": []
              }
            ],
            "origin_group": [],
            "price_class": "PriceClass_All",
            "restrictions": [
              {
                "geo_restriction": [
                  {
                    "locations": [],
                    "restriction_type": "none"
                  }
                ]
              }
            ],
            "retain_on_delete": false,
            "staging": false,
            "status": null,
            "tags": {
              "Name": "inf2006-frontend"
            },
            "tags_all": {
              "Name": "inf2006-frontend"
            },
            "trusted_key_groups": null,
            "trusted_signers": null,
            "viewer_certificate": [
              {
                "acm_certificate_arn": "",
                "cloudfront_default_certificate": true,
                "iam_certificate_id": "",
                "minimum_protocol_version": "TLSv1",
                "ssl_support_method": ""
              }
            ],
            "wait_for_deployment": true,
            "web_acl_id": null
          },
          "sensitive_attributes": [],
          "identity_schema_version": 0,
          "private": "eyJzY2hlbWFfdmVyc2lvbiI6IjEifQ==",
          "dependencies": [
            "aws_s3_bucket.inf2006-s3frontend"
          ]
        }
      ]
    },
    {
      "mode": "managed",
      "type": "aws_cloudwatch_event_rule",
      "name": "s3_upload_rule",
      "provider": "provider[\"registry.terraform.io/hashicorp/aws\"]",
      "instances": [
        {
          "schema_version": 1,
          "attributes": {
            "arn": "arn:aws:events:us-east-1:335360747232:rule/CaptureS3UploadsForStepFunctions",
            "description": "Triggers the Step Function workflow when a file is uploaded to the 'uploads/' folder.",
            "event_bus_name": "default",
            "event_pattern": "{\"detail\":{\"bucket\":{\"name\":[\"inf2006-financial-docs-b0957fd1a4dafc2c\"]},\"object\":{\"key\":[{\"prefix\":\"uploads/\"}]}},\"detail-type\":[\"Object Created\"],\"source\":[\"aws.s3\"]}",
            "force_destroy": false,
            "id": "CaptureS3UploadsForStepFunctions",
            "is_enabled": true,
            "name": "CaptureS3UploadsForStepFunctions",
            "name_prefix": "",
            "role_arn": "",
            "schedule_expression": "",
            "state": "ENABLED",
            "tags": {},
            "tags_all": {}
          },
          "sensitive_attributes": [],
          "identity_schema_version": 0,
          "private": "eyJzY2hlbWFfdmVyc2lvbiI6IjEifQ==",
          "dependencies": [
            "aws_s3_bucket.documents_bucket",
            "random_id.bucket_suffix"
          ]
        }
      ]
    },
    {
      "mode": "managed",
      "type": "aws_cloudwatch_event_target",
      "name": "step_function_target",
      "provider": "provider[\"registry.terraform.io/hashicorp/aws\"]",
      "instances": [
        {
          "schema_version": 1,
          "attributes": {
            "appsync_target": [],
            "arn": "arn:aws:states:us-east-1:335360747232:stateMachine:FinancialDocumentProcessingWorkflow",
            "batch_target": [],
            "dead_letter_config": [],
            "ecs_target": [],
            "event_bus_name": "default",
            "force_destroy": false,
            "http_target": [],
            "id": "CaptureS3UploadsForStepFunctions-terraform-20251013165217302900000005",
            "input": "",
            "input_path": "",
            "input_transformer": [
              {
                "input_paths": {
                  "bucket": "$.detail.bucket.name",
                  "key": "$.detail.object.key"
                },
                "input_template": "{\r\n  \"Records\": [\r\n    {\r\n      \"s3\": {\r\n        \"bucket\": {\r\n          \"name\": \u003cbucket\u003e\r\n        },\r\n        \"object\": {\r\n          \"key\": \u003ckey\u003e\r\n        }\r\n      }\r\n    }\r\n  ]\r\n}\r\n"
              }
            ],
            "kinesis_target": [],
            "redshift_target": [],
            "retry_policy": [],
            "role_arn": "arn:aws:iam::335360747232:role/document-processing-workflow-role",
            "rule": "CaptureS3UploadsForStepFunctions",
            "run_command_targets": [],
            "sagemaker_pipeline_target": [],
            "sqs_target": [],
            "target_id": "terraform-20251013165217302900000005"
          },
          "sensitive_attributes": [],
          "identity_schema_version": 0,
          "private": "eyJzY2hlbWFfdmVyc2lvbiI6IjEifQ==",
          "dependencies": [
            "aws_cloudwatch_event_rule.s3_upload_rule",
            "aws_iam_role.processing_workflow_role",
            "aws_lambda_function.document_processor",
            "aws_lambda_function.entity_extractor",
            "aws_s3_bucket.documents_bucket",
            "aws_sfn_state_machine.document_processing_workflow",
            "data.archive_file.entity_extractor_lambda_zip",
            "data.archive_file.processing_lambda_zip",
            "random_id.bucket_suffix"
          ]
        }
      ]
    },
    {
      "mode": "managed",
      "type": "aws_iam_policy",
      "name": "s3_put_presigned_policy",
      "provider": "provider[\"registry.terraform.io/hashicorp/aws\"]",
      "instances": [
        {
          "schema_version": 0,
          "attributes": {
            "arn": "arn:aws:iam::335360747232:policy/S3PutObjectPresignedPolicy",
            "attachment_count": 1,
            "description": "",
            "id": "arn:aws:iam::335360747232:policy/S3PutObjectPresignedPolicy",
            "name": "S3PutObjectPresignedPolicy",
            "name_prefix": "",
            "path": "/",
            "policy": "{\"Statement\":[{\"Action\":\"s3:PutObject\",\"Effect\":\"Allow\",\"Resource\":\"arn:aws:s3:::inf2006-financial-docs-b0957fd1a4dafc2c/*\"}],\"Version\":\"2012-10-17\"}",
            "policy_id": "ANPAU4FIO43QOTT5BZ6VK",
            "tags": {},
            "tags_all": {}
          },
          "sensitive_attributes": [],
          "identity_schema_version": 0,
          "private": "bnVsbA==",
          "dependencies": [
            "aws_s3_bucket.documents_bucket",
            "random_id.bucket_suffix"
          ]
        }
      ]
    },
    {
      "mode": "managed",
      "type": "aws_iam_policy",
      "name": "workflow_permissions_policy",
      "provider": "provider[\"registry.terraform.io/hashicorp/aws\"]",
      "instances": [
        {
          "schema_version": 0,
          "attributes": {
            "arn": "arn:aws:iam::335360747232:policy/WorkflowPermissionsPolicy",
            "attachment_count": 1,
            "description": "",
            "id": "arn:aws:iam::335360747232:policy/WorkflowPermissionsPolicy",
            "name": "WorkflowPermissionsPolicy",
            "name_prefix": "",
            "path": "/",
            "policy": "{\"Statement\":[{\"Action\":\"s3:GetObject\",\"Effect\":\"Allow\",\"Resource\":\"arn:aws:s3:::inf2006-financial-docs-b0957fd1a4dafc2c/*\"},{\"Action\":\"textract:DetectDocumentText\",\"Effect\":\"Allow\",\"Resource\":\"*\"},{\"Action\":\"sagemaker:InvokeEndpoint\",\"Effect\":\"Allow\",\"Resource\":\"*\"},{\"Action\":\"lambda:InvokeFunction\",\"Effect\":\"Allow\",\"Resource\":\"*\"},{\"Action\":[\"ecr:BatchGetImage\",\"ecr:GetDownloadUrlForLayer\"],\"Effect\":\"Allow\",\"Resource\":\"arn:aws:ecr:us-east-1:763104351884:repository/huggingface-pytorch-inference\"},{\"Action\":\"states:StartExecution\",\"Effect\":\"Allow\",\"Resource\":\"arn:aws:states:us-east-1:335360747232:stateMachine:FinancialDocumentProcessingWorkflow\"}],\"Version\":\"2012-10-17\"}",
            "policy_id": "ANPAU4FIO43QOXS2GLFAT",
            "tags": {},
            "tags_all": {}
          },
          "sensitive_attributes": [],
          "identity_schema_version": 0,
          "private": "bnVsbA==",
          "dependencies": [
            "aws_iam_role.processing_workflow_role",
            "aws_lambda_function.document_processor",
            "aws_lambda_function.entity_extractor",
            "aws_s3_bucket.documents_bucket",
            "aws_sfn_state_machine.document_processing_workflow",
            "data.archive_file.entity_extractor_lambda_zip",
            "data.archive_file.processing_lambda_zip",
            "random_id.bucket_suffix"
          ]
        }
      ]
    },
    {
      "mode": "managed",
      "type": "aws_iam_role",
      "name": "presigned_url_lambda_role",
      "provider": "provider[\"registry.terraform.io/hashicorp/aws\"]",
      "instances": [
        {
          "schema_version": 0,
          "attributes": {
            "arn": "arn:aws:iam::335360747232:role/presigned-url-lambda-role",
            "assume_role_policy": "{\"Statement\":[{\"Action\":\"sts:AssumeRole\",\"Effect\":\"Allow\",\"Principal\":{\"Service\":\"lambda.amazonaws.com\"}}],\"Version\":\"2012-10-17\"}",
            "create_date": "2025-10-13T16:51:50Z",
            "description": "",
            "force_detach_policies": false,
            "id": "presigned-url-lambda-role",
            "inline_policy": [],
            "managed_policy_arns": [
              "arn:aws:iam::335360747232:policy/S3PutObjectPresignedPolicy",
              "arn:aws:iam::aws:policy/service-role/AWSLambdaBasicExecutionRole"
            ],
            "max_session_duration": 3600,
            "name": "presigned-url-lambda-role",
            "name_prefix": "",
            "path": "/",
            "permissions_boundary": "",
            "tags": {},
            "tags_all": {},
            "unique_id": "AROAU4FIO43QDDCCFEVVL"
          },
          "sensitive_attributes": [],
          "identity_schema_version": 0,
          "private": "bnVsbA==",
          "create_before_destroy": true
        }
      ]
    },
    {
      "mode": "managed",
      "type": "aws_iam_role",
      "name": "processing_workflow_role",
      "provider": "provider[\"registry.terraform.io/hashicorp/aws\"]",
      "instances": [
        {
          "schema_version": 0,
          "attributes": {
            "arn": "arn:aws:iam::335360747232:role/document-processing-workflow-role",
            "assume_role_policy": "{\"Statement\":[{\"Action\":\"sts:AssumeRole\",\"Effect\":\"Allow\",\"Principal\":{\"Service\":\"lambda.amazonaws.com\"}},{\"Action\":\"sts:AssumeRole\",\"Effect\":\"Allow\",\"Principal\":{\"Service\":\"states.amazonaws.com\"}},{\"Action\":\"sts:AssumeRole\",\"Effect\":\"Allow\",\"Principal\":{\"Service\":\"sagemaker.amazonaws.com\"}},{\"Action\":\"sts:AssumeRole\",\"Effect\":\"Allow\",\"Principal\":{\"Service\":\"events.amazonaws.com\"}}],\"Version\":\"2012-10-17\"}",
            "create_date": "2025-10-13T16:51:50Z",
            "description": "",
            "force_detach_policies": false,
            "id": "document-processing-workflow-role",
            "inline_policy": [],
            "managed_policy_arns": [
              "arn:aws:iam::335360747232:policy/WorkflowPermissionsPolicy",
              "arn:aws:iam::aws:policy/service-role/AWSLambdaBasicExecutionRole"
            ],
            "max_session_duration": 3600,
            "name": "document-processing-workflow-role",
            "name_prefix": "",
            "path": "/",
            "permissions_boundary": "",
            "tags": {},
            "tags_all": {},
            "unique_id": "AROAU4FIO43QD5U2F3PO7"
          },
          "sensitive_attributes": [],
          "identity_schema_version": 0,
          "private": "bnVsbA=="
        }
      ]
    },
    {
      "mode": "managed",
      "type": "aws_iam_role_policy_attachment",
      "name": "presigned_lambda_logs",
      "provider": "provider[\"registry.terraform.io/hashicorp/aws\"]",
      "instances": [
        {
          "schema_version": 0,
          "attributes": {
            "id": "presigned-url-lambda-role-20251013165151541300000001",
            "policy_arn": "arn:aws:iam::aws:policy/service-role/AWSLambdaBasicExecutionRole",
            "role": "presigned-url-lambda-role"
          },
          "sensitive_attributes": [],
          "identity_schema_version": 0,
          "private": "bnVsbA==",
          "dependencies": [
            "aws_iam_role.presigned_url_lambda_role"
          ]
        }
      ]
    },
    {
      "mode": "managed",
      "type": "aws_iam_role_policy_attachment",
      "name": "presigned_lambda_s3",
      "provider": "provider[\"registry.terraform.io/hashicorp/aws\"]",
      "instances": [
        {
          "schema_version": 0,
          "attributes": {
            "id": "presigned-url-lambda-role-20251013165155676200000004",
            "policy_arn": "arn:aws:iam::335360747232:policy/S3PutObjectPresignedPolicy",
            "role": "presigned-url-lambda-role"
          },
          "sensitive_attributes": [],
          "identity_schema_version": 0,
          "private": "bnVsbA==",
          "dependencies": [
            "aws_iam_policy.s3_put_presigned_policy",
            "aws_iam_role.presigned_url_lambda_role",
            "aws_s3_bucket.documents_bucket",
            "random_id.bucket_suffix"
          ]
        }
      ]
    },
    {
      "mode": "managed",
      "type": "aws_iam_role_policy_attachment",
      "name": "workflow_logs",
      "provider": "provider[\"registry.terraform.io/hashicorp/aws\"]",
      "instances": [
        {
          "schema_version": 0,
          "attributes": {
            "id": "document-processing-workflow-role-20251013165151547800000002",
            "policy_arn": "arn:aws:iam::aws:policy/service-role/AWSLambdaBasicExecutionRole",
            "role": "document-processing-workflow-role"
          },
          "sensitive_attributes": [],
          "identity_schema_version": 0,
          "private": "bnVsbA==",
          "dependencies": [
            "aws_iam_role.processing_workflow_role"
          ]
        }
      ]
    },
    {
      "mode": "managed",
      "type": "aws_iam_role_policy_attachment",
      "name": "workflow_permissions",
      "provider": "provider[\"registry.terraform.io/hashicorp/aws\"]",
      "instances": [
        {
          "schema_version": 0,
          "attributes": {
            "id": "document-processing-workflow-role-20251013165155641000000003",
            "policy_arn": "arn:aws:iam::335360747232:policy/WorkflowPermissionsPolicy",
            "role": "document-processing-workflow-role"
          },
          "sensitive_attributes": [],
          "identity_schema_version": 0,
          "private": "bnVsbA==",
          "dependencies": [
            "aws_iam_policy.workflow_permissions_policy",
            "aws_iam_role.processing_workflow_role",
            "aws_lambda_function.document_processor",
            "aws_lambda_function.entity_extractor",
            "aws_s3_bucket.documents_bucket",
            "aws_sfn_state_machine.document_processing_workflow",
            "data.archive_file.entity_extractor_lambda_zip",
            "data.archive_file.processing_lambda_zip",
            "random_id.bucket_suffix"
          ]
        }
      ]
    },
    {
      "mode": "managed",
      "type": "aws_lambda_function",
      "name": "document_processor",
      "provider": "provider[\"registry.terraform.io/hashicorp/aws\"]",
      "instances": [
        {
          "schema_version": 0,
          "attributes": {
            "architectures": [
              "x86_64"
            ],
            "arn": "arn:aws:lambda:us-east-1:335360747232:function:process-financial-document",
            "code_sha256": "KNjhnNFUedZMjpYlxNa5tXDyW5eMR8bct8rTiZMCuXI=",
            "code_signing_config_arn": "",
            "dead_letter_config": [],
            "description": "",
            "environment": [],
            "ephemeral_storage": [
              {
                "size": 512
              }
            ],
            "file_system_config": [],
            "filename": "document_processor_lambda.zip",
            "function_name": "process-financial-document",
            "handler": "lambda_function.lambda_handler",
            "id": "process-financial-document",
            "image_config": [],
            "image_uri": "",
            "invoke_arn": "arn:aws:apigateway:us-east-1:lambda:path/2015-03-31/functions/arn:aws:lambda:us-east-1:335360747232:function:process-financial-document/invocations",
            "kms_key_arn": "",
            "last_modified": "2025-10-15T03:53:21.000+0000",
            "layers": [],
            "logging_config": [
              {
                "application_log_level": "",
                "log_format": "Text",
                "log_group": "/aws/lambda/process-financial-document",
                "system_log_level": ""
              }
            ],
            "memory_size": 128,
            "package_type": "Zip",
            "publish": false,
            "qualified_arn": "arn:aws:lambda:us-east-1:335360747232:function:process-financial-document:2",
            "qualified_invoke_arn": "arn:aws:apigateway:us-east-1:lambda:path/2015-03-31/functions/arn:aws:lambda:us-east-1:335360747232:function:process-financial-document:2/invocations",
            "replace_security_groups_on_destroy": null,
            "replacement_security_group_ids": null,
            "reserved_concurrent_executions": -1,
            "role": "arn:aws:iam::335360747232:role/document-processing-workflow-role",
            "runtime": "python3.9",
            "s3_bucket": null,
            "s3_key": null,
            "s3_object_version": null,
            "signing_job_arn": "",
            "signing_profile_version_arn": "",
            "skip_destroy": false,
            "snap_start": [],
            "source_code_hash": "sji/S7BkqGFghpQE0r7Il+gns85b+l9miUY+qBIWnsg=",
            "source_code_size": 930,
            "tags": {},
            "tags_all": {},
            "timeout": 30,
            "timeouts": null,
            "tracing_config": [
              {
                "mode": "PassThrough"
              }
            ],
            "version": "2",
            "vpc_config": []
          },
          "sensitive_attributes": [],
          "identity_schema_version": 0,
          "private": "eyJlMmJmYjczMC1lY2FhLTExZTYtOGY4OC0zNDM2M2JjN2M0YzAiOnsiY3JlYXRlIjo2MDAwMDAwMDAwMDAsImRlbGV0ZSI6NjAwMDAwMDAwMDAwLCJ1cGRhdGUiOjYwMDAwMDAwMDAwMH19",
          "dependencies": [
            "aws_iam_role.processing_workflow_role",
            "data.archive_file.processing_lambda_zip"
          ]
        }
      ]
    },
    {
      "mode": "managed",
      "type": "aws_lambda_function",
      "name": "entity_extractor",
      "provider": "provider[\"registry.terraform.io/hashicorp/aws\"]",
      "instances": [
        {
          "schema_version": 0,
          "attributes": {
            "architectures": [
              "x86_64"
            ],
            "arn": "arn:aws:lambda:us-east-1:335360747232:function:extract-entities-from-text",
            "code_sha256": "rkUgf9C/8b0/bY83kQZ75bUvwOGcWVSBCXcUXSDovKc=",
            "code_signing_config_arn": "",
            "dead_letter_config": [],
            "description": "",
            "environment": [
              {
                "variables": {
                  "SAGEMAKER_ENDPOINT_NAME": "inf2006-entity-extraction-endpoint"
                }
              }
            ],
            "ephemeral_storage": [
              {
                "size": 512
              }
            ],
            "file_system_config": [],
            "filename": "entity_extractor_lambda.zip",
            "function_name": "extract-entities-from-text",
            "handler": "lambda_function.lambda_handler",
            "id": "extract-entities-from-text",
            "image_config": [],
            "image_uri": "",
            "invoke_arn": "arn:aws:apigateway:us-east-1:lambda:path/2015-03-31/functions/arn:aws:lambda:us-east-1:335360747232:function:extract-entities-from-text/invocations",
            "kms_key_arn": "",
            "last_modified": "2025-10-15T17:03:48.000+0000",
            "layers": [],
            "logging_config": [
              {
                "application_log_level": "",
                "log_format": "Text",
                "log_group": "/aws/lambda/extract-entities-from-text",
                "system_log_level": ""
              }
            ],
            "memory_size": 128,
            "package_type": "Zip",
            "publish": false,
            "qualified_arn": "arn:aws:lambda:us-east-1:335360747232:function:extract-entities-from-text:$LATEST",
            "qualified_invoke_arn": "arn:aws:apigateway:us-east-1:lambda:path/2015-03-31/functions/arn:aws:lambda:us-east-1:335360747232:function:extract-entities-from-text:$LATEST/invocations",
            "replace_security_groups_on_destroy": null,
            "replacement_security_group_ids": null,
            "reserved_concurrent_executions": -1,
            "role": "arn:aws:iam::335360747232:role/document-processing-workflow-role",
            "runtime": "python3.9",
            "s3_bucket": null,
            "s3_key": null,
            "s3_object_version": null,
            "signing_job_arn": "",
            "signing_profile_version_arn": "",
            "skip_destroy": false,
            "snap_start": [],
            "source_code_hash": "lcAkzaoIG4GjXrKjgekq6f1FUaWL3d1oaMx9VcefRE0=",
            "source_code_size": 1727,
            "tags": {},
            "tags_all": {},
            "timeout": 30,
            "timeouts": null,
            "tracing_config": [
              {
                "mode": "PassThrough"
              }
            ],
            "version": "$LATEST",
            "vpc_config": []
          },
          "sensitive_attributes": [],
          "identity_schema_version": 0,
          "private": "eyJlMmJmYjczMC1lY2FhLTExZTYtOGY4OC0zNDM2M2JjN2M0YzAiOnsiY3JlYXRlIjo2MDAwMDAwMDAwMDAsImRlbGV0ZSI6NjAwMDAwMDAwMDAwLCJ1cGRhdGUiOjYwMDAwMDAwMDAwMH19",
          "dependencies": [
            "aws_iam_role.processing_workflow_role",
            "data.archive_file.entity_extractor_lambda_zip"
          ]
        }
      ]
    },
    {
      "mode": "managed",
      "type": "aws_lambda_function",
      "name": "presigned_url_generator",
      "provider": "provider[\"registry.terraform.io/hashicorp/aws\"]",
      "instances": [
        {
          "schema_version": 0,
          "attributes": {
            "architectures": [
              "x86_64"
            ],
            "arn": "arn:aws:lambda:us-east-1:335360747232:function:generate-presigned-url",
            "code_sha256": "ubZpGvB2OwS/oZJIropRkd8nAi1CM1NZMf+iC95AOuE=",
            "code_signing_config_arn": "",
            "dead_letter_config": [],
            "description": "",
            "environment": [
              {
                "variables": {
                  "BUCKET_NAME": "inf2006-financial-docs-b0957fd1a4dafc2c",
                  "FORCE_DEPLOY": "v1"
                }
              }
            ],
            "ephemeral_storage": [
              {
                "size": 512
              }
            ],
            "file_system_config": [],
            "filename": "presigned_url_lambda.zip",
            "function_name": "generate-presigned-url",
            "handler": "lambda_function.lambda_handler",
            "id": "generate-presigned-url",
            "image_config": [],
            "image_uri": "",
            "invoke_arn": "arn:aws:apigateway:us-east-1:lambda:path/2015-03-31/functions/arn:aws:lambda:us-east-1:335360747232:function:generate-presigned-url/invocations",
            "kms_key_arn": "",
            "last_modified": "2025-10-13T17:34:50.000+0000",
            "layers": [],
            "logging_config": [
              {
                "application_log_level": "",
                "log_format": "Text",
                "log_group": "/aws/lambda/generate-presigned-url",
                "system_log_level": ""
              }
            ],
            "memory_size": 128,
            "package_type": "Zip",
            "publish": false,
            "qualified_arn": "arn:aws:lambda:us-east-1:335360747232:function:generate-presigned-url:$LATEST",
            "qualified_invoke_arn": "arn:aws:apigateway:us-east-1:lambda:path/2015-03-31/functions/arn:aws:lambda:us-east-1:335360747232:function:generate-presigned-url:$LATEST/invocations",
            "replace_security_groups_on_destroy": null,
            "replacement_security_group_ids": null,
            "reserved_concurrent_executions": -1,
            "role": "arn:aws:iam::335360747232:role/presigned-url-lambda-role",
            "runtime": "python3.9",
            "s3_bucket": null,
            "s3_key": null,
            "s3_object_version": null,
            "signing_job_arn": "",
            "signing_profile_version_arn": "",
            "skip_destroy": false,
            "snap_start": [],
            "source_code_hash": "ubZpGvB2OwS/oZJIropRkd8nAi1CM1NZMf+iC95AOuE=",
            "source_code_size": 865,
            "tags": {},
            "tags_all": {},
            "timeout": 3,
            "timeouts": null,
            "tracing_config": [
              {
                "mode": "PassThrough"
              }
            ],
            "version": "$LATEST",
            "vpc_config": []
          },
          "sensitive_attributes": [],
          "identity_schema_version": 0,
          "private": "eyJlMmJmYjczMC1lY2FhLTExZTYtOGY4OC0zNDM2M2JjN2M0YzAiOnsiY3JlYXRlIjo2MDAwMDAwMDAwMDAsImRlbGV0ZSI6NjAwMDAwMDAwMDAwLCJ1cGRhdGUiOjYwMDAwMDAwMDAwMH19",
          "dependencies": [
            "aws_iam_role.presigned_url_lambda_role",
            "aws_s3_bucket.documents_bucket",
            "data.archive_file.presigned_url_lambda_zip",
            "random_id.bucket_suffix"
          ],
          "create_before_destroy": true
        }
      ]
    },
    {
      "mode": "managed",
      "type": "aws_lambda_permission",
      "name": "api_gateway_permission",
      "provider": "provider[\"registry.terraform.io/hashicorp/aws\"]",
      "instances": [
        {
          "schema_version": 0,
          "attributes": {
            "action": "lambda:InvokeFunction",
            "event_source_token": null,
            "function_name": "generate-presigned-url",
            "function_url_auth_type": null,
            "id": "AllowAPIGatewayToInvokeLambda",
            "principal": "apigateway.amazonaws.com",
            "principal_org_id": null,
            "qualifier": "",
            "source_account": null,
            "source_arn": "arn:aws:execute-api:us-east-1:335360747232:qcglc0j7e2/*/*",
            "statement_id": "AllowAPIGatewayToInvokeLambda",
            "statement_id_prefix": ""
          },
          "sensitive_attributes": [],
          "identity_schema_version": 0,
          "private": "bnVsbA==",
          "dependencies": [
            "aws_apigatewayv2_api.http_api",
            "aws_iam_role.presigned_url_lambda_role",
            "aws_lambda_function.presigned_url_generator",
            "aws_s3_bucket.documents_bucket",
            "data.archive_file.presigned_url_lambda_zip",
            "random_id.bucket_suffix"
          ]
        }
      ]
    },
    {
      "mode": "managed",
      "type": "aws_s3_bucket",
      "name": "documents_bucket",
      "provider": "provider[\"registry.terraform.io/hashicorp/aws\"]",
      "instances": [
        {
          "schema_version": 0,
          "attributes": {
            "acceleration_status": "",
            "acl": null,
            "arn": "arn:aws:s3:::inf2006-financial-docs-b0957fd1a4dafc2c",
            "bucket": "inf2006-financial-docs-b0957fd1a4dafc2c",
            "bucket_domain_name": "inf2006-financial-docs-b0957fd1a4dafc2c.s3.amazonaws.com",
            "bucket_prefix": "",
            "bucket_regional_domain_name": "inf2006-financial-docs-b0957fd1a4dafc2c.s3.us-east-1.amazonaws.com",
            "cors_rule": [
              {
                "allowed_headers": [
                  "*"
                ],
                "allowed_methods": [
                  "POST",
                  "GET",
                  "PUT"
                ],
                "allowed_origins": [
                  "*"
                ],
                "expose_headers": [
                  "ETag"
                ],
                "max_age_seconds": 0
              }
            ],
            "force_destroy": true,
            "grant": [
              {
                "id": "5862a41519974ff95b5bf4f641b5398fb7a3588e9755bc84760351b820abee5d",
                "permissions": [
                  "FULL_CONTROL"
                ],
                "type": "CanonicalUser",
                "uri": ""
              }
            ],
            "hosted_zone_id": "Z3AQBSTGFYJSTF",
            "id": "inf2006-financial-docs-b0957fd1a4dafc2c",
            "lifecycle_rule": [],
            "logging": [],
            "object_lock_configuration": [],
            "object_lock_enabled": false,
            "policy": "",
            "region": "us-east-1",
            "replication_configuration": [],
            "request_payer": "BucketOwner",
            "server_side_encryption_configuration": [
              {
                "rule": [
                  {
                    "apply_server_side_encryption_by_default": [
                      {
                        "kms_master_key_id": "",
                        "sse_algorithm": "AES256"
                      }
                    ],
                    "bucket_key_enabled": false
                  }
                ]
              }
            ],
            "tags": {},
            "tags_all": {},
            "timeouts": null,
            "versioning": [
              {
                "enabled": true,
                "mfa_delete": false
              }
            ],
            "website": [],
            "website_domain": null,
            "website_endpoint": null
          },
          "sensitive_attributes": [],
          "identity_schema_version": 0,
          "private": "eyJlMmJmYjczMC1lY2FhLTExZTYtOGY4OC0zNDM2M2JjN2M0YzAiOnsiY3JlYXRlIjoxMjAwMDAwMDAwMDAwLCJkZWxldGUiOjM2MDAwMDAwMDAwMDAsInJlYWQiOjEyMDAwMDAwMDAwMDAsInVwZGF0ZSI6MTIwMDAwMDAwMDAwMH19",
          "dependencies": [
            "random_id.bucket_suffix"
          ],
          "create_before_destroy": true
        }
      ]
    },
    {
      "mode": "managed",
      "type": "aws_s3_bucket",
      "name": "inf2006-s3frontend",
      "provider": "provider[\"registry.terraform.io/hashicorp/aws\"]",
      "instances": [
        {
          "schema_version": 0,
          "attributes": {
            "acceleration_status": "",
            "acl": null,
            "arn": "arn:aws:s3:::inf2006-s3frontend",
            "bucket": "inf2006-s3frontend",
            "bucket_domain_name": "inf2006-s3frontend.s3.amazonaws.com",
            "bucket_prefix": "",
            "bucket_regional_domain_name": "inf2006-s3frontend.s3.us-east-1.amazonaws.com",
            "cors_rule": [],
            "force_destroy": null,
            "grant": [
              {
                "id": "5862a41519974ff95b5bf4f641b5398fb7a3588e9755bc84760351b820abee5d",
                "permissions": [
                  "FULL_CONTROL"
                ],
                "type": "CanonicalUser",
                "uri": ""
              }
            ],
            "hosted_zone_id": "Z3AQBSTGFYJSTF",
            "id": "inf2006-s3frontend",
            "lifecycle_rule": [],
            "logging": [],
            "object_lock_configuration": [],
            "object_lock_enabled": false,
            "policy": "{\"Statement\":[{\"Action\":\"s3:GetObject\",\"Effect\":\"Allow\",\"Principal\":\"*\",\"Resource\":\"arn:aws:s3:::inf2006-s3frontend/*\",\"Sid\":\"PublicReadGetObject\"}],\"Version\":\"2012-10-17\"}",
            "region": "us-east-1",
            "replication_configuration": [],
            "request_payer": "BucketOwner",
            "server_side_encryption_configuration": [
              {
                "rule": [
                  {
                    "apply_server_side_encryption_by_default": [
                      {
                        "kms_master_key_id": "",
                        "sse_algorithm": "AES256"
                      }
                    ],
                    "bucket_key_enabled": true
                  }
                ]
              }
            ],
            "tags": {},
            "tags_all": {},
            "timeouts": null,
            "versioning": [
              {
                "enabled": true,
                "mfa_delete": false
              }
            ],
            "website": [
              {
                "error_document": "error.html",
                "index_document": "index.html",
                "redirect_all_requests_to": "",
                "routing_rules": ""
              }
            ],
            "website_domain": "s3-website-us-east-1.amazonaws.com",
            "website_endpoint": "inf2006-s3frontend.s3-website-us-east-1.amazonaws.com"
          },
          "sensitive_attributes": [],
          "identity_schema_version": 0,
          "private": "eyJlMmJmYjczMC1lY2FhLTExZTYtOGY4OC0zNDM2M2JjN2M0YzAiOnsiY3JlYXRlIjoxMjAwMDAwMDAwMDAwLCJkZWxldGUiOjM2MDAwMDAwMDAwMDAsInJlYWQiOjEyMDAwMDAwMDAwMDAsInVwZGF0ZSI6MTIwMDAwMDAwMDAwMH0sInNjaGVtYV92ZXJzaW9uIjoiMCJ9"
        }
      ]
    },
    {
      "mode": "managed",
      "type": "aws_s3_bucket_cors_configuration",
      "name": "documents_bucket_cors",
      "provider": "provider[\"registry.terraform.io/hashicorp/aws\"]",
      "instances": [
        {
          "schema_version": 0,
          "attributes": {
            "bucket": "inf2006-financial-docs-b0957fd1a4dafc2c",
            "cors_rule": [
              {
                "allowed_headers": [
                  "*"
                ],
                "allowed_methods": [
                  "GET",
                  "POST",
                  "PUT"
                ],
                "allowed_origins": [
                  "*"
                ],
                "expose_headers": [
                  "ETag"
                ],
                "id": "",
                "max_age_seconds": 0
              }
            ],
            "expected_bucket_owner": "",
            "id": "inf2006-financial-docs-b0957fd1a4dafc2c"
          },
          "sensitive_attributes": [],
          "identity_schema_version": 0,
          "private": "bnVsbA==",
          "dependencies": [
            "aws_s3_bucket.documents_bucket",
            "random_id.bucket_suffix"
          ]
        }
      ]
    },
    {
      "mode": "managed",
      "type": "aws_s3_bucket_notification",
      "name": "bucket_eventbridge_notification",
      "provider": "provider[\"registry.terraform.io/hashicorp/aws\"]",
      "instances": [
        {
          "schema_version": 0,
          "attributes": {
            "bucket": "inf2006-financial-docs-b0957fd1a4dafc2c",
            "eventbridge": true,
            "id": "inf2006-financial-docs-b0957fd1a4dafc2c",
            "lambda_function": [],
            "queue": [],
            "topic": []
          },
          "sensitive_attributes": [],
          "identity_schema_version": 0,
          "private": "bnVsbA==",
          "dependencies": [
            "aws_s3_bucket.documents_bucket",
            "random_id.bucket_suffix"
          ]
        }
      ]
    },
    {
      "mode": "managed",
      "type": "aws_s3_bucket_versioning",
      "name": "documents_bucket_versioning",
      "provider": "provider[\"registry.terraform.io/hashicorp/aws\"]",
      "instances": [
        {
          "schema_version": 0,
          "attributes": {
            "bucket": "inf2006-financial-docs-b0957fd1a4dafc2c",
            "expected_bucket_owner": "",
            "id": "inf2006-financial-docs-b0957fd1a4dafc2c",
            "mfa": null,
            "versioning_configuration": [
              {
                "mfa_delete": "",
                "status": "Enabled"
              }
            ]
          },
          "sensitive_attributes": [],
          "identity_schema_version": 0,
          "private": "bnVsbA==",
          "dependencies": [
            "aws_s3_bucket.documents_bucket",
            "random_id.bucket_suffix"
          ]
        }
      ]
    },
    {
      "mode": "managed",
      "type": "aws_s3_bucket_versioning",
      "name": "inf2006-s3frontend_versioning",
      "provider": "provider[\"registry.terraform.io/hashicorp/aws\"]",
      "instances": [
        {
          "schema_version": 0,
          "attributes": {
            "bucket": "inf2006-s3frontend",
            "expected_bucket_owner": "",
            "id": "inf2006-s3frontend",
            "mfa": null,
            "versioning_configuration": [
              {
                "mfa_delete": "",
                "status": "Enabled"
              }
            ]
          },
          "sensitive_attributes": [],
          "identity_schema_version": 0,
          "private": "bnVsbA==",
          "dependencies": [
            "aws_s3_bucket.inf2006-s3frontend"
          ]
        }
      ]
    },
    {
      "mode": "managed",
      "type": "aws_sfn_state_machine",
      "name": "document_processing_workflow",
      "provider": "provider[\"registry.terraform.io/hashicorp/aws\"]",
      "instances": [
        {
          "schema_version": 0,
          "attributes": {
            "arn": "arn:aws:states:us-east-1:335360747232:stateMachine:FinancialDocumentProcessingWorkflow",
            "creation_date": "2025-10-13T16:18:30Z",
            "definition": "{\"Comment\":\"A workflow to process financial documents using Textract and custom AI models.\",\"StartAt\":\"ExtractTextWithTextract\",\"States\":{\"ExtractEntitiesWithSageMaker\":{\"End\":true,\"Parameters\":{\"FunctionName\":\"arn:aws:lambda:us-east-1:335360747232:function:extract-entities-from-text\",\"Payload.$\":\"$.Payload\"},\"Resource\":\"arn:aws:states:::lambda:invoke\",\"Type\":\"Task\"},\"ExtractTextWithTextract\":{\"Next\":\"ExtractEntitiesWithSageMaker\",\"Parameters\":{\"FunctionName\":\"arn:aws:lambda:us-east-1:335360747232:function:process-financial-document\",\"Payload.$\":\"$\"},\"Resource\":\"arn:aws:states:::lambda:invoke\",\"Type\":\"Task\"}}}",
            "description": "",
            "encryption_configuration": [
              {
                "kms_data_key_reuse_period_seconds": 0,
                "kms_key_id": "",
                "type": "AWS_OWNED_KEY"
              }
            ],
            "id": "arn:aws:states:us-east-1:335360747232:stateMachine:FinancialDocumentProcessingWorkflow",
            "logging_configuration": [
              {
                "include_execution_data": false,
                "level": "OFF",
                "log_destination": ""
              }
            ],
            "name": "FinancialDocumentProcessingWorkflow",
            "name_prefix": "",
            "publish": false,
            "revision_id": "",
            "role_arn": "arn:aws:iam::335360747232:role/document-processing-workflow-role",
            "state_machine_version_arn": "",
            "status": "ACTIVE",
            "tags": {},
            "tags_all": {},
            "timeouts": null,
            "tracing_configuration": [
              {
                "enabled": false
              }
            ],
            "type": "STANDARD",
            "version_description": null
          },
          "sensitive_attributes": [],
          "identity_schema_version": 0,
          "private": "eyJlMmJmYjczMC1lY2FhLTExZTYtOGY4OC0zNDM2M2JjN2M0YzAiOnsiY3JlYXRlIjozMDAwMDAwMDAwMDAsImRlbGV0ZSI6MzAwMDAwMDAwMDAwLCJ1cGRhdGUiOjYwMDAwMDAwMDAwfX0=",
          "dependencies": [
            "aws_iam_role.processing_workflow_role",
            "aws_lambda_function.document_processor",
            "aws_lambda_function.entity_extractor",
            "data.archive_file.entity_extractor_lambda_zip",
            "data.archive_file.processing_lambda_zip"
          ]
        }
      ]
    },
    {
      "mode": "managed",
      "type": "random_id",
      "name": "bucket_suffix",
      "provider": "provider[\"registry.terraform.io/hashicorp/random\"]",
      "instances": [
        {
          "schema_version": 0,
          "attributes": {
            "b64_std": "sJV/0aTa/Cw=",
            "b64_url": "sJV_0aTa_Cw",
            "byte_length": 8,
            "dec": "12724216860595911724",
            "hex": "b0957fd1a4dafc2c",
            "id": "sJV_0aTa_Cw",
            "keepers": null,
            "prefix": null
          },
          "sensitive_attributes": [],
          "identity_schema_version": 0,
          "create_before_destroy": true
        }
      ]
    }
  ],
  "check_results": null
}
