{
  "version": 4,
  "terraform_version": "1.13.3",
  "serial": 143,
  "lineage": "24fb521f-906a-89d4-c1e8-d2c79d0fcde7",
  "outputs": {
    "api_endpoint_url": {
      "value": "https://qcglc0j7e2.execute-api.us-east-1.amazonaws.com/",
      "type": "string"
    }
  },
  "resources": [
    {
      "mode": "data",
      "type": "archive_file",
      "name": "categorizer_zip",
      "provider": "provider[\"registry.terraform.io/hashicorp/archive\"]",
      "instances": [
        {
          "schema_version": 0,
          "attributes": {
            "exclude_symlink_directories": null,
            "excludes": null,
            "id": "4c04ff260bc1d944ce58117cb648f3d32843dba9",
            "output_base64sha256": "uYbyu42WOsA6csPZt7twNMfTA0v/3wz6yecVYqHAQsg=",
            "output_base64sha512": "sAcbXcROniCsxdA7RDZWXoRBYUbbdez7/XRihOBjObWPnDCgz0Kp1FY9SZUFHeooTFl464SVzimaxlzvF6IKOw==",
            "output_file_mode": null,
            "output_md5": "3e2b57f753ce87023c77cc0aca0bb628",
            "output_path": "expense_categorizer.zip",
            "output_sha": "4c04ff260bc1d944ce58117cb648f3d32843dba9",
            "output_sha256": "b986f2bb8d963ac03a72c3d9b7bb7034c7d3034bffdf0cfac9e71562a1c042c8",
            "output_sha512": "b0071b5dc44e9e20acc5d03b4436565e84416146db75ecfbfd746284e06339b58f9c30a0cf42a9d4563d4995051dea284c5978eb8495ce299ac65cef17a20a3b",
            "output_size": 1195,
            "source": [],
            "source_content": null,
            "source_content_filename": null,
            "source_dir": "../backend-lambda/expense_categorizer/",
            "source_file": null,
            "type": "zip"
          },
          "sensitive_attributes": [],
          "identity_schema_version": 0
        }
      ]
    },
    {
      "mode": "data",
      "type": "archive_file",
      "name": "entity_extractor_lambda_zip",
      "provider": "provider[\"registry.terraform.io/hashicorp/archive\"]",
      "instances": [
        {
          "schema_version": 0,
          "attributes": {
            "exclude_symlink_directories": null,
            "excludes": null,
            "id": "a792cbd16cbcf4c5b6df80df1f209dbc0fb1b4b9",
            "output_base64sha256": "XJ1xzXWGLpVMQtJpMZ+GM6tSth8SErx0zhMGRwt2v9I=",
            "output_base64sha512": "dn9+APPSPPb0raIdWDUbwkvES00hW1S6YPhSj1i6TxRb0VY74y4pkSOJQ0dxAIiUgp/HYvvSqszTn5neW/ieYw==",
            "output_file_mode": null,
            "output_md5": "159fcd62736f7b5bd34dc7221a2f09e6",
            "output_path": "entity_extractor_lambda.zip",
            "output_sha": "a792cbd16cbcf4c5b6df80df1f209dbc0fb1b4b9",
            "output_sha256": "5c9d71cd75862e954c42d269319f8633ab52b61f1212bc74ce1306470b76bfd2",
            "output_sha512": "767f7e00f3d23cf6f4ada21d58351bc24bc44b4d215b54ba60f8528f58ba4f145bd1563be32e29912389434771008894829fc762fbd2aaccd39f99de5bf89e63",
            "output_size": 846,
            "source": [],
            "source_content": null,
            "source_content_filename": null,
            "source_dir": "../backend-lambda/entity_extractor/",
            "source_file": null,
            "type": "zip"
          },
          "sensitive_attributes": [],
          "identity_schema_version": 0
        }
      ]
    },
    {
      "mode": "data",
      "type": "archive_file",
      "name": "etl_zip",
      "provider": "provider[\"registry.terraform.io/hashicorp/archive\"]",
      "instances": [
        {
          "schema_version": 0,
          "attributes": {
            "exclude_symlink_directories": null,
            "excludes": null,
            "id": "2b411ba52b9144ec49781d5c4ff494488bfc546f",
            "output_base64sha256": "AF/GbkKBWHPc5ikIH/SBn/w38CANW6rBLHFFBHz+XHQ=",
            "output_base64sha512": "u3RBWK+zKqDfPwGykm0D71Op8DI5b8QMrPqm9RH0A+cX+CSo5vIGAJQn7Eh2+0uDo0UyAfyQLZDyZeQc1h3f3g==",
            "output_file_mode": null,
            "output_md5": "f92df4b829f770123acc20e318635aa1",
            "output_path": "etl_stream_to_s3.zip",
            "output_sha": "2b411ba52b9144ec49781d5c4ff494488bfc546f",
            "output_sha256": "005fc66e42815873dce629081ff4819ffc37f0200d5baac12c7145047cfe5c74",
            "output_sha512": "bb744158afb32aa0df3f01b2926d03ef53a9f032396fc40cacfaa6f511f403e717f824a8e6f206009427ec4876fb4b83a3453201fc902d90f265e41cd61ddfde",
            "output_size": 856,
            "source": [],
            "source_content": null,
            "source_content_filename": null,
            "source_dir": "../backend-lambda/etl_stream_to_s3/",
            "source_file": null,
            "type": "zip"
          },
          "sensitive_attributes": [],
          "identity_schema_version": 0
        }
      ]
    },
    {
      "mode": "data",
      "type": "archive_file",
      "name": "presigned_url_lambda_zip",
      "provider": "provider[\"registry.terraform.io/hashicorp/archive\"]",
      "instances": [
        {
          "schema_version": 0,
          "attributes": {
            "exclude_symlink_directories": null,
            "excludes": null,
            "id": "25c99140816ddbe80a3f834616a398b43441093f",
            "output_base64sha256": "ESEUKEmtTyILny1UNnSWvqssNgwmCKeSeQHrAwbIKzA=",
            "output_base64sha512": "nXVuDBqyeujE3Hf3kybiFNzkekpT5WnDwmwYGzIh5mPl4ejkrD3uzydaz+aGoKNXA2fZSXZr19Gx7ujDnyvffQ==",
            "output_file_mode": null,
            "output_md5": "88512f4619c63272aff2200da831b869",
            "output_path": "presigned_url_lambda.zip",
            "output_sha": "25c99140816ddbe80a3f834616a398b43441093f",
            "output_sha256": "1121142849ad4f220b9f2d54367496beab2c360c2608a7927901eb0306c82b30",
            "output_sha512": "9d756e0c1ab27ae8c4dc77f79326e214dce47a4a53e569c3c26c181b3221e663e5e1e8e4ac3deecf275acfe686a0a3570367d949766bd7d1b1eee8c39f2bdf7d",
            "output_size": 804,
            "source": [],
            "source_content": null,
            "source_content_filename": null,
            "source_dir": "../backend-lambda/presigned_url_generator/",
            "source_file": null,
            "type": "zip"
          },
          "sensitive_attributes": [],
          "identity_schema_version": 0
        }
      ]
    },
    {
      "mode": "data",
      "type": "archive_file",
      "name": "processing_lambda_zip",
      "provider": "provider[\"registry.terraform.io/hashicorp/archive\"]",
      "instances": [
        {
          "schema_version": 0,
          "attributes": {
            "exclude_symlink_directories": null,
            "excludes": null,
            "id": "e0ed237c17d1c6e2483d3f2307dd22b0031f514d",
            "output_base64sha256": "sgUMb9YXOtu6WTLzZ4fog8GmhXryuyPvWoDyBznvdRg=",
            "output_base64sha512": "InwNhlrKFOYsKzRshjTw4jbFZJvDj8CkOX6LdHSkRIZF9ioH2jo9Tp1JbpgcYFVNSVBHAF5rUHdryg8xUiPwvw==",
            "output_file_mode": null,
            "output_md5": "b070f7cd43fa59573ecbdfd44362b832",
            "output_path": "document_processor_lambda.zip",
            "output_sha": "e0ed237c17d1c6e2483d3f2307dd22b0031f514d",
            "output_sha256": "b2050c6fd6173adbba5932f36787e883c1a6857af2bb23ef5a80f20739ef7518",
            "output_sha512": "227c0d865aca14e62c2b346c8634f0e236c5649bc38fc0a4397e8b7474a4448645f62a07da3a3d4e9d496e981c60554d495047005e6b50776bca0f315223f0bf",
            "output_size": 863,
            "source": [],
            "source_content": null,
            "source_content_filename": null,
            "source_dir": "../backend-lambda/document_processor/",
            "source_file": null,
            "type": "zip"
          },
          "sensitive_attributes": [],
          "identity_schema_version": 0
        }
      ]
    },
    {
      "mode": "data",
      "type": "archive_file",
      "name": "refresh_qs_zip",
      "provider": "provider[\"registry.terraform.io/hashicorp/archive\"]",
      "instances": [
        {
          "schema_version": 0,
          "attributes": {
            "exclude_symlink_directories": null,
            "excludes": null,
            "id": "4747df8b215f39ab862b8f13d54cbf05bed3e1f0",
            "output_base64sha256": "fPzT4dAFApv0gZH1vHlyHI+LBI3G7Ngvv/dcckkyxyM=",
            "output_base64sha512": "NZw63Iy5Yu9wYmwBszXm3c1wB7qt24q/8F3CKTMsE3QkdZnFM6vapM/kp9nUzDdgLw4eEHaDRiCYPYF+325Phw==",
            "output_file_mode": null,
            "output_md5": "5a215c01af71d6de3448a10061c474f2",
            "output_path": "refresh_quicksight.zip",
            "output_sha": "4747df8b215f39ab862b8f13d54cbf05bed3e1f0",
            "output_sha256": "7cfcd3e1d005029bf48191f5bc79721c8f8b048dc6ecd82fbff75c724932c723",
            "output_sha512": "359c3adc8cb962ef70626c01b335e6ddcd7007baaddb8abff05dc229332c1374247599c533abdaa4cfe4a7d9d4cc37602f0e1e1076834620983d817edf6e4f87",
            "output_size": 550,
            "source": [],
            "source_content": "import boto3\r\nimport os\r\n\r\nclient = boto3.client('quicksight')\r\nACCOUNT_ID = os.environ['ACCOUNT_ID']\r\nDATASET_ID = os.environ['DATASET_ID']\r\n\r\ndef lambda_handler(event, context):\r\n    try:\r\n        # Trigger an ingestion (refresh) for the SPICE dataset\r\n        client.create_ingestion(\r\n            DataSetId=DATASET_ID,\r\n            IngestionId=f'refresh-{context.aws_request_id}',\r\n            AwsAccountId=ACCOUNT_ID,\r\n            IngestionType='FULL_REFRESH'\r\n        )\r\n        return {\"status\": \"refresh_started\"}\r\n    except Exception as e:\r\n        print(f\"Error refreshing dataset: {e}\")\r\n        # We return success even on fail so we don't break the whole workflow\r\n        return {\"status\": \"failed\", \"error\": str(e)}\r\n",
            "source_content_filename": "lambda_function.py",
            "source_dir": null,
            "source_file": null,
            "type": "zip"
          },
          "sensitive_attributes": [],
          "identity_schema_version": 0
        }
      ]
    },
    {
      "mode": "data",
      "type": "archive_file",
      "name": "saver_zip",
      "provider": "provider[\"registry.terraform.io/hashicorp/archive\"]",
      "instances": [
        {
          "schema_version": 0,
          "attributes": {
            "exclude_symlink_directories": null,
            "excludes": null,
            "id": "508bc3c0d25f46ff55a13ea9840afeeb194eeef7",
            "output_base64sha256": "mySXXolxMVThTtQmAlNXy1BEeMj/xpb4O+iptEYDZbg=",
            "output_base64sha512": "//XEZdFRtrMZhgTywxj/N52kyjkJB3VaMs7A2v/WJEOr/dwtEDVwv+HN8KAW+t4VOroimuHntfjsyoMB9k7O4Q==",
            "output_file_mode": null,
            "output_md5": "76fd234fa056f9d5edd2c722896fe212",
            "output_path": "save_to_dynamodb.zip",
            "output_sha": "508bc3c0d25f46ff55a13ea9840afeeb194eeef7",
            "output_sha256": "9b24975e89713154e14ed426025357cb504478c8ffc696f83be8a9b4460365b8",
            "output_sha512": "fff5c465d151b6b3198604f2c318ff379da4ca390907755a32cec0daffd62443abfddc2d103570bfe1cdf0a016fade153aba229ae1e7b5f8ecca8301f64ecee1",
            "output_size": 608,
            "source": [],
            "source_content": null,
            "source_content_filename": null,
            "source_dir": "../backend-lambda/save_to_dynamodb/",
            "source_file": null,
            "type": "zip"
          },
          "sensitive_attributes": [],
          "identity_schema_version": 0
        }
      ]
    },
    {
      "mode": "data",
      "type": "aws_caller_identity",
      "name": "current",
      "provider": "provider[\"registry.terraform.io/hashicorp/aws\"]",
      "instances": [
        {
          "schema_version": 0,
          "attributes": {
            "account_id": "335360747232",
            "arn": "arn:aws:iam::335360747232:user/terraform-admin",
            "id": "335360747232",
            "user_id": "AIDAU4FIO43QGMBIHZMRS"
          },
          "sensitive_attributes": [],
          "identity_schema_version": 0
        }
      ]
    },
    {
      "mode": "managed",
      "type": "aws_apigatewayv2_api",
      "name": "http_api",
      "provider": "provider[\"registry.terraform.io/hashicorp/aws\"]",
      "instances": [
        {
          "schema_version": 0,
          "attributes": {
            "api_endpoint": "https://qcglc0j7e2.execute-api.us-east-1.amazonaws.com",
            "api_key_selection_expression": "$request.header.x-api-key",
            "arn": "arn:aws:apigateway:us-east-1::/apis/qcglc0j7e2",
            "body": null,
            "cors_configuration": [
              {
                "allow_credentials": false,
                "allow_headers": [
                  "*"
                ],
                "allow_methods": [
                  "GET",
                  "POST",
                  "PUT"
                ],
                "allow_origins": [
                  "*"
                ],
                "expose_headers": [],
                "max_age": 0
              }
            ],
            "credentials_arn": null,
            "description": "",
            "disable_execute_api_endpoint": false,
            "execution_arn": "arn:aws:execute-api:us-east-1:335360747232:qcglc0j7e2",
            "fail_on_warnings": null,
            "id": "qcglc0j7e2",
            "ip_address_type": "ipv4",
            "name": "presigned-url-api",
            "protocol_type": "HTTP",
            "route_key": null,
            "route_selection_expression": "$request.method $request.path",
            "tags": {},
            "tags_all": {},
            "target": null,
            "version": ""
          },
          "sensitive_attributes": [],
          "identity_schema_version": 0,
          "private": "bnVsbA==",
          "create_before_destroy": true
        }
      ]
    },
    {
      "mode": "managed",
      "type": "aws_apigatewayv2_deployment",
      "name": "api_deployment",
      "provider": "provider[\"registry.terraform.io/hashicorp/aws\"]",
      "instances": [
        {
          "schema_version": 0,
          "attributes": {
            "api_id": "qcglc0j7e2",
            "auto_deployed": false,
            "description": "",
            "id": "hvyb4s",
            "triggers": {
              "redeployment": "707252eb4c6a41e36bc09ac5cd58aec63fe1d3ba"
            }
          },
          "sensitive_attributes": [],
          "identity_schema_version": 0,
          "private": "bnVsbA==",
          "dependencies": [
            "aws_apigatewayv2_api.http_api",
            "aws_apigatewayv2_integration.lambda_integration",
            "aws_apigatewayv2_route.get_upload_url",
            "aws_iam_role.presigned_url_lambda_role",
            "aws_lambda_function.presigned_url_generator",
            "aws_s3_bucket.documents_bucket",
            "data.archive_file.presigned_url_lambda_zip",
            "random_id.bucket_suffix"
          ],
          "create_before_destroy": true
        }
      ]
    },
    {
      "mode": "managed",
      "type": "aws_apigatewayv2_integration",
      "name": "lambda_integration",
      "provider": "provider[\"registry.terraform.io/hashicorp/aws\"]",
      "instances": [
        {
          "schema_version": 0,
          "attributes": {
            "api_id": "qcglc0j7e2",
            "connection_id": "",
            "connection_type": "INTERNET",
            "content_handling_strategy": "",
            "credentials_arn": "",
            "description": "",
            "id": "7tt4iyd",
            "integration_method": "POST",
            "integration_response_selection_expression": "",
            "integration_subtype": "",
            "integration_type": "AWS_PROXY",
            "integration_uri": "arn:aws:apigateway:us-east-1:lambda:path/2015-03-31/functions/arn:aws:lambda:us-east-1:335360747232:function:generate-presigned-url/invocations",
            "passthrough_behavior": "",
            "payload_format_version": "1.0",
            "request_parameters": {},
            "request_templates": {},
            "response_parameters": [],
            "template_selection_expression": "",
            "timeout_milliseconds": 30000,
            "tls_config": []
          },
          "sensitive_attributes": [],
          "identity_schema_version": 0,
          "private": "bnVsbA==",
          "dependencies": [
            "aws_apigatewayv2_api.http_api",
            "aws_iam_role.presigned_url_lambda_role",
            "aws_lambda_function.presigned_url_generator",
            "aws_s3_bucket.documents_bucket",
            "data.archive_file.presigned_url_lambda_zip",
            "random_id.bucket_suffix"
          ],
          "create_before_destroy": true
        }
      ]
    },
    {
      "mode": "managed",
      "type": "aws_apigatewayv2_route",
      "name": "get_upload_url",
      "provider": "provider[\"registry.terraform.io/hashicorp/aws\"]",
      "instances": [
        {
          "schema_version": 0,
          "attributes": {
            "api_id": "qcglc0j7e2",
            "api_key_required": false,
            "authorization_scopes": [],
            "authorization_type": "NONE",
            "authorizer_id": "",
            "id": "ksfutfr",
            "model_selection_expression": "",
            "operation_name": "",
            "request_models": {},
            "request_parameter": [],
            "route_key": "GET /generate-upload-url",
            "route_response_selection_expression": "",
            "target": "integrations/7tt4iyd"
          },
          "sensitive_attributes": [],
          "identity_schema_version": 0,
          "private": "bnVsbA==",
          "dependencies": [
            "aws_apigatewayv2_api.http_api",
            "aws_apigatewayv2_integration.lambda_integration",
            "aws_iam_role.presigned_url_lambda_role",
            "aws_lambda_function.presigned_url_generator",
            "aws_s3_bucket.documents_bucket",
            "data.archive_file.presigned_url_lambda_zip",
            "random_id.bucket_suffix"
          ],
          "create_before_destroy": true
        }
      ]
    },
    {
      "mode": "managed",
      "type": "aws_apigatewayv2_stage",
      "name": "default",
      "provider": "provider[\"registry.terraform.io/hashicorp/aws\"]",
      "instances": [
        {
          "schema_version": 0,
          "attributes": {
            "access_log_settings": [],
            "api_id": "qcglc0j7e2",
            "arn": "arn:aws:apigateway:us-east-1::/apis/qcglc0j7e2/stages/$default",
            "auto_deploy": false,
            "client_certificate_id": "",
            "default_route_settings": [
              {
                "data_trace_enabled": false,
                "detailed_metrics_enabled": false,
                "logging_level": "",
                "throttling_burst_limit": 0,
                "throttling_rate_limit": 0
              }
            ],
            "deployment_id": "hvyb4s",
            "description": "",
            "execution_arn": "arn:aws:execute-api:us-east-1:335360747232:qcglc0j7e2/$default",
            "id": "$default",
            "invoke_url": "https://qcglc0j7e2.execute-api.us-east-1.amazonaws.com/",
            "name": "$default",
            "route_settings": [],
            "stage_variables": {},
            "tags": {},
            "tags_all": {}
          },
          "sensitive_attributes": [],
          "identity_schema_version": 0,
          "private": "bnVsbA==",
          "dependencies": [
            "aws_apigatewayv2_api.http_api",
            "aws_apigatewayv2_deployment.api_deployment",
            "aws_apigatewayv2_integration.lambda_integration",
            "aws_apigatewayv2_route.get_upload_url",
            "aws_iam_role.presigned_url_lambda_role",
            "aws_lambda_function.presigned_url_generator",
            "aws_s3_bucket.documents_bucket",
            "data.archive_file.presigned_url_lambda_zip",
            "random_id.bucket_suffix"
          ]
        }
      ]
    },
    {
      "mode": "managed",
      "type": "aws_apprunner_service",
      "name": "apprunner",
      "provider": "provider[\"registry.terraform.io/hashicorp/aws\"]",
      "instances": [
        {
          "schema_version": 0,
          "attributes": {
            "arn": "arn:aws:apprunner:us-east-1:335360747232:service/inf2006rds/39d31690e3cd4750ac40fe699be58428",
            "auto_scaling_configuration_arn": "arn:aws:apprunner:us-east-1:335360747232:autoscalingconfiguration/DefaultConfiguration/1/00000000000000000000000000000001",
            "encryption_configuration": [],
            "health_check_configuration": [
              {
                "healthy_threshold": 1,
                "interval": 10,
                "path": "/",
                "protocol": "TCP",
                "timeout": 5,
                "unhealthy_threshold": 5
              }
            ],
            "id": "arn:aws:apprunner:us-east-1:335360747232:service/inf2006rds/39d31690e3cd4750ac40fe699be58428",
            "instance_configuration": [
              {
                "cpu": "1024",
                "instance_role_arn": "",
                "memory": "2048"
              }
            ],
            "network_configuration": [
              {
                "egress_configuration": [
                  {
                    "egress_type": "DEFAULT",
                    "vpc_connector_arn": ""
                  }
                ],
                "ingress_configuration": [
                  {
                    "is_publicly_accessible": true
                  }
                ],
                "ip_address_type": "IPV4"
              }
            ],
            "observability_configuration": [],
            "service_id": "39d31690e3cd4750ac40fe699be58428",
            "service_name": "inf2006rds",
            "service_url": "9qjpd4xue2.us-east-1.awsapprunner.com",
            "source_configuration": [
              {
                "authentication_configuration": [
                  {
                    "access_role_arn": "",
                    "connection_arn": "arn:aws:apprunner:us-east-1:335360747232:connection/kaichuin/25cc70abb8fb4c11a43c75be964506b2"
                  }
                ],
                "auto_deployments_enabled": false,
                "code_repository": [
                  {
                    "code_configuration": [
                      {
                        "code_configuration_values": [
                          {
                            "build_command": "npm install",
                            "port": "3000",
                            "runtime": "NODEJS_18",
                            "runtime_environment_secrets": {},
                            "runtime_environment_variables": {
                              "DB_HOST": "inf2006proj.c2recquoobti.us-east-1.rds.amazonaws.com",
                              "DB_NAME": "users",
                              "DB_PASS": "INF2006Year2Tri1",
                              "DB_USER": "admin",
                              "JWT_SECRET": "YOUR_SECRET_KEY",
                              "Port": "3000"
                            },
                            "start_command": "npm start"
                          }
                        ],
                        "configuration_source": "API"
                      }
                    ],
                    "repository_url": "https://github.com/LohKaiChuin/inf2006",
                    "source_code_version": [
                      {
                        "type": "BRANCH",
                        "value": "main"
                      }
                    ],
                    "source_directory": "/"
                  }
                ],
                "image_repository": []
              }
            ],
            "status": "RUNNING",
            "tags": {},
            "tags_all": {}
          },
          "sensitive_attributes": [],
          "identity_schema_version": 0,
          "private": "bnVsbA=="
        }
      ]
    },
    {
      "mode": "managed",
      "type": "aws_athena_workgroup",
      "name": "analytics_workgroup",
      "provider": "provider[\"registry.terraform.io/hashicorp/aws\"]",
      "instances": [
        {
          "schema_version": 0,
          "attributes": {
            "arn": "arn:aws:athena:us-east-1:335360747232:workgroup/inf2006-analytics-workgroup",
            "configuration": [
              {
                "bytes_scanned_cutoff_per_query": 0,
                "enforce_workgroup_configuration": true,
                "engine_version": [
                  {
                    "effective_engine_version": "Athena engine version 3",
                    "selected_engine_version": "AUTO"
                  }
                ],
                "execution_role": "",
                "publish_cloudwatch_metrics_enabled": true,
                "requester_pays_enabled": false,
                "result_configuration": [
                  {
                    "acl_configuration": [],
                    "encryption_configuration": [],
                    "expected_bucket_owner": "",
                    "output_location": "s3://inf2006-athena-query-results/"
                  }
                ]
              }
            ],
            "description": "",
            "force_destroy": false,
            "id": "inf2006-analytics-workgroup",
            "name": "inf2006-analytics-workgroup",
            "state": "ENABLED",
            "tags": {},
            "tags_all": {}
          },
          "sensitive_attributes": [],
          "identity_schema_version": 0,
          "private": "bnVsbA==",
          "dependencies": [
            "aws_s3_bucket.athena_results"
          ]
        }
      ]
    },
    {
      "mode": "managed",
      "type": "aws_cloudfront_distribution",
      "name": "inf2006_distribution",
      "provider": "provider[\"registry.terraform.io/hashicorp/aws\"]",
      "instances": [
        {
          "schema_version": 1,
          "attributes": {
            "aliases": [],
            "arn": "arn:aws:cloudfront::335360747232:distribution/E3CSCCIHPK1UI7",
            "caller_reference": "terraform-20251016123400547800000001",
            "comment": null,
            "continuous_deployment_policy_id": "",
            "custom_error_response": [],
            "default_cache_behavior": [
              {
                "allowed_methods": [
                  "GET",
                  "HEAD"
                ],
                "cache_policy_id": "658327ea-f89d-4fab-a63d-7e88639e58f6",
                "cached_methods": [
                  "GET",
                  "HEAD"
                ],
                "compress": false,
                "default_ttl": 0,
                "field_level_encryption_id": "",
                "forwarded_values": [],
                "function_association": [],
                "grpc_config": [
                  {
                    "enabled": false
                  }
                ],
                "lambda_function_association": [],
                "max_ttl": 0,
                "min_ttl": 0,
                "origin_request_policy_id": "",
                "realtime_log_config_arn": "",
                "response_headers_policy_id": "",
                "smooth_streaming": false,
                "target_origin_id": "S3-Website-inf2006-s3frontend",
                "trusted_key_groups": [],
                "trusted_signers": [],
                "viewer_protocol_policy": "redirect-to-https"
              }
            ],
            "default_root_object": "",
            "domain_name": "dypjysi4zr0oi.cloudfront.net",
            "enabled": true,
            "etag": "E3DTJM92TATP83",
            "hosted_zone_id": "Z2FDTNDATAQYW2",
            "http_version": "http2",
            "id": "E3CSCCIHPK1UI7",
            "in_progress_validation_batches": 0,
            "is_ipv6_enabled": false,
            "last_modified_time": "2025-10-16 12:34:01.201 +0000 UTC",
            "logging_config": [],
            "ordered_cache_behavior": [],
            "origin": [
              {
                "connection_attempts": 3,
                "connection_timeout": 10,
                "custom_header": [],
                "custom_origin_config": [
                  {
                    "http_port": 80,
                    "https_port": 443,
                    "origin_keepalive_timeout": 5,
                    "origin_protocol_policy": "http-only",
                    "origin_read_timeout": 30,
                    "origin_ssl_protocols": [
                      "TLSv1.2"
                    ]
                  }
                ],
                "domain_name": "inf2006-s3frontend.s3-website-us-east-1.amazonaws.com",
                "origin_access_control_id": "",
                "origin_id": "S3-Website-inf2006-s3frontend",
                "origin_path": "",
                "origin_shield": [],
                "s3_origin_config": [],
                "vpc_origin_config": []
              }
            ],
            "origin_group": [],
            "price_class": "PriceClass_All",
            "restrictions": [
              {
                "geo_restriction": [
                  {
                    "locations": [],
                    "restriction_type": "none"
                  }
                ]
              }
            ],
            "retain_on_delete": false,
            "staging": false,
            "status": "Deployed",
            "tags": {
              "Name": "inf2006-frontend"
            },
            "tags_all": {
              "Name": "inf2006-frontend"
            },
            "trusted_key_groups": [
              {
                "enabled": false,
                "items": []
              }
            ],
            "trusted_signers": [
              {
                "enabled": false,
                "items": []
              }
            ],
            "viewer_certificate": [
              {
                "acm_certificate_arn": "",
                "cloudfront_default_certificate": true,
                "iam_certificate_id": "",
                "minimum_protocol_version": "TLSv1",
                "ssl_support_method": ""
              }
            ],
            "wait_for_deployment": true,
            "web_acl_id": ""
          },
          "sensitive_attributes": [],
          "identity_schema_version": 0,
          "private": "eyJzY2hlbWFfdmVyc2lvbiI6IjEifQ==",
          "dependencies": [
            "aws_s3_bucket.inf2006-s3frontend"
          ]
        }
      ]
    },
    {
      "mode": "managed",
      "type": "aws_cloudwatch_event_rule",
      "name": "s3_upload_rule",
      "provider": "provider[\"registry.terraform.io/hashicorp/aws\"]",
      "instances": [
        {
          "schema_version": 1,
          "attributes": {
            "arn": "arn:aws:events:us-east-1:335360747232:rule/CaptureS3UploadsForStepFunctions",
            "description": "Triggers the Step Function workflow when a file is uploaded to the 'uploads/' folder.",
            "event_bus_name": "default",
            "event_pattern": "{\"detail\":{\"bucket\":{\"name\":[\"inf2006-financial-docs-b0957fd1a4dafc2c\"]},\"object\":{\"key\":[{\"prefix\":\"uploads/\"}]}},\"detail-type\":[\"Object Created\"],\"source\":[\"aws.s3\"]}",
            "force_destroy": false,
            "id": "CaptureS3UploadsForStepFunctions",
            "is_enabled": true,
            "name": "CaptureS3UploadsForStepFunctions",
            "name_prefix": "",
            "role_arn": "",
            "schedule_expression": "",
            "state": "ENABLED",
            "tags": {},
            "tags_all": {}
          },
          "sensitive_attributes": [],
          "identity_schema_version": 0,
          "private": "eyJzY2hlbWFfdmVyc2lvbiI6IjEifQ==",
          "dependencies": [
            "aws_s3_bucket.documents_bucket",
            "random_id.bucket_suffix"
          ]
        }
      ]
    },
    {
      "mode": "managed",
      "type": "aws_cloudwatch_event_target",
      "name": "step_function_target",
      "provider": "provider[\"registry.terraform.io/hashicorp/aws\"]",
      "instances": [
        {
          "schema_version": 1,
          "attributes": {
            "appsync_target": [],
            "arn": "arn:aws:states:us-east-1:335360747232:stateMachine:FinancialDocumentProcessingWorkflow",
            "batch_target": [],
            "dead_letter_config": [],
            "ecs_target": [],
            "event_bus_name": "default",
            "force_destroy": false,
            "http_target": [],
            "id": "CaptureS3UploadsForStepFunctions-terraform-20251013165217302900000005",
            "input": "",
            "input_path": "",
            "input_transformer": [
              {
                "input_paths": {
                  "bucket": "$.detail.bucket.name",
                  "key": "$.detail.object.key"
                },
                "input_template": "{\r\n  \"Records\": [\r\n    {\r\n      \"s3\": {\r\n        \"bucket\": {\r\n          \"name\": \u003cbucket\u003e\r\n        },\r\n        \"object\": {\r\n          \"key\": \u003ckey\u003e\r\n        }\r\n      }\r\n    }\r\n  ]\r\n}\r\n"
              }
            ],
            "kinesis_target": [],
            "redshift_target": [],
            "retry_policy": [],
            "role_arn": "arn:aws:iam::335360747232:role/document-processing-workflow-role",
            "rule": "CaptureS3UploadsForStepFunctions",
            "run_command_targets": [],
            "sagemaker_pipeline_target": [],
            "sqs_target": [],
            "target_id": "terraform-20251013165217302900000005"
          },
          "sensitive_attributes": [],
          "identity_schema_version": 0,
          "private": "eyJzY2hlbWFfdmVyc2lvbiI6IjEifQ==",
          "dependencies": [
            "aws_cloudwatch_event_rule.s3_upload_rule",
            "aws_dynamodb_table.processed_documents",
            "aws_iam_role.processing_workflow_role",
            "aws_lambda_function.document_processor",
            "aws_lambda_function.entity_extractor",
            "aws_lambda_function.expense_categorizer",
            "aws_lambda_function.refresh_quicksight",
            "aws_lambda_function.save_to_dynamodb",
            "aws_s3_bucket.documents_bucket",
            "aws_sfn_state_machine.document_processing_workflow",
            "data.archive_file.categorizer_zip",
            "data.archive_file.entity_extractor_lambda_zip",
            "data.archive_file.processing_lambda_zip",
            "data.archive_file.refresh_qs_zip",
            "data.archive_file.saver_zip",
            "data.aws_caller_identity.current",
            "random_id.bucket_suffix"
          ]
        }
      ]
    },
    {
      "mode": "managed",
      "type": "aws_db_instance",
      "name": "example",
      "provider": "provider[\"registry.terraform.io/hashicorp/aws\"]",
      "instances": [
        {
          "schema_version": 2,
          "attributes": {
            "address": "inf2006proj.c2recquoobti.us-east-1.rds.amazonaws.com",
            "allocated_storage": 20,
            "allow_major_version_upgrade": null,
            "apply_immediately": false,
            "arn": "arn:aws:rds:us-east-1:335360747232:db:inf2006proj",
            "auto_minor_version_upgrade": true,
            "availability_zone": "us-east-1a",
            "backup_retention_period": 1,
            "backup_target": "region",
            "backup_window": "09:26-09:56",
            "blue_green_update": [],
            "ca_cert_identifier": "rds-ca-rsa2048-g1",
            "character_set_name": "",
            "copy_tags_to_snapshot": false,
            "custom_iam_instance_profile": "",
            "customer_owned_ip_enabled": false,
            "database_insights_mode": "standard",
            "db_name": "users",
            "db_subnet_group_name": "default-vpc-0c3037c20b68b0ebb",
            "dedicated_log_volume": false,
            "delete_automated_backups": true,
            "deletion_protection": false,
            "domain": "",
            "domain_auth_secret_arn": "",
            "domain_dns_ips": [],
            "domain_fqdn": "",
            "domain_iam_role_name": "",
            "domain_ou": "",
            "enabled_cloudwatch_logs_exports": [],
            "endpoint": "inf2006proj.c2recquoobti.us-east-1.rds.amazonaws.com:3306",
            "engine": "mysql",
            "engine_lifecycle_support": "open-source-rds-extended-support-disabled",
            "engine_version": "8.0.43",
            "engine_version_actual": "8.0.43",
            "final_snapshot_identifier": null,
            "hosted_zone_id": "Z2R2ITUGPM61AM",
            "iam_database_authentication_enabled": false,
            "id": "db-MNDWM4X6VACWXX65ZDTVRXGSSA",
            "identifier": "inf2006proj",
            "identifier_prefix": "",
            "instance_class": "db.t3.micro",
            "iops": 0,
            "kms_key_id": "arn:aws:kms:us-east-1:335360747232:key/7f7ae68e-0db7-42eb-b49d-3acf28650fdf",
            "latest_restorable_time": "2025-11-28T00:20:00Z",
            "license_model": "general-public-license",
            "listener_endpoint": [],
            "maintenance_window": "fri:10:25-fri:10:55",
            "manage_master_user_password": null,
            "master_user_secret": [],
            "master_user_secret_kms_key_id": null,
            "max_allocated_storage": 0,
            "monitoring_interval": 0,
            "monitoring_role_arn": "",
            "multi_az": false,
            "nchar_character_set_name": "",
            "network_type": "IPV4",
            "option_group_name": "default:mysql-8-0",
            "parameter_group_name": "default.mysql8.0",
            "password": "INF2006Year2Tri1",
            "password_wo": null,
            "password_wo_version": null,
            "performance_insights_enabled": false,
            "performance_insights_kms_key_id": "",
            "performance_insights_retention_period": 0,
            "port": 3306,
            "publicly_accessible": true,
            "replica_mode": "",
            "replicas": [],
            "replicate_source_db": "",
            "resource_id": "db-MNDWM4X6VACWXX65ZDTVRXGSSA",
            "restore_to_point_in_time": [],
            "s3_import": [],
            "skip_final_snapshot": true,
            "snapshot_identifier": null,
            "status": "available",
            "storage_encrypted": true,
            "storage_throughput": 0,
            "storage_type": "gp2",
            "tags": {
              "Project": "INF2006-Financial-Processor"
            },
            "tags_all": {
              "Project": "INF2006-Financial-Processor"
            },
            "timeouts": null,
            "timezone": "",
            "upgrade_storage_config": null,
            "username": "admin",
            "vpc_security_group_ids": [
              "sg-0e71643aa5d853f25"
            ]
          },
          "sensitive_attributes": [
            [
              {
                "type": "get_attr",
                "value": "password"
              }
            ],
            [
              {
                "type": "get_attr",
                "value": "password_wo"
              }
            ]
          ],
          "identity_schema_version": 0,
          "private": "eyJlMmJmYjczMC1lY2FhLTExZTYtOGY4OC0zNDM2M2JjN2M0YzAiOnsiY3JlYXRlIjozMDAwMDAwMDAwMDAwLCJkZWxldGUiOjM2MDAwMDAwMDAwMDAsInVwZGF0ZSI6NDgwMDAwMDAwMDAwMH0sInNjaGVtYV92ZXJzaW9uIjoiMiJ9"
        }
      ]
    },
    {
      "mode": "managed",
      "type": "aws_dynamodb_table",
      "name": "processed_documents",
      "provider": "provider[\"registry.terraform.io/hashicorp/aws\"]",
      "instances": [
        {
          "schema_version": 1,
          "attributes": {
            "arn": "arn:aws:dynamodb:us-east-1:335360747232:table/inf2006-processed-documents",
            "attribute": [
              {
                "name": "document_id",
                "type": "S"
              }
            ],
            "billing_mode": "PAY_PER_REQUEST",
            "deletion_protection_enabled": false,
            "global_secondary_index": [],
            "hash_key": "document_id",
            "id": "inf2006-processed-documents",
            "import_table": [],
            "local_secondary_index": [],
            "name": "inf2006-processed-documents",
            "on_demand_throughput": [],
            "point_in_time_recovery": [
              {
                "enabled": false,
                "recovery_period_in_days": 0
              }
            ],
            "range_key": null,
            "read_capacity": 0,
            "replica": [],
            "restore_date_time": null,
            "restore_source_name": null,
            "restore_source_table_arn": null,
            "restore_to_latest_time": null,
            "server_side_encryption": [],
            "stream_arn": "arn:aws:dynamodb:us-east-1:335360747232:table/inf2006-processed-documents/stream/2025-11-15T10:40:57.173",
            "stream_enabled": true,
            "stream_label": "2025-11-15T10:40:57.173",
            "stream_view_type": "NEW_IMAGE",
            "table_class": "STANDARD",
            "tags": {
              "Project": "INF2006-Financial-Processor"
            },
            "tags_all": {
              "Project": "INF2006-Financial-Processor"
            },
            "timeouts": null,
            "ttl": [
              {
                "attribute_name": "",
                "enabled": false
              }
            ],
            "write_capacity": 0
          },
          "sensitive_attributes": [],
          "identity_schema_version": 0,
          "private": "eyJlMmJmYjczMC1lY2FhLTExZTYtOGY4OC0zNDM2M2JjN2M0YzAiOnsiY3JlYXRlIjoxODAwMDAwMDAwMDAwLCJkZWxldGUiOjYwMDAwMDAwMDAwMCwidXBkYXRlIjozNjAwMDAwMDAwMDAwfSwic2NoZW1hX3ZlcnNpb24iOiIxIn0="
        }
      ]
    },
    {
      "mode": "managed",
      "type": "aws_emr_cluster",
      "name": "analytics_cluster",
      "provider": "provider[\"registry.terraform.io/hashicorp/aws\"]",
      "instances": [
        {
          "schema_version": 0,
          "attributes": {
            "additional_info": null,
            "applications": [
              "Hadoop",
              "Spark"
            ],
            "arn": "arn:aws:elasticmapreduce:us-east-1:335360747232:cluster/j-5Y4C7AVCKNXP",
            "auto_termination_policy": [],
            "autoscaling_role": "",
            "bootstrap_action": [],
            "cluster_state": "WAITING",
            "configurations": null,
            "configurations_json": null,
            "core_instance_fleet": null,
            "core_instance_group": [
              {
                "autoscaling_policy": "",
                "bid_price": "",
                "ebs_config": [
                  {
                    "iops": 0,
                    "size": 32,
                    "throughput": 0,
                    "type": "gp2",
                    "volumes_per_instance": 2
                  }
                ],
                "id": "ig-1FVZR28YFG20G",
                "instance_count": 2,
                "instance_type": "m5.xlarge",
                "name": ""
              }
            ],
            "custom_ami_id": "",
            "ebs_root_volume_size": 0,
            "ec2_attributes": [
              {
                "additional_master_security_groups": "",
                "additional_slave_security_groups": "",
                "emr_managed_master_security_group": "sg-0d32b997bc461dacb",
                "emr_managed_slave_security_group": "sg-0d0f3dc640aad8701",
                "instance_profile": "arn:aws:iam::335360747232:instance-profile/emr-ec2-profile",
                "key_name": "project-key",
                "service_access_security_group": "",
                "subnet_id": "",
                "subnet_ids": []
              }
            ],
            "id": "j-5Y4C7AVCKNXP",
            "keep_job_flow_alive_when_no_steps": true,
            "kerberos_attributes": [],
            "list_steps_states": null,
            "log_encryption_kms_key_id": "",
            "log_uri": "s3n://inf2006-analytics-datalake/emr-logs/",
            "master_instance_fleet": null,
            "master_instance_group": [
              {
                "bid_price": "",
                "ebs_config": [
                  {
                    "iops": 0,
                    "size": 32,
                    "throughput": 0,
                    "type": "gp2",
                    "volumes_per_instance": 2
                  }
                ],
                "id": "ig-23FCJGOTWWLP9",
                "instance_count": 1,
                "instance_type": "m5.xlarge",
                "name": ""
              }
            ],
            "master_public_dns": "ec2-54-204-178-33.compute-1.amazonaws.com",
            "name": "inf2006-spark-cluster",
            "placement_group_config": null,
            "release_label": "emr-6.10.0",
            "scale_down_behavior": "TERMINATE_AT_TASK_COMPLETION",
            "security_configuration": "",
            "service_role": "arn:aws:iam::335360747232:role/emr-service-role",
            "step": [],
            "step_concurrency_level": 1,
            "tags": {
              "Project": "BigData-Batch-Layer"
            },
            "tags_all": {
              "Project": "BigData-Batch-Layer"
            },
            "termination_protection": false,
            "unhealthy_node_replacement": false,
            "visible_to_all_users": true
          },
          "sensitive_attributes": [],
          "identity_schema_version": 0,
          "private": "bnVsbA==",
          "dependencies": [
            "aws_iam_instance_profile.emr_ec2_profile",
            "aws_iam_role.emr_ec2_role",
            "aws_iam_role.emr_service_role",
            "aws_s3_bucket.analytics_datalake"
          ]
        }
      ]
    },
    {
      "mode": "managed",
      "type": "aws_glue_catalog_database",
      "name": "analytics_db",
      "provider": "provider[\"registry.terraform.io/hashicorp/aws\"]",
      "instances": [
        {
          "schema_version": 0,
          "attributes": {
            "arn": "arn:aws:glue:us-east-1:335360747232:database/inf2006_analytics_db",
            "catalog_id": "335360747232",
            "create_table_default_permission": [
              {
                "permissions": [
                  "ALL"
                ],
                "principal": [
                  {
                    "data_lake_principal_identifier": "IAM_ALLOWED_PRINCIPALS"
                  }
                ]
              }
            ],
            "description": "",
            "federated_database": [],
            "id": "335360747232:inf2006_analytics_db",
            "location_uri": "",
            "name": "inf2006_analytics_db",
            "parameters": {},
            "tags": {},
            "tags_all": {},
            "target_database": []
          },
          "sensitive_attributes": [],
          "identity_schema_version": 0,
          "private": "bnVsbA=="
        }
      ]
    },
    {
      "mode": "managed",
      "type": "aws_glue_crawler",
      "name": "analytics_crawler",
      "provider": "provider[\"registry.terraform.io/hashicorp/aws\"]",
      "instances": [
        {
          "schema_version": 0,
          "attributes": {
            "arn": "arn:aws:glue:us-east-1:335360747232:crawler/inf2006-analytics-crawler",
            "catalog_target": [],
            "classifiers": [],
            "configuration": "{\"Version\":1.0,\"CrawlerOutput\":{\"Partitions\":{\"AddOrUpdateBehavior\":\"InheritFromTable\"}},\"Grouping\":{\"TableGroupingPolicy\":\"CombineCompatibleSchemas\"}}",
            "database_name": "inf2006_analytics_db",
            "delta_target": [],
            "description": "",
            "dynamodb_target": [],
            "hudi_target": [],
            "iceberg_target": [],
            "id": "inf2006-analytics-crawler",
            "jdbc_target": [],
            "lake_formation_configuration": [
              {
                "account_id": "",
                "use_lake_formation_credentials": false
              }
            ],
            "lineage_configuration": [
              {
                "crawler_lineage_settings": "DISABLE"
              }
            ],
            "mongodb_target": [],
            "name": "inf2006-analytics-crawler",
            "recrawl_policy": [
              {
                "recrawl_behavior": "CRAWL_EVERYTHING"
              }
            ],
            "role": "glue-crawler-role",
            "s3_target": [
              {
                "connection_name": "",
                "dlq_event_queue_arn": "",
                "event_queue_arn": "",
                "exclusions": [],
                "path": "s3://inf2006-analytics-datalake/processed_data/",
                "sample_size": 0
              },
              {
                "connection_name": "",
                "dlq_event_queue_arn": "",
                "event_queue_arn": "",
                "exclusions": [],
                "path": "s3://inf2006-analytics-datalake/batch_reports/",
                "sample_size": 0
              }
            ],
            "schedule": "",
            "schema_change_policy": [
              {
                "delete_behavior": "LOG",
                "update_behavior": "UPDATE_IN_DATABASE"
              }
            ],
            "security_configuration": "",
            "table_prefix": "",
            "tags": {},
            "tags_all": {}
          },
          "sensitive_attributes": [],
          "identity_schema_version": 0,
          "private": "bnVsbA==",
          "dependencies": [
            "aws_glue_catalog_database.analytics_db",
            "aws_iam_role.glue_crawler_role",
            "aws_s3_bucket.analytics_datalake"
          ]
        }
      ]
    },
    {
      "mode": "managed",
      "type": "aws_iam_instance_profile",
      "name": "emr_ec2_profile",
      "provider": "provider[\"registry.terraform.io/hashicorp/aws\"]",
      "instances": [
        {
          "schema_version": 0,
          "attributes": {
            "arn": "arn:aws:iam::335360747232:instance-profile/emr-ec2-profile",
            "create_date": "2025-11-20T06:19:21Z",
            "id": "emr-ec2-profile",
            "name": "emr-ec2-profile",
            "name_prefix": "",
            "path": "/",
            "role": "emr-ec2-role",
            "tags": {},
            "tags_all": {},
            "unique_id": "AIPAU4FIO43QGILU4RN6P"
          },
          "sensitive_attributes": [],
          "identity_schema_version": 0,
          "private": "bnVsbA==",
          "dependencies": [
            "aws_iam_role.emr_ec2_role"
          ]
        }
      ]
    },
    {
      "mode": "managed",
      "type": "aws_iam_policy",
      "name": "etl_lambda_policy",
      "provider": "provider[\"registry.terraform.io/hashicorp/aws\"]",
      "instances": [
        {
          "schema_version": 0,
          "attributes": {
            "arn": "arn:aws:iam::335360747232:policy/ETLLambdaPolicy",
            "attachment_count": 1,
            "description": "",
            "id": "arn:aws:iam::335360747232:policy/ETLLambdaPolicy",
            "name": "ETLLambdaPolicy",
            "name_prefix": "",
            "path": "/",
            "policy": "{\"Statement\":[{\"Action\":\"s3:PutObject\",\"Effect\":\"Allow\",\"Resource\":\"arn:aws:s3:::inf2006-analytics-datalake/*\"},{\"Action\":[\"dynamodb:DescribeStream\",\"dynamodb:GetRecords\",\"dynamodb:GetShardIterator\",\"dynamodb:ListStreams\"],\"Effect\":\"Allow\",\"Resource\":\"arn:aws:dynamodb:us-east-1:335360747232:table/inf2006-processed-documents/stream/2025-11-15T10:40:57.173\"}],\"Version\":\"2012-10-17\"}",
            "policy_id": "ANPAU4FIO43QDWAOHNQCZ",
            "tags": {},
            "tags_all": {}
          },
          "sensitive_attributes": [],
          "identity_schema_version": 0,
          "private": "bnVsbA==",
          "dependencies": [
            "aws_dynamodb_table.processed_documents",
            "aws_s3_bucket.analytics_datalake"
          ]
        }
      ]
    },
    {
      "mode": "managed",
      "type": "aws_iam_policy",
      "name": "s3_put_presigned_policy",
      "provider": "provider[\"registry.terraform.io/hashicorp/aws\"]",
      "instances": [
        {
          "schema_version": 0,
          "attributes": {
            "arn": "arn:aws:iam::335360747232:policy/S3PutObjectPresignedPolicy",
            "attachment_count": 1,
            "description": "",
            "id": "arn:aws:iam::335360747232:policy/S3PutObjectPresignedPolicy",
            "name": "S3PutObjectPresignedPolicy",
            "name_prefix": "",
            "path": "/",
            "policy": "{\"Statement\":[{\"Action\":\"s3:PutObject\",\"Effect\":\"Allow\",\"Resource\":\"arn:aws:s3:::inf2006-financial-docs-b0957fd1a4dafc2c/*\"}],\"Version\":\"2012-10-17\"}",
            "policy_id": "ANPAU4FIO43QOTT5BZ6VK",
            "tags": {},
            "tags_all": {}
          },
          "sensitive_attributes": [],
          "identity_schema_version": 0,
          "private": "bnVsbA==",
          "dependencies": [
            "aws_s3_bucket.documents_bucket",
            "random_id.bucket_suffix"
          ]
        }
      ]
    },
    {
      "mode": "managed",
      "type": "aws_iam_policy",
      "name": "workflow_permissions_policy",
      "provider": "provider[\"registry.terraform.io/hashicorp/aws\"]",
      "instances": [
        {
          "schema_version": 0,
          "attributes": {
            "arn": "arn:aws:iam::335360747232:policy/WorkflowPermissionsPolicy",
            "attachment_count": 1,
            "description": "",
            "id": "arn:aws:iam::335360747232:policy/WorkflowPermissionsPolicy",
            "name": "WorkflowPermissionsPolicy",
            "name_prefix": "",
            "path": "/",
            "policy": "{\"Statement\":[{\"Action\":\"s3:GetObject\",\"Effect\":\"Allow\",\"Resource\":\"arn:aws:s3:::inf2006-financial-docs-b0957fd1a4dafc2c/*\"},{\"Action\":\"textract:DetectDocumentText\",\"Effect\":\"Allow\",\"Resource\":\"*\"},{\"Action\":\"sagemaker:InvokeEndpoint\",\"Effect\":\"Allow\",\"Resource\":\"*\"},{\"Action\":\"lambda:InvokeFunction\",\"Effect\":\"Allow\",\"Resource\":\"*\"},{\"Action\":[\"ecr:BatchGetImage\",\"ecr:GetDownloadUrlForLayer\"],\"Effect\":\"Allow\",\"Resource\":\"arn:aws:ecr:us-east-1:763104351884:repository/huggingface-pytorch-inference\"},{\"Action\":\"states:StartExecution\",\"Effect\":\"Allow\",\"Resource\":\"arn:aws:states:us-east-1:335360747232:stateMachine:FinancialDocumentProcessingWorkflow\"},{\"Action\":\"dynamodb:PutItem\",\"Effect\":\"Allow\",\"Resource\":\"arn:aws:dynamodb:us-east-1:335360747232:table/inf2006-processed-documents\"}],\"Version\":\"2012-10-17\"}",
            "policy_id": "ANPAU4FIO43QOXS2GLFAT",
            "tags": {},
            "tags_all": {}
          },
          "sensitive_attributes": [],
          "identity_schema_version": 0,
          "private": "bnVsbA==",
          "dependencies": [
            "aws_dynamodb_table.processed_documents",
            "aws_iam_role.processing_workflow_role",
            "aws_lambda_function.document_processor",
            "aws_lambda_function.entity_extractor",
            "aws_lambda_function.expense_categorizer",
            "aws_lambda_function.refresh_quicksight",
            "aws_lambda_function.save_to_dynamodb",
            "aws_s3_bucket.documents_bucket",
            "aws_sfn_state_machine.document_processing_workflow",
            "data.archive_file.categorizer_zip",
            "data.archive_file.entity_extractor_lambda_zip",
            "data.archive_file.processing_lambda_zip",
            "data.archive_file.refresh_qs_zip",
            "data.archive_file.saver_zip",
            "data.aws_caller_identity.current",
            "random_id.bucket_suffix"
          ]
        }
      ]
    },
    {
      "mode": "managed",
      "type": "aws_iam_role",
      "name": "emr_ec2_role",
      "provider": "provider[\"registry.terraform.io/hashicorp/aws\"]",
      "instances": [
        {
          "schema_version": 0,
          "attributes": {
            "arn": "arn:aws:iam::335360747232:role/emr-ec2-role",
            "assume_role_policy": "{\"Statement\":[{\"Action\":\"sts:AssumeRole\",\"Effect\":\"Allow\",\"Principal\":{\"Service\":\"ec2.amazonaws.com\"}}],\"Version\":\"2012-10-17\"}",
            "create_date": "2025-11-20T06:19:19Z",
            "description": "",
            "force_detach_policies": false,
            "id": "emr-ec2-role",
            "inline_policy": [],
            "managed_policy_arns": [
              "arn:aws:iam::aws:policy/service-role/AmazonElasticMapReduceforEC2Role"
            ],
            "max_session_duration": 3600,
            "name": "emr-ec2-role",
            "name_prefix": "",
            "path": "/",
            "permissions_boundary": "",
            "tags": {},
            "tags_all": {},
            "unique_id": "AROAU4FIO43QOD7HBCYZR"
          },
          "sensitive_attributes": [],
          "identity_schema_version": 0,
          "private": "bnVsbA=="
        }
      ]
    },
    {
      "mode": "managed",
      "type": "aws_iam_role",
      "name": "emr_service_role",
      "provider": "provider[\"registry.terraform.io/hashicorp/aws\"]",
      "instances": [
        {
          "schema_version": 0,
          "attributes": {
            "arn": "arn:aws:iam::335360747232:role/emr-service-role",
            "assume_role_policy": "{\"Statement\":[{\"Action\":\"sts:AssumeRole\",\"Effect\":\"Allow\",\"Principal\":{\"Service\":\"elasticmapreduce.amazonaws.com\"}}],\"Version\":\"2012-10-17\"}",
            "create_date": "2025-11-20T06:19:19Z",
            "description": "",
            "force_detach_policies": false,
            "id": "emr-service-role",
            "inline_policy": [],
            "managed_policy_arns": [
              "arn:aws:iam::aws:policy/service-role/AmazonElasticMapReduceRole"
            ],
            "max_session_duration": 3600,
            "name": "emr-service-role",
            "name_prefix": "",
            "path": "/",
            "permissions_boundary": "",
            "tags": {},
            "tags_all": {},
            "unique_id": "AROAU4FIO43QATOV7H5CJ"
          },
          "sensitive_attributes": [],
          "identity_schema_version": 0,
          "private": "bnVsbA=="
        }
      ]
    },
    {
      "mode": "managed",
      "type": "aws_iam_role",
      "name": "etl_lambda_role",
      "provider": "provider[\"registry.terraform.io/hashicorp/aws\"]",
      "instances": [
        {
          "schema_version": 0,
          "attributes": {
            "arn": "arn:aws:iam::335360747232:role/etl-lambda-role",
            "assume_role_policy": "{\"Statement\":[{\"Action\":\"sts:AssumeRole\",\"Effect\":\"Allow\",\"Principal\":{\"Service\":\"lambda.amazonaws.com\"}}],\"Version\":\"2012-10-17\"}",
            "create_date": "2025-11-15T11:20:39Z",
            "description": "",
            "force_detach_policies": false,
            "id": "etl-lambda-role",
            "inline_policy": [],
            "managed_policy_arns": [
              "arn:aws:iam::335360747232:policy/ETLLambdaPolicy",
              "arn:aws:iam::aws:policy/service-role/AWSLambdaBasicExecutionRole"
            ],
            "max_session_duration": 3600,
            "name": "etl-lambda-role",
            "name_prefix": "",
            "path": "/",
            "permissions_boundary": "",
            "tags": {},
            "tags_all": {},
            "unique_id": "AROAU4FIO43QNOA5CQM2X"
          },
          "sensitive_attributes": [],
          "identity_schema_version": 0,
          "private": "bnVsbA=="
        }
      ]
    },
    {
      "mode": "managed",
      "type": "aws_iam_role",
      "name": "glue_crawler_role",
      "provider": "provider[\"registry.terraform.io/hashicorp/aws\"]",
      "instances": [
        {
          "schema_version": 0,
          "attributes": {
            "arn": "arn:aws:iam::335360747232:role/glue-crawler-role",
            "assume_role_policy": "{\"Statement\":[{\"Action\":\"sts:AssumeRole\",\"Effect\":\"Allow\",\"Principal\":{\"Service\":\"glue.amazonaws.com\"}}],\"Version\":\"2012-10-17\"}",
            "create_date": "2025-11-15T11:33:08Z",
            "description": "",
            "force_detach_policies": false,
            "id": "glue-crawler-role",
            "inline_policy": [
              {
                "name": "GlueCrawlerS3Policy",
                "policy": "{\"Version\":\"2012-10-17\",\"Statement\":[{\"Action\":[\"s3:GetObject\",\"s3:ListBucket\"],\"Effect\":\"Allow\",\"Resource\":[\"arn:aws:s3:::inf2006-analytics-datalake\",\"arn:aws:s3:::inf2006-analytics-datalake/*\"]},{\"Action\":\"glue:*\",\"Effect\":\"Allow\",\"Resource\":\"*\"}]}"
              }
            ],
            "managed_policy_arns": [],
            "max_session_duration": 3600,
            "name": "glue-crawler-role",
            "name_prefix": "",
            "path": "/",
            "permissions_boundary": "",
            "tags": {},
            "tags_all": {},
            "unique_id": "AROAU4FIO43QNORXMIIVO"
          },
          "sensitive_attributes": [],
          "identity_schema_version": 0,
          "private": "bnVsbA=="
        }
      ]
    },
    {
      "mode": "managed",
      "type": "aws_iam_role",
      "name": "presigned_url_lambda_role",
      "provider": "provider[\"registry.terraform.io/hashicorp/aws\"]",
      "instances": [
        {
          "schema_version": 0,
          "attributes": {
            "arn": "arn:aws:iam::335360747232:role/presigned-url-lambda-role",
            "assume_role_policy": "{\"Statement\":[{\"Action\":\"sts:AssumeRole\",\"Effect\":\"Allow\",\"Principal\":{\"Service\":\"lambda.amazonaws.com\"}}],\"Version\":\"2012-10-17\"}",
            "create_date": "2025-10-13T16:51:50Z",
            "description": "",
            "force_detach_policies": false,
            "id": "presigned-url-lambda-role",
            "inline_policy": [],
            "managed_policy_arns": [
              "arn:aws:iam::335360747232:policy/S3PutObjectPresignedPolicy",
              "arn:aws:iam::aws:policy/service-role/AWSLambdaBasicExecutionRole"
            ],
            "max_session_duration": 3600,
            "name": "presigned-url-lambda-role",
            "name_prefix": "",
            "path": "/",
            "permissions_boundary": "",
            "tags": {},
            "tags_all": {},
            "unique_id": "AROAU4FIO43QDDCCFEVVL"
          },
          "sensitive_attributes": [],
          "identity_schema_version": 0,
          "private": "bnVsbA==",
          "create_before_destroy": true
        }
      ]
    },
    {
      "mode": "managed",
      "type": "aws_iam_role",
      "name": "processing_workflow_role",
      "provider": "provider[\"registry.terraform.io/hashicorp/aws\"]",
      "instances": [
        {
          "schema_version": 0,
          "attributes": {
            "arn": "arn:aws:iam::335360747232:role/document-processing-workflow-role",
            "assume_role_policy": "{\"Statement\":[{\"Action\":\"sts:AssumeRole\",\"Effect\":\"Allow\",\"Principal\":{\"Service\":\"lambda.amazonaws.com\"}},{\"Action\":\"sts:AssumeRole\",\"Effect\":\"Allow\",\"Principal\":{\"Service\":\"states.amazonaws.com\"}},{\"Action\":\"sts:AssumeRole\",\"Effect\":\"Allow\",\"Principal\":{\"Service\":\"sagemaker.amazonaws.com\"}},{\"Action\":\"sts:AssumeRole\",\"Effect\":\"Allow\",\"Principal\":{\"Service\":\"events.amazonaws.com\"}}],\"Version\":\"2012-10-17\"}",
            "create_date": "2025-10-13T16:51:50Z",
            "description": "",
            "force_detach_policies": false,
            "id": "document-processing-workflow-role",
            "inline_policy": [],
            "managed_policy_arns": [
              "arn:aws:iam::335360747232:policy/WorkflowPermissionsPolicy",
              "arn:aws:iam::aws:policy/service-role/AWSLambdaBasicExecutionRole"
            ],
            "max_session_duration": 3600,
            "name": "document-processing-workflow-role",
            "name_prefix": "",
            "path": "/",
            "permissions_boundary": "",
            "tags": {},
            "tags_all": {},
            "unique_id": "AROAU4FIO43QD5U2F3PO7"
          },
          "sensitive_attributes": [],
          "identity_schema_version": 0,
          "private": "bnVsbA=="
        }
      ]
    },
    {
      "mode": "managed",
      "type": "aws_iam_role_policy",
      "name": "glue_crawler_policy",
      "provider": "provider[\"registry.terraform.io/hashicorp/aws\"]",
      "instances": [
        {
          "schema_version": 0,
          "attributes": {
            "id": "glue-crawler-role:GlueCrawlerS3Policy",
            "name": "GlueCrawlerS3Policy",
            "name_prefix": "",
            "policy": "{\"Version\":\"2012-10-17\",\"Statement\":[{\"Action\":[\"s3:GetObject\",\"s3:ListBucket\"],\"Effect\":\"Allow\",\"Resource\":[\"arn:aws:s3:::inf2006-analytics-datalake\",\"arn:aws:s3:::inf2006-analytics-datalake/*\"]},{\"Action\":\"glue:*\",\"Effect\":\"Allow\",\"Resource\":\"*\"}]}",
            "role": "glue-crawler-role"
          },
          "sensitive_attributes": [],
          "identity_schema_version": 0,
          "private": "bnVsbA==",
          "dependencies": [
            "aws_iam_role.glue_crawler_role",
            "aws_s3_bucket.analytics_datalake"
          ]
        }
      ]
    },
    {
      "mode": "managed",
      "type": "aws_iam_role_policy_attachment",
      "name": "emr_ec2_attach",
      "provider": "provider[\"registry.terraform.io/hashicorp/aws\"]",
      "instances": [
        {
          "schema_version": 0,
          "attributes": {
            "id": "emr-ec2-role-20251120061920390500000002",
            "policy_arn": "arn:aws:iam::aws:policy/service-role/AmazonElasticMapReduceforEC2Role",
            "role": "emr-ec2-role"
          },
          "sensitive_attributes": [],
          "identity_schema_version": 0,
          "private": "bnVsbA==",
          "dependencies": [
            "aws_iam_role.emr_ec2_role"
          ]
        }
      ]
    },
    {
      "mode": "managed",
      "type": "aws_iam_role_policy_attachment",
      "name": "emr_service_attach",
      "provider": "provider[\"registry.terraform.io/hashicorp/aws\"]",
      "instances": [
        {
          "schema_version": 0,
          "attributes": {
            "id": "emr-service-role-20251120061920350100000001",
            "policy_arn": "arn:aws:iam::aws:policy/service-role/AmazonElasticMapReduceRole",
            "role": "emr-service-role"
          },
          "sensitive_attributes": [],
          "identity_schema_version": 0,
          "private": "bnVsbA==",
          "dependencies": [
            "aws_iam_role.emr_service_role"
          ]
        }
      ]
    },
    {
      "mode": "managed",
      "type": "aws_iam_role_policy_attachment",
      "name": "etl_logs",
      "provider": "provider[\"registry.terraform.io/hashicorp/aws\"]",
      "instances": [
        {
          "schema_version": 0,
          "attributes": {
            "id": "etl-lambda-role-20251115112040104000000001",
            "policy_arn": "arn:aws:iam::aws:policy/service-role/AWSLambdaBasicExecutionRole",
            "role": "etl-lambda-role"
          },
          "sensitive_attributes": [],
          "identity_schema_version": 0,
          "private": "bnVsbA==",
          "dependencies": [
            "aws_iam_role.etl_lambda_role"
          ]
        }
      ]
    },
    {
      "mode": "managed",
      "type": "aws_iam_role_policy_attachment",
      "name": "etl_policy",
      "provider": "provider[\"registry.terraform.io/hashicorp/aws\"]",
      "instances": [
        {
          "schema_version": 0,
          "attributes": {
            "id": "etl-lambda-role-20251115112044870500000002",
            "policy_arn": "arn:aws:iam::335360747232:policy/ETLLambdaPolicy",
            "role": "etl-lambda-role"
          },
          "sensitive_attributes": [],
          "identity_schema_version": 0,
          "private": "bnVsbA==",
          "dependencies": [
            "aws_dynamodb_table.processed_documents",
            "aws_iam_policy.etl_lambda_policy",
            "aws_iam_role.etl_lambda_role",
            "aws_s3_bucket.analytics_datalake"
          ]
        }
      ]
    },
    {
      "mode": "managed",
      "type": "aws_iam_role_policy_attachment",
      "name": "presigned_lambda_logs",
      "provider": "provider[\"registry.terraform.io/hashicorp/aws\"]",
      "instances": [
        {
          "schema_version": 0,
          "attributes": {
            "id": "presigned-url-lambda-role-20251013165151541300000001",
            "policy_arn": "arn:aws:iam::aws:policy/service-role/AWSLambdaBasicExecutionRole",
            "role": "presigned-url-lambda-role"
          },
          "sensitive_attributes": [],
          "identity_schema_version": 0,
          "private": "bnVsbA==",
          "dependencies": [
            "aws_iam_role.presigned_url_lambda_role"
          ]
        }
      ]
    },
    {
      "mode": "managed",
      "type": "aws_iam_role_policy_attachment",
      "name": "presigned_lambda_s3",
      "provider": "provider[\"registry.terraform.io/hashicorp/aws\"]",
      "instances": [
        {
          "schema_version": 0,
          "attributes": {
            "id": "presigned-url-lambda-role-20251013165155676200000004",
            "policy_arn": "arn:aws:iam::335360747232:policy/S3PutObjectPresignedPolicy",
            "role": "presigned-url-lambda-role"
          },
          "sensitive_attributes": [],
          "identity_schema_version": 0,
          "private": "bnVsbA==",
          "dependencies": [
            "aws_iam_policy.s3_put_presigned_policy",
            "aws_iam_role.presigned_url_lambda_role",
            "aws_s3_bucket.documents_bucket",
            "random_id.bucket_suffix"
          ]
        }
      ]
    },
    {
      "mode": "managed",
      "type": "aws_iam_role_policy_attachment",
      "name": "workflow_logs",
      "provider": "provider[\"registry.terraform.io/hashicorp/aws\"]",
      "instances": [
        {
          "schema_version": 0,
          "attributes": {
            "id": "document-processing-workflow-role-20251013165151547800000002",
            "policy_arn": "arn:aws:iam::aws:policy/service-role/AWSLambdaBasicExecutionRole",
            "role": "document-processing-workflow-role"
          },
          "sensitive_attributes": [],
          "identity_schema_version": 0,
          "private": "bnVsbA==",
          "dependencies": [
            "aws_iam_role.processing_workflow_role"
          ]
        }
      ]
    },
    {
      "mode": "managed",
      "type": "aws_iam_role_policy_attachment",
      "name": "workflow_permissions",
      "provider": "provider[\"registry.terraform.io/hashicorp/aws\"]",
      "instances": [
        {
          "schema_version": 0,
          "attributes": {
            "id": "document-processing-workflow-role-20251013165155641000000003",
            "policy_arn": "arn:aws:iam::335360747232:policy/WorkflowPermissionsPolicy",
            "role": "document-processing-workflow-role"
          },
          "sensitive_attributes": [],
          "identity_schema_version": 0,
          "private": "bnVsbA==",
          "dependencies": [
            "aws_dynamodb_table.processed_documents",
            "aws_iam_policy.workflow_permissions_policy",
            "aws_iam_role.processing_workflow_role",
            "aws_lambda_function.document_processor",
            "aws_lambda_function.entity_extractor",
            "aws_lambda_function.expense_categorizer",
            "aws_lambda_function.refresh_quicksight",
            "aws_lambda_function.save_to_dynamodb",
            "aws_s3_bucket.documents_bucket",
            "aws_sfn_state_machine.document_processing_workflow",
            "data.archive_file.categorizer_zip",
            "data.archive_file.entity_extractor_lambda_zip",
            "data.archive_file.processing_lambda_zip",
            "data.archive_file.refresh_qs_zip",
            "data.archive_file.saver_zip",
            "data.aws_caller_identity.current",
            "random_id.bucket_suffix"
          ]
        }
      ]
    },
    {
      "mode": "managed",
      "type": "aws_lambda_event_source_mapping",
      "name": "dynamo_stream_mapping",
      "provider": "provider[\"registry.terraform.io/hashicorp/aws\"]",
      "instances": [
        {
          "schema_version": 0,
          "attributes": {
            "amazon_managed_kafka_event_source_config": [],
            "arn": "arn:aws:lambda:us-east-1:335360747232:event-source-mapping:6b92e3e2-ada4-4d2c-bc03-aaffcf3bfe11",
            "batch_size": 100,
            "bisect_batch_on_function_error": false,
            "destination_config": [
              {
                "on_failure": [
                  {
                    "destination_arn": null
                  }
                ]
              }
            ],
            "document_db_event_source_config": [],
            "enabled": true,
            "event_source_arn": "arn:aws:dynamodb:us-east-1:335360747232:table/inf2006-processed-documents/stream/2025-11-15T10:40:57.173",
            "filter_criteria": [],
            "function_arn": "arn:aws:lambda:us-east-1:335360747232:function:etl-dynamo-stream-to-s3",
            "function_name": "arn:aws:lambda:us-east-1:335360747232:function:etl-dynamo-stream-to-s3",
            "function_response_types": [],
            "id": "6b92e3e2-ada4-4d2c-bc03-aaffcf3bfe11",
            "kms_key_arn": "",
            "last_modified": "2025-11-15T11:29:00Z",
            "last_processing_result": "OK",
            "maximum_batching_window_in_seconds": 0,
            "maximum_record_age_in_seconds": -1,
            "maximum_retry_attempts": -1,
            "metrics_config": [],
            "parallelization_factor": 1,
            "provisioned_poller_config": [],
            "queues": [],
            "scaling_config": [],
            "self_managed_event_source": [],
            "self_managed_kafka_event_source_config": [],
            "source_access_configuration": [],
            "starting_position": "LATEST",
            "starting_position_timestamp": "",
            "state": "Enabled",
            "state_transition_reason": "User action",
            "tags": {},
            "tags_all": {},
            "topics": [],
            "tumbling_window_in_seconds": 0,
            "uuid": "6b92e3e2-ada4-4d2c-bc03-aaffcf3bfe11"
          },
          "sensitive_attributes": [],
          "identity_schema_version": 0,
          "private": "bnVsbA==",
          "dependencies": [
            "aws_dynamodb_table.processed_documents",
            "aws_iam_role.etl_lambda_role",
            "aws_lambda_function.etl_stream_to_s3",
            "aws_s3_bucket.analytics_datalake",
            "data.archive_file.etl_zip"
          ]
        }
      ]
    },
    {
      "mode": "managed",
      "type": "aws_lambda_function",
      "name": "document_processor",
      "provider": "provider[\"registry.terraform.io/hashicorp/aws\"]",
      "instances": [
        {
          "schema_version": 0,
          "attributes": {
            "architectures": [
              "x86_64"
            ],
            "arn": "arn:aws:lambda:us-east-1:335360747232:function:process-financial-document",
            "code_sha256": "sgUMb9YXOtu6WTLzZ4fog8GmhXryuyPvWoDyBznvdRg=",
            "code_signing_config_arn": "",
            "dead_letter_config": [],
            "description": "",
            "environment": [],
            "ephemeral_storage": [
              {
                "size": 512
              }
            ],
            "file_system_config": [],
            "filename": "document_processor_lambda.zip",
            "function_name": "process-financial-document",
            "handler": "lambda_function.lambda_handler",
            "id": "process-financial-document",
            "image_config": [],
            "image_uri": "",
            "invoke_arn": "arn:aws:apigateway:us-east-1:lambda:path/2015-03-31/functions/arn:aws:lambda:us-east-1:335360747232:function:process-financial-document/invocations",
            "kms_key_arn": "",
            "last_modified": "2025-11-19T15:55:40.000+0000",
            "layers": [],
            "logging_config": [
              {
                "application_log_level": "",
                "log_format": "Text",
                "log_group": "/aws/lambda/process-financial-document",
                "system_log_level": ""
              }
            ],
            "memory_size": 128,
            "package_type": "Zip",
            "publish": false,
            "qualified_arn": "arn:aws:lambda:us-east-1:335360747232:function:process-financial-document:2",
            "qualified_invoke_arn": "arn:aws:apigateway:us-east-1:lambda:path/2015-03-31/functions/arn:aws:lambda:us-east-1:335360747232:function:process-financial-document:2/invocations",
            "replace_security_groups_on_destroy": null,
            "replacement_security_group_ids": null,
            "reserved_concurrent_executions": -1,
            "role": "arn:aws:iam::335360747232:role/document-processing-workflow-role",
            "runtime": "python3.9",
            "s3_bucket": null,
            "s3_key": null,
            "s3_object_version": null,
            "signing_job_arn": "",
            "signing_profile_version_arn": "",
            "skip_destroy": false,
            "snap_start": [],
            "source_code_hash": "sgUMb9YXOtu6WTLzZ4fog8GmhXryuyPvWoDyBznvdRg=",
            "source_code_size": 863,
            "tags": {},
            "tags_all": {},
            "timeout": 30,
            "timeouts": null,
            "tracing_config": [
              {
                "mode": "PassThrough"
              }
            ],
            "version": "2",
            "vpc_config": []
          },
          "sensitive_attributes": [],
          "identity_schema_version": 0,
          "private": "eyJlMmJmYjczMC1lY2FhLTExZTYtOGY4OC0zNDM2M2JjN2M0YzAiOnsiY3JlYXRlIjo2MDAwMDAwMDAwMDAsImRlbGV0ZSI6NjAwMDAwMDAwMDAwLCJ1cGRhdGUiOjYwMDAwMDAwMDAwMH19",
          "dependencies": [
            "aws_iam_role.processing_workflow_role",
            "data.archive_file.processing_lambda_zip"
          ]
        }
      ]
    },
    {
      "mode": "managed",
      "type": "aws_lambda_function",
      "name": "entity_extractor",
      "provider": "provider[\"registry.terraform.io/hashicorp/aws\"]",
      "instances": [
        {
          "schema_version": 0,
          "attributes": {
            "architectures": [
              "x86_64"
            ],
            "arn": "arn:aws:lambda:us-east-1:335360747232:function:extract-entities-from-text",
            "code_sha256": "XJ1xzXWGLpVMQtJpMZ+GM6tSth8SErx0zhMGRwt2v9I=",
            "code_signing_config_arn": "",
            "dead_letter_config": [],
            "description": "",
            "environment": [
              {
                "variables": {
                  "SAGEMAKER_ENDPOINT_NAME": "inf2006-entity-extraction-endpoint"
                }
              }
            ],
            "ephemeral_storage": [
              {
                "size": 512
              }
            ],
            "file_system_config": [],
            "filename": "entity_extractor_lambda.zip",
            "function_name": "extract-entities-from-text",
            "handler": "lambda_function.lambda_handler",
            "id": "extract-entities-from-text",
            "image_config": [],
            "image_uri": "",
            "invoke_arn": "arn:aws:apigateway:us-east-1:lambda:path/2015-03-31/functions/arn:aws:lambda:us-east-1:335360747232:function:extract-entities-from-text/invocations",
            "kms_key_arn": "",
            "last_modified": "2025-11-19T15:55:53.000+0000",
            "layers": [],
            "logging_config": [
              {
                "application_log_level": "",
                "log_format": "Text",
                "log_group": "/aws/lambda/extract-entities-from-text",
                "system_log_level": ""
              }
            ],
            "memory_size": 128,
            "package_type": "Zip",
            "publish": false,
            "qualified_arn": "arn:aws:lambda:us-east-1:335360747232:function:extract-entities-from-text:$LATEST",
            "qualified_invoke_arn": "arn:aws:apigateway:us-east-1:lambda:path/2015-03-31/functions/arn:aws:lambda:us-east-1:335360747232:function:extract-entities-from-text:$LATEST/invocations",
            "replace_security_groups_on_destroy": null,
            "replacement_security_group_ids": null,
            "reserved_concurrent_executions": -1,
            "role": "arn:aws:iam::335360747232:role/document-processing-workflow-role",
            "runtime": "python3.9",
            "s3_bucket": null,
            "s3_key": null,
            "s3_object_version": null,
            "signing_job_arn": "",
            "signing_profile_version_arn": "",
            "skip_destroy": false,
            "snap_start": [],
            "source_code_hash": "XJ1xzXWGLpVMQtJpMZ+GM6tSth8SErx0zhMGRwt2v9I=",
            "source_code_size": 846,
            "tags": {},
            "tags_all": {},
            "timeout": 30,
            "timeouts": null,
            "tracing_config": [
              {
                "mode": "PassThrough"
              }
            ],
            "version": "$LATEST",
            "vpc_config": []
          },
          "sensitive_attributes": [],
          "identity_schema_version": 0,
          "private": "eyJlMmJmYjczMC1lY2FhLTExZTYtOGY4OC0zNDM2M2JjN2M0YzAiOnsiY3JlYXRlIjo2MDAwMDAwMDAwMDAsImRlbGV0ZSI6NjAwMDAwMDAwMDAwLCJ1cGRhdGUiOjYwMDAwMDAwMDAwMH19",
          "dependencies": [
            "aws_iam_role.processing_workflow_role",
            "data.archive_file.entity_extractor_lambda_zip"
          ]
        }
      ]
    },
    {
      "mode": "managed",
      "type": "aws_lambda_function",
      "name": "etl_stream_to_s3",
      "provider": "provider[\"registry.terraform.io/hashicorp/aws\"]",
      "instances": [
        {
          "schema_version": 0,
          "attributes": {
            "architectures": [
              "x86_64"
            ],
            "arn": "arn:aws:lambda:us-east-1:335360747232:function:etl-dynamo-stream-to-s3",
            "code_sha256": "AF/GbkKBWHPc5ikIH/SBn/w38CANW6rBLHFFBHz+XHQ=",
            "code_signing_config_arn": "",
            "dead_letter_config": [],
            "description": "",
            "environment": [
              {
                "variables": {
                  "DATALAKE_BUCKET_NAME": "inf2006-analytics-datalake"
                }
              }
            ],
            "ephemeral_storage": [
              {
                "size": 512
              }
            ],
            "file_system_config": [],
            "filename": "etl_stream_to_s3.zip",
            "function_name": "etl-dynamo-stream-to-s3",
            "handler": "lambda_function.lambda_handler",
            "id": "etl-dynamo-stream-to-s3",
            "image_config": [],
            "image_uri": "",
            "invoke_arn": "arn:aws:apigateway:us-east-1:lambda:path/2015-03-31/functions/arn:aws:lambda:us-east-1:335360747232:function:etl-dynamo-stream-to-s3/invocations",
            "kms_key_arn": "",
            "last_modified": "2025-11-19T15:55:46.000+0000",
            "layers": [],
            "logging_config": [
              {
                "application_log_level": "",
                "log_format": "Text",
                "log_group": "/aws/lambda/etl-dynamo-stream-to-s3",
                "system_log_level": ""
              }
            ],
            "memory_size": 128,
            "package_type": "Zip",
            "publish": false,
            "qualified_arn": "arn:aws:lambda:us-east-1:335360747232:function:etl-dynamo-stream-to-s3:$LATEST",
            "qualified_invoke_arn": "arn:aws:apigateway:us-east-1:lambda:path/2015-03-31/functions/arn:aws:lambda:us-east-1:335360747232:function:etl-dynamo-stream-to-s3:$LATEST/invocations",
            "replace_security_groups_on_destroy": null,
            "replacement_security_group_ids": null,
            "reserved_concurrent_executions": -1,
            "role": "arn:aws:iam::335360747232:role/etl-lambda-role",
            "runtime": "python3.9",
            "s3_bucket": null,
            "s3_key": null,
            "s3_object_version": null,
            "signing_job_arn": "",
            "signing_profile_version_arn": "",
            "skip_destroy": false,
            "snap_start": [],
            "source_code_hash": "AF/GbkKBWHPc5ikIH/SBn/w38CANW6rBLHFFBHz+XHQ=",
            "source_code_size": 856,
            "tags": {},
            "tags_all": {},
            "timeout": 3,
            "timeouts": null,
            "tracing_config": [
              {
                "mode": "PassThrough"
              }
            ],
            "version": "$LATEST",
            "vpc_config": []
          },
          "sensitive_attributes": [],
          "identity_schema_version": 0,
          "private": "eyJlMmJmYjczMC1lY2FhLTExZTYtOGY4OC0zNDM2M2JjN2M0YzAiOnsiY3JlYXRlIjo2MDAwMDAwMDAwMDAsImRlbGV0ZSI6NjAwMDAwMDAwMDAwLCJ1cGRhdGUiOjYwMDAwMDAwMDAwMH19",
          "dependencies": [
            "aws_iam_role.etl_lambda_role",
            "aws_s3_bucket.analytics_datalake",
            "data.archive_file.etl_zip"
          ]
        }
      ]
    },
    {
      "mode": "managed",
      "type": "aws_lambda_function",
      "name": "expense_categorizer",
      "provider": "provider[\"registry.terraform.io/hashicorp/aws\"]",
      "instances": [
        {
          "schema_version": 0,
          "attributes": {
            "architectures": [
              "x86_64"
            ],
            "arn": "arn:aws:lambda:us-east-1:335360747232:function:categorize-expense",
            "code_sha256": "uYbyu42WOsA6csPZt7twNMfTA0v/3wz6yecVYqHAQsg=",
            "code_signing_config_arn": "",
            "dead_letter_config": [],
            "description": "",
            "environment": [
              {
                "variables": {
                  "SAGEMAKER_ENDPOINT_NAME": "inf2006-expense-categorization-endpoint"
                }
              }
            ],
            "ephemeral_storage": [
              {
                "size": 512
              }
            ],
            "file_system_config": [],
            "filename": "expense_categorizer.zip",
            "function_name": "categorize-expense",
            "handler": "lambda_function.lambda_handler",
            "id": "categorize-expense",
            "image_config": [],
            "image_uri": "",
            "invoke_arn": "arn:aws:apigateway:us-east-1:lambda:path/2015-03-31/functions/arn:aws:lambda:us-east-1:335360747232:function:categorize-expense/invocations",
            "kms_key_arn": "",
            "last_modified": "2025-11-19T15:56:07.000+0000",
            "layers": [],
            "logging_config": [
              {
                "application_log_level": "",
                "log_format": "Text",
                "log_group": "/aws/lambda/categorize-expense",
                "system_log_level": ""
              }
            ],
            "memory_size": 128,
            "package_type": "Zip",
            "publish": false,
            "qualified_arn": "arn:aws:lambda:us-east-1:335360747232:function:categorize-expense:$LATEST",
            "qualified_invoke_arn": "arn:aws:apigateway:us-east-1:lambda:path/2015-03-31/functions/arn:aws:lambda:us-east-1:335360747232:function:categorize-expense:$LATEST/invocations",
            "replace_security_groups_on_destroy": null,
            "replacement_security_group_ids": null,
            "reserved_concurrent_executions": -1,
            "role": "arn:aws:iam::335360747232:role/document-processing-workflow-role",
            "runtime": "python3.9",
            "s3_bucket": null,
            "s3_key": null,
            "s3_object_version": null,
            "signing_job_arn": "",
            "signing_profile_version_arn": "",
            "skip_destroy": false,
            "snap_start": [],
            "source_code_hash": "uYbyu42WOsA6csPZt7twNMfTA0v/3wz6yecVYqHAQsg=",
            "source_code_size": 1195,
            "tags": {},
            "tags_all": {},
            "timeout": 30,
            "timeouts": null,
            "tracing_config": [
              {
                "mode": "PassThrough"
              }
            ],
            "version": "$LATEST",
            "vpc_config": []
          },
          "sensitive_attributes": [],
          "identity_schema_version": 0,
          "private": "eyJlMmJmYjczMC1lY2FhLTExZTYtOGY4OC0zNDM2M2JjN2M0YzAiOnsiY3JlYXRlIjo2MDAwMDAwMDAwMDAsImRlbGV0ZSI6NjAwMDAwMDAwMDAwLCJ1cGRhdGUiOjYwMDAwMDAwMDAwMH19",
          "dependencies": [
            "aws_iam_role.processing_workflow_role",
            "data.archive_file.categorizer_zip"
          ]
        }
      ]
    },
    {
      "mode": "managed",
      "type": "aws_lambda_function",
      "name": "presigned_url_generator",
      "provider": "provider[\"registry.terraform.io/hashicorp/aws\"]",
      "instances": [
        {
          "schema_version": 0,
          "attributes": {
            "architectures": [
              "x86_64"
            ],
            "arn": "arn:aws:lambda:us-east-1:335360747232:function:generate-presigned-url",
            "code_sha256": "ESEUKEmtTyILny1UNnSWvqssNgwmCKeSeQHrAwbIKzA=",
            "code_signing_config_arn": "",
            "dead_letter_config": [],
            "description": "",
            "environment": [
              {
                "variables": {
                  "BUCKET_NAME": "inf2006-financial-docs-b0957fd1a4dafc2c",
                  "FORCE_DEPLOY": "v1"
                }
              }
            ],
            "ephemeral_storage": [
              {
                "size": 512
              }
            ],
            "file_system_config": [],
            "filename": "presigned_url_lambda.zip",
            "function_name": "generate-presigned-url",
            "handler": "lambda_function.lambda_handler",
            "id": "generate-presigned-url",
            "image_config": [],
            "image_uri": "",
            "invoke_arn": "arn:aws:apigateway:us-east-1:lambda:path/2015-03-31/functions/arn:aws:lambda:us-east-1:335360747232:function:generate-presigned-url/invocations",
            "kms_key_arn": "",
            "last_modified": "2025-11-28T00:24:53.000+0000",
            "layers": [],
            "logging_config": [
              {
                "application_log_level": "",
                "log_format": "Text",
                "log_group": "/aws/lambda/generate-presigned-url",
                "system_log_level": ""
              }
            ],
            "memory_size": 128,
            "package_type": "Zip",
            "publish": false,
            "qualified_arn": "arn:aws:lambda:us-east-1:335360747232:function:generate-presigned-url:$LATEST",
            "qualified_invoke_arn": "arn:aws:apigateway:us-east-1:lambda:path/2015-03-31/functions/arn:aws:lambda:us-east-1:335360747232:function:generate-presigned-url:$LATEST/invocations",
            "replace_security_groups_on_destroy": null,
            "replacement_security_group_ids": null,
            "reserved_concurrent_executions": -1,
            "role": "arn:aws:iam::335360747232:role/presigned-url-lambda-role",
            "runtime": "python3.9",
            "s3_bucket": null,
            "s3_key": null,
            "s3_object_version": null,
            "signing_job_arn": "",
            "signing_profile_version_arn": "",
            "skip_destroy": false,
            "snap_start": [],
            "source_code_hash": "ESEUKEmtTyILny1UNnSWvqssNgwmCKeSeQHrAwbIKzA=",
            "source_code_size": 804,
            "tags": {},
            "tags_all": {},
            "timeout": 3,
            "timeouts": null,
            "tracing_config": [
              {
                "mode": "PassThrough"
              }
            ],
            "version": "$LATEST",
            "vpc_config": []
          },
          "sensitive_attributes": [],
          "identity_schema_version": 0,
          "private": "eyJlMmJmYjczMC1lY2FhLTExZTYtOGY4OC0zNDM2M2JjN2M0YzAiOnsiY3JlYXRlIjo2MDAwMDAwMDAwMDAsImRlbGV0ZSI6NjAwMDAwMDAwMDAwLCJ1cGRhdGUiOjYwMDAwMDAwMDAwMH19",
          "dependencies": [
            "aws_iam_role.presigned_url_lambda_role",
            "aws_s3_bucket.documents_bucket",
            "data.archive_file.presigned_url_lambda_zip",
            "random_id.bucket_suffix"
          ],
          "create_before_destroy": true
        }
      ]
    },
    {
      "mode": "managed",
      "type": "aws_lambda_function",
      "name": "refresh_quicksight",
      "provider": "provider[\"registry.terraform.io/hashicorp/aws\"]",
      "instances": [
        {
          "schema_version": 0,
          "attributes": {
            "architectures": [
              "x86_64"
            ],
            "arn": "arn:aws:lambda:us-east-1:335360747232:function:refresh-quicksight-dataset",
            "code_sha256": "fPzT4dAFApv0gZH1vHlyHI+LBI3G7Ngvv/dcckkyxyM=",
            "code_signing_config_arn": "",
            "dead_letter_config": [],
            "description": "",
            "environment": [
              {
                "variables": {
                  "ACCOUNT_ID": "335360747232",
                  "DATASET_ID": "YOUR_QUICKSIGHT_DATASET_ID"
                }
              }
            ],
            "ephemeral_storage": [
              {
                "size": 512
              }
            ],
            "file_system_config": [],
            "filename": "refresh_quicksight.zip",
            "function_name": "refresh-quicksight-dataset",
            "handler": "lambda_function.lambda_handler",
            "id": "refresh-quicksight-dataset",
            "image_config": [],
            "image_uri": "",
            "invoke_arn": "arn:aws:apigateway:us-east-1:lambda:path/2015-03-31/functions/arn:aws:lambda:us-east-1:335360747232:function:refresh-quicksight-dataset/invocations",
            "kms_key_arn": "",
            "last_modified": "2025-11-27T20:37:55.404+0000",
            "layers": [],
            "logging_config": [
              {
                "application_log_level": "",
                "log_format": "Text",
                "log_group": "/aws/lambda/refresh-quicksight-dataset",
                "system_log_level": ""
              }
            ],
            "memory_size": 128,
            "package_type": "Zip",
            "publish": false,
            "qualified_arn": "arn:aws:lambda:us-east-1:335360747232:function:refresh-quicksight-dataset:$LATEST",
            "qualified_invoke_arn": "arn:aws:apigateway:us-east-1:lambda:path/2015-03-31/functions/arn:aws:lambda:us-east-1:335360747232:function:refresh-quicksight-dataset:$LATEST/invocations",
            "replace_security_groups_on_destroy": null,
            "replacement_security_group_ids": null,
            "reserved_concurrent_executions": -1,
            "role": "arn:aws:iam::335360747232:role/document-processing-workflow-role",
            "runtime": "python3.9",
            "s3_bucket": null,
            "s3_key": null,
            "s3_object_version": null,
            "signing_job_arn": "",
            "signing_profile_version_arn": "",
            "skip_destroy": false,
            "snap_start": [],
            "source_code_hash": "fPzT4dAFApv0gZH1vHlyHI+LBI3G7Ngvv/dcckkyxyM=",
            "source_code_size": 550,
            "tags": {},
            "tags_all": {},
            "timeout": 3,
            "timeouts": null,
            "tracing_config": [
              {
                "mode": "PassThrough"
              }
            ],
            "version": "$LATEST",
            "vpc_config": []
          },
          "sensitive_attributes": [],
          "identity_schema_version": 0,
          "private": "eyJlMmJmYjczMC1lY2FhLTExZTYtOGY4OC0zNDM2M2JjN2M0YzAiOnsiY3JlYXRlIjo2MDAwMDAwMDAwMDAsImRlbGV0ZSI6NjAwMDAwMDAwMDAwLCJ1cGRhdGUiOjYwMDAwMDAwMDAwMH19",
          "dependencies": [
            "aws_iam_role.processing_workflow_role",
            "data.archive_file.refresh_qs_zip",
            "data.aws_caller_identity.current"
          ]
        }
      ]
    },
    {
      "mode": "managed",
      "type": "aws_lambda_function",
      "name": "save_to_dynamodb",
      "provider": "provider[\"registry.terraform.io/hashicorp/aws\"]",
      "instances": [
        {
          "schema_version": 0,
          "attributes": {
            "architectures": [
              "x86_64"
            ],
            "arn": "arn:aws:lambda:us-east-1:335360747232:function:save-processed-document",
            "code_sha256": "mySXXolxMVThTtQmAlNXy1BEeMj/xpb4O+iptEYDZbg=",
            "code_signing_config_arn": "",
            "dead_letter_config": [],
            "description": "",
            "environment": [
              {
                "variables": {
                  "TABLE_NAME": "inf2006-processed-documents"
                }
              }
            ],
            "ephemeral_storage": [
              {
                "size": 512
              }
            ],
            "file_system_config": [],
            "filename": "save_to_dynamodb.zip",
            "function_name": "save-processed-document",
            "handler": "lambda_function.lambda_handler",
            "id": "save-processed-document",
            "image_config": [],
            "image_uri": "",
            "invoke_arn": "arn:aws:apigateway:us-east-1:lambda:path/2015-03-31/functions/arn:aws:lambda:us-east-1:335360747232:function:save-processed-document/invocations",
            "kms_key_arn": "",
            "last_modified": "2025-11-19T15:56:00.000+0000",
            "layers": [],
            "logging_config": [
              {
                "application_log_level": "",
                "log_format": "Text",
                "log_group": "/aws/lambda/save-processed-document",
                "system_log_level": ""
              }
            ],
            "memory_size": 128,
            "package_type": "Zip",
            "publish": false,
            "qualified_arn": "arn:aws:lambda:us-east-1:335360747232:function:save-processed-document:$LATEST",
            "qualified_invoke_arn": "arn:aws:apigateway:us-east-1:lambda:path/2015-03-31/functions/arn:aws:lambda:us-east-1:335360747232:function:save-processed-document:$LATEST/invocations",
            "replace_security_groups_on_destroy": null,
            "replacement_security_group_ids": null,
            "reserved_concurrent_executions": -1,
            "role": "arn:aws:iam::335360747232:role/document-processing-workflow-role",
            "runtime": "python3.9",
            "s3_bucket": null,
            "s3_key": null,
            "s3_object_version": null,
            "signing_job_arn": "",
            "signing_profile_version_arn": "",
            "skip_destroy": false,
            "snap_start": [],
            "source_code_hash": "mySXXolxMVThTtQmAlNXy1BEeMj/xpb4O+iptEYDZbg=",
            "source_code_size": 608,
            "tags": {},
            "tags_all": {},
            "timeout": 3,
            "timeouts": null,
            "tracing_config": [
              {
                "mode": "PassThrough"
              }
            ],
            "version": "$LATEST",
            "vpc_config": []
          },
          "sensitive_attributes": [],
          "identity_schema_version": 0,
          "private": "eyJlMmJmYjczMC1lY2FhLTExZTYtOGY4OC0zNDM2M2JjN2M0YzAiOnsiY3JlYXRlIjo2MDAwMDAwMDAwMDAsImRlbGV0ZSI6NjAwMDAwMDAwMDAwLCJ1cGRhdGUiOjYwMDAwMDAwMDAwMH19",
          "dependencies": [
            "aws_dynamodb_table.processed_documents",
            "aws_iam_role.processing_workflow_role",
            "data.archive_file.saver_zip"
          ]
        }
      ]
    },
    {
      "mode": "managed",
      "type": "aws_lambda_permission",
      "name": "api_gateway_permission",
      "provider": "provider[\"registry.terraform.io/hashicorp/aws\"]",
      "instances": [
        {
          "schema_version": 0,
          "attributes": {
            "action": "lambda:InvokeFunction",
            "event_source_token": null,
            "function_name": "generate-presigned-url",
            "function_url_auth_type": null,
            "id": "AllowAPIGatewayToInvokeLambda",
            "principal": "apigateway.amazonaws.com",
            "principal_org_id": null,
            "qualifier": "",
            "source_account": null,
            "source_arn": "arn:aws:execute-api:us-east-1:335360747232:qcglc0j7e2/*/*",
            "statement_id": "AllowAPIGatewayToInvokeLambda",
            "statement_id_prefix": ""
          },
          "sensitive_attributes": [],
          "identity_schema_version": 0,
          "private": "bnVsbA==",
          "dependencies": [
            "aws_apigatewayv2_api.http_api",
            "aws_iam_role.presigned_url_lambda_role",
            "aws_lambda_function.presigned_url_generator",
            "aws_s3_bucket.documents_bucket",
            "data.archive_file.presigned_url_lambda_zip",
            "random_id.bucket_suffix"
          ]
        }
      ]
    },
    {
      "mode": "managed",
      "type": "aws_s3_bucket",
      "name": "analytics_datalake",
      "provider": "provider[\"registry.terraform.io/hashicorp/aws\"]",
      "instances": [
        {
          "schema_version": 0,
          "attributes": {
            "acceleration_status": "",
            "acl": "private",
            "arn": "arn:aws:s3:::inf2006-analytics-datalake",
            "bucket": "inf2006-analytics-datalake",
            "bucket_domain_name": "inf2006-analytics-datalake.s3.amazonaws.com",
            "bucket_prefix": "",
            "bucket_regional_domain_name": "inf2006-analytics-datalake.s3.us-east-1.amazonaws.com",
            "cors_rule": [],
            "force_destroy": false,
            "grant": [
              {
                "id": "5862a41519974ff95b5bf4f641b5398fb7a3588e9755bc84760351b820abee5d",
                "permissions": [
                  "FULL_CONTROL"
                ],
                "type": "CanonicalUser",
                "uri": ""
              }
            ],
            "hosted_zone_id": "Z3AQBSTGFYJSTF",
            "id": "inf2006-analytics-datalake",
            "lifecycle_rule": [],
            "logging": [],
            "object_lock_configuration": [],
            "object_lock_enabled": false,
            "policy": "{\"Statement\":[{\"Action\":\"s3:GetObject\",\"Effect\":\"Allow\",\"Principal\":\"*\",\"Resource\":\"arn:aws:s3:::inf2006-analytics-datalake/reports/*\",\"Sid\":\"PublicReadForReportsFolder\"}],\"Version\":\"2012-10-17\"}",
            "region": "us-east-1",
            "replication_configuration": [],
            "request_payer": "BucketOwner",
            "server_side_encryption_configuration": [
              {
                "rule": [
                  {
                    "apply_server_side_encryption_by_default": [
                      {
                        "kms_master_key_id": "",
                        "sse_algorithm": "AES256"
                      }
                    ],
                    "bucket_key_enabled": false
                  }
                ]
              }
            ],
            "tags": {
              "Project": "INF2006-Analytics"
            },
            "tags_all": {
              "Project": "INF2006-Analytics"
            },
            "timeouts": null,
            "versioning": [
              {
                "enabled": false,
                "mfa_delete": false
              }
            ],
            "website": [],
            "website_domain": null,
            "website_endpoint": null
          },
          "sensitive_attributes": [],
          "identity_schema_version": 0,
          "private": "eyJlMmJmYjczMC1lY2FhLTExZTYtOGY4OC0zNDM2M2JjN2M0YzAiOnsiY3JlYXRlIjoxMjAwMDAwMDAwMDAwLCJkZWxldGUiOjM2MDAwMDAwMDAwMDAsInJlYWQiOjEyMDAwMDAwMDAwMDAsInVwZGF0ZSI6MTIwMDAwMDAwMDAwMH19"
        }
      ]
    },
    {
      "mode": "managed",
      "type": "aws_s3_bucket",
      "name": "athena_results",
      "provider": "provider[\"registry.terraform.io/hashicorp/aws\"]",
      "instances": [
        {
          "schema_version": 0,
          "attributes": {
            "acceleration_status": "",
            "acl": "private",
            "arn": "arn:aws:s3:::inf2006-athena-query-results",
            "bucket": "inf2006-athena-query-results",
            "bucket_domain_name": "inf2006-athena-query-results.s3.amazonaws.com",
            "bucket_prefix": "",
            "bucket_regional_domain_name": "inf2006-athena-query-results.s3.us-east-1.amazonaws.com",
            "cors_rule": [],
            "force_destroy": false,
            "grant": [
              {
                "id": "5862a41519974ff95b5bf4f641b5398fb7a3588e9755bc84760351b820abee5d",
                "permissions": [
                  "FULL_CONTROL"
                ],
                "type": "CanonicalUser",
                "uri": ""
              }
            ],
            "hosted_zone_id": "Z3AQBSTGFYJSTF",
            "id": "inf2006-athena-query-results",
            "lifecycle_rule": [
              {
                "abort_incomplete_multipart_upload_days": 0,
                "enabled": true,
                "expiration": [
                  {
                    "date": "",
                    "days": 7,
                    "expired_object_delete_marker": false
                  }
                ],
                "id": "N2M1MzcwY2MtMmVhOC00Njk2LThkYzctOTJjNTY2YWFmMGZk",
                "noncurrent_version_expiration": [],
                "noncurrent_version_transition": [],
                "prefix": "",
                "tags": {},
                "transition": []
              }
            ],
            "logging": [],
            "object_lock_configuration": [],
            "object_lock_enabled": false,
            "policy": "",
            "region": "us-east-1",
            "replication_configuration": [],
            "request_payer": "BucketOwner",
            "server_side_encryption_configuration": [
              {
                "rule": [
                  {
                    "apply_server_side_encryption_by_default": [
                      {
                        "kms_master_key_id": "",
                        "sse_algorithm": "AES256"
                      }
                    ],
                    "bucket_key_enabled": false
                  }
                ]
              }
            ],
            "tags": {},
            "tags_all": {},
            "timeouts": null,
            "versioning": [
              {
                "enabled": false,
                "mfa_delete": false
              }
            ],
            "website": [],
            "website_domain": null,
            "website_endpoint": null
          },
          "sensitive_attributes": [],
          "identity_schema_version": 0,
          "private": "eyJlMmJmYjczMC1lY2FhLTExZTYtOGY4OC0zNDM2M2JjN2M0YzAiOnsiY3JlYXRlIjoxMjAwMDAwMDAwMDAwLCJkZWxldGUiOjM2MDAwMDAwMDAwMDAsInJlYWQiOjEyMDAwMDAwMDAwMDAsInVwZGF0ZSI6MTIwMDAwMDAwMDAwMH19"
        }
      ]
    },
    {
      "mode": "managed",
      "type": "aws_s3_bucket",
      "name": "documents_bucket",
      "provider": "provider[\"registry.terraform.io/hashicorp/aws\"]",
      "instances": [
        {
          "schema_version": 0,
          "attributes": {
            "acceleration_status": "",
            "acl": null,
            "arn": "arn:aws:s3:::inf2006-financial-docs-b0957fd1a4dafc2c",
            "bucket": "inf2006-financial-docs-b0957fd1a4dafc2c",
            "bucket_domain_name": "inf2006-financial-docs-b0957fd1a4dafc2c.s3.amazonaws.com",
            "bucket_prefix": "",
            "bucket_regional_domain_name": "inf2006-financial-docs-b0957fd1a4dafc2c.s3.us-east-1.amazonaws.com",
            "cors_rule": [
              {
                "allowed_headers": [
                  "*"
                ],
                "allowed_methods": [
                  "POST",
                  "GET",
                  "PUT"
                ],
                "allowed_origins": [
                  "*"
                ],
                "expose_headers": [
                  "ETag"
                ],
                "max_age_seconds": 0
              }
            ],
            "force_destroy": true,
            "grant": [
              {
                "id": "5862a41519974ff95b5bf4f641b5398fb7a3588e9755bc84760351b820abee5d",
                "permissions": [
                  "FULL_CONTROL"
                ],
                "type": "CanonicalUser",
                "uri": ""
              }
            ],
            "hosted_zone_id": "Z3AQBSTGFYJSTF",
            "id": "inf2006-financial-docs-b0957fd1a4dafc2c",
            "lifecycle_rule": [],
            "logging": [],
            "object_lock_configuration": [],
            "object_lock_enabled": false,
            "policy": "",
            "region": "us-east-1",
            "replication_configuration": [],
            "request_payer": "BucketOwner",
            "server_side_encryption_configuration": [
              {
                "rule": [
                  {
                    "apply_server_side_encryption_by_default": [
                      {
                        "kms_master_key_id": "",
                        "sse_algorithm": "AES256"
                      }
                    ],
                    "bucket_key_enabled": false
                  }
                ]
              }
            ],
            "tags": {},
            "tags_all": {},
            "timeouts": null,
            "versioning": [
              {
                "enabled": true,
                "mfa_delete": false
              }
            ],
            "website": [],
            "website_domain": null,
            "website_endpoint": null
          },
          "sensitive_attributes": [],
          "identity_schema_version": 0,
          "private": "eyJlMmJmYjczMC1lY2FhLTExZTYtOGY4OC0zNDM2M2JjN2M0YzAiOnsiY3JlYXRlIjoxMjAwMDAwMDAwMDAwLCJkZWxldGUiOjM2MDAwMDAwMDAwMDAsInJlYWQiOjEyMDAwMDAwMDAwMDAsInVwZGF0ZSI6MTIwMDAwMDAwMDAwMH19",
          "dependencies": [
            "random_id.bucket_suffix"
          ],
          "create_before_destroy": true
        }
      ]
    },
    {
      "mode": "managed",
      "type": "aws_s3_bucket",
      "name": "inf2006-s3frontend",
      "provider": "provider[\"registry.terraform.io/hashicorp/aws\"]",
      "instances": [
        {
          "schema_version": 0,
          "attributes": {
            "acceleration_status": "",
            "acl": null,
            "arn": "arn:aws:s3:::inf2006-s3frontend",
            "bucket": "inf2006-s3frontend",
            "bucket_domain_name": "inf2006-s3frontend.s3.amazonaws.com",
            "bucket_prefix": "",
            "bucket_regional_domain_name": "inf2006-s3frontend.s3.us-east-1.amazonaws.com",
            "cors_rule": [],
            "force_destroy": null,
            "grant": [
              {
                "id": "5862a41519974ff95b5bf4f641b5398fb7a3588e9755bc84760351b820abee5d",
                "permissions": [
                  "FULL_CONTROL"
                ],
                "type": "CanonicalUser",
                "uri": ""
              }
            ],
            "hosted_zone_id": "Z3AQBSTGFYJSTF",
            "id": "inf2006-s3frontend",
            "lifecycle_rule": [],
            "logging": [],
            "object_lock_configuration": [],
            "object_lock_enabled": false,
            "policy": "{\"Statement\":[{\"Action\":\"s3:GetObject\",\"Effect\":\"Allow\",\"Principal\":\"*\",\"Resource\":\"arn:aws:s3:::inf2006-s3frontend/*\",\"Sid\":\"PublicReadGetObject\"}],\"Version\":\"2012-10-17\"}",
            "region": "us-east-1",
            "replication_configuration": [],
            "request_payer": "BucketOwner",
            "server_side_encryption_configuration": [
              {
                "rule": [
                  {
                    "apply_server_side_encryption_by_default": [
                      {
                        "kms_master_key_id": "",
                        "sse_algorithm": "AES256"
                      }
                    ],
                    "bucket_key_enabled": true
                  }
                ]
              }
            ],
            "tags": {},
            "tags_all": {},
            "timeouts": null,
            "versioning": [
              {
                "enabled": false,
                "mfa_delete": false
              }
            ],
            "website": [
              {
                "error_document": "error.html",
                "index_document": "index.html",
                "redirect_all_requests_to": "",
                "routing_rules": ""
              }
            ],
            "website_domain": "s3-website-us-east-1.amazonaws.com",
            "website_endpoint": "inf2006-s3frontend.s3-website-us-east-1.amazonaws.com"
          },
          "sensitive_attributes": [],
          "identity_schema_version": 0,
          "private": "eyJlMmJmYjczMC1lY2FhLTExZTYtOGY4OC0zNDM2M2JjN2M0YzAiOnsiY3JlYXRlIjoxMjAwMDAwMDAwMDAwLCJkZWxldGUiOjM2MDAwMDAwMDAwMDAsInJlYWQiOjEyMDAwMDAwMDAwMDAsInVwZGF0ZSI6MTIwMDAwMDAwMDAwMH0sInNjaGVtYV92ZXJzaW9uIjoiMCJ9"
        }
      ]
    },
    {
      "mode": "managed",
      "type": "aws_s3_bucket_cors_configuration",
      "name": "documents_bucket_cors",
      "provider": "provider[\"registry.terraform.io/hashicorp/aws\"]",
      "instances": [
        {
          "schema_version": 0,
          "attributes": {
            "bucket": "inf2006-financial-docs-b0957fd1a4dafc2c",
            "cors_rule": [
              {
                "allowed_headers": [
                  "*"
                ],
                "allowed_methods": [
                  "GET",
                  "POST",
                  "PUT"
                ],
                "allowed_origins": [
                  "*"
                ],
                "expose_headers": [
                  "ETag"
                ],
                "id": "",
                "max_age_seconds": 0
              }
            ],
            "expected_bucket_owner": "",
            "id": "inf2006-financial-docs-b0957fd1a4dafc2c"
          },
          "sensitive_attributes": [],
          "identity_schema_version": 0,
          "private": "bnVsbA==",
          "dependencies": [
            "aws_s3_bucket.documents_bucket",
            "random_id.bucket_suffix"
          ]
        }
      ]
    },
    {
      "mode": "managed",
      "type": "aws_s3_bucket_notification",
      "name": "bucket_eventbridge_notification",
      "provider": "provider[\"registry.terraform.io/hashicorp/aws\"]",
      "instances": [
        {
          "schema_version": 0,
          "attributes": {
            "bucket": "inf2006-financial-docs-b0957fd1a4dafc2c",
            "eventbridge": true,
            "id": "inf2006-financial-docs-b0957fd1a4dafc2c",
            "lambda_function": [],
            "queue": [],
            "topic": []
          },
          "sensitive_attributes": [],
          "identity_schema_version": 0,
          "private": "bnVsbA==",
          "dependencies": [
            "aws_s3_bucket.documents_bucket",
            "random_id.bucket_suffix"
          ]
        }
      ]
    },
    {
      "mode": "managed",
      "type": "aws_s3_bucket_policy",
      "name": "allow_public_reports",
      "provider": "provider[\"registry.terraform.io/hashicorp/aws\"]",
      "instances": [
        {
          "schema_version": 0,
          "attributes": {
            "bucket": "inf2006-analytics-datalake",
            "id": "inf2006-analytics-datalake",
            "policy": "{\"Statement\":[{\"Action\":\"s3:GetObject\",\"Effect\":\"Allow\",\"Principal\":\"*\",\"Resource\":\"arn:aws:s3:::inf2006-analytics-datalake/reports/*\",\"Sid\":\"PublicReadForReportsFolder\"}],\"Version\":\"2012-10-17\"}"
          },
          "sensitive_attributes": [],
          "identity_schema_version": 0,
          "private": "bnVsbA==",
          "dependencies": [
            "aws_s3_bucket.analytics_datalake",
            "aws_s3_bucket_public_access_block.analytics_public_access"
          ]
        }
      ]
    },
    {
      "mode": "managed",
      "type": "aws_s3_bucket_public_access_block",
      "name": "analytics_public_access",
      "provider": "provider[\"registry.terraform.io/hashicorp/aws\"]",
      "instances": [
        {
          "schema_version": 0,
          "attributes": {
            "block_public_acls": false,
            "block_public_policy": false,
            "bucket": "inf2006-analytics-datalake",
            "id": "inf2006-analytics-datalake",
            "ignore_public_acls": false,
            "restrict_public_buckets": false
          },
          "sensitive_attributes": [],
          "identity_schema_version": 0,
          "private": "bnVsbA==",
          "dependencies": [
            "aws_s3_bucket.analytics_datalake"
          ]
        }
      ]
    },
    {
      "mode": "managed",
      "type": "aws_s3_bucket_versioning",
      "name": "documents_bucket_versioning",
      "provider": "provider[\"registry.terraform.io/hashicorp/aws\"]",
      "instances": [
        {
          "schema_version": 0,
          "attributes": {
            "bucket": "inf2006-financial-docs-b0957fd1a4dafc2c",
            "expected_bucket_owner": "",
            "id": "inf2006-financial-docs-b0957fd1a4dafc2c",
            "mfa": null,
            "versioning_configuration": [
              {
                "mfa_delete": "",
                "status": "Enabled"
              }
            ]
          },
          "sensitive_attributes": [],
          "identity_schema_version": 0,
          "private": "bnVsbA==",
          "dependencies": [
            "aws_s3_bucket.documents_bucket",
            "random_id.bucket_suffix"
          ]
        }
      ]
    },
    {
      "mode": "managed",
      "type": "aws_s3_bucket_versioning",
      "name": "inf2006-s3frontend_versioning",
      "provider": "provider[\"registry.terraform.io/hashicorp/aws\"]",
      "instances": [
        {
          "schema_version": 0,
          "attributes": {
            "bucket": "inf2006-s3frontend",
            "expected_bucket_owner": "",
            "id": "inf2006-s3frontend",
            "mfa": null,
            "versioning_configuration": [
              {
                "mfa_delete": "",
                "status": "Suspended"
              }
            ]
          },
          "sensitive_attributes": [],
          "identity_schema_version": 0,
          "private": "bnVsbA==",
          "dependencies": [
            "aws_s3_bucket.inf2006-s3frontend"
          ]
        }
      ]
    },
    {
      "mode": "managed",
      "type": "aws_sfn_state_machine",
      "name": "document_processing_workflow",
      "provider": "provider[\"registry.terraform.io/hashicorp/aws\"]",
      "instances": [
        {
          "schema_version": 0,
          "attributes": {
            "arn": "arn:aws:states:us-east-1:335360747232:stateMachine:FinancialDocumentProcessingWorkflow",
            "creation_date": "2025-10-13T16:18:30Z",
            "definition": "{\"Comment\":\"Full pipeline: OCR -\\u003e Entity Extraction -\\u003e Categorization -\\u003e DB Save\",\"StartAt\":\"ExtractTextWithTextract\",\"States\":{\"CategorizeExpense\":{\"Next\":\"SaveToDynamoDB\",\"Parameters\":{\"FunctionName\":\"arn:aws:lambda:us-east-1:335360747232:function:categorize-expense\",\"Payload.$\":\"$.sagemaker_output.parsed_body\"},\"Resource\":\"arn:aws:states:::lambda:invoke\",\"ResultPath\":\"$.categorizer_output\",\"ResultSelector\":{\"parsed_body.$\":\"States.StringToJson($.Payload.body)\"},\"Retry\":[{\"BackoffRate\":2,\"ErrorEquals\":[\"Lambda.ServiceException\",\"Lambda.AWSLambdaException\",\"Lambda.SdkClientException\",\"Lambda.TooManyRequestsException\",\"States.TaskFailed\"],\"IntervalSeconds\":2,\"MaxAttempts\":6}],\"Type\":\"Task\"},\"ExtractEntitiesWithSageMaker\":{\"Next\":\"CategorizeExpense\",\"Parameters\":{\"FunctionName\":\"arn:aws:lambda:us-east-1:335360747232:function:extract-entities-from-text\",\"Payload.$\":\"$.textract_output.parsed_body\"},\"Resource\":\"arn:aws:states:::lambda:invoke\",\"ResultPath\":\"$.sagemaker_output\",\"ResultSelector\":{\"parsed_body.$\":\"States.StringToJson($.Payload.body)\"},\"Retry\":[{\"BackoffRate\":2,\"ErrorEquals\":[\"Lambda.ServiceException\",\"Lambda.AWSLambdaException\",\"Lambda.SdkClientException\",\"Lambda.TooManyRequestsException\",\"States.TaskFailed\"],\"IntervalSeconds\":2,\"MaxAttempts\":6}],\"Type\":\"Task\"},\"ExtractTextWithTextract\":{\"Next\":\"ExtractEntitiesWithSageMaker\",\"Parameters\":{\"FunctionName\":\"arn:aws:lambda:us-east-1:335360747232:function:process-financial-document\",\"Payload.$\":\"$\"},\"Resource\":\"arn:aws:states:::lambda:invoke\",\"ResultPath\":\"$.textract_output\",\"ResultSelector\":{\"parsed_body.$\":\"States.StringToJson($.Payload.body)\"},\"Retry\":[{\"BackoffRate\":2,\"ErrorEquals\":[\"Lambda.ServiceException\",\"Lambda.AWSLambdaException\",\"Lambda.SdkClientException\",\"Lambda.TooManyRequestsException\",\"States.TaskFailed\"],\"IntervalSeconds\":2,\"MaxAttempts\":6}],\"Type\":\"Task\"},\"RefreshQuickSight\":{\"Catch\":[{\"ErrorEquals\":[\"States.ALL\"],\"Next\":\"WorkflowComplete\"}],\"Next\":\"WorkflowComplete\",\"Parameters\":{\"FunctionName\":\"arn:aws:lambda:us-east-1:335360747232:function:refresh-quicksight-dataset\",\"Payload.$\":\"$\"},\"Resource\":\"arn:aws:states:::lambda:invoke\",\"Type\":\"Task\"},\"SaveToDynamoDB\":{\"Next\":\"RefreshQuickSight\",\"Parameters\":{\"FunctionName\":\"arn:aws:lambda:us-east-1:335360747232:function:save-processed-document\",\"Payload.$\":\"$.categorizer_output.parsed_body\"},\"Resource\":\"arn:aws:states:::lambda:invoke\",\"Retry\":[{\"BackoffRate\":2,\"ErrorEquals\":[\"DynamoDB.ProvisionedThroughputExceededException\",\"Lambda.TooManyRequestsException\"],\"IntervalSeconds\":1,\"MaxAttempts\":3}],\"Type\":\"Task\"},\"WorkflowComplete\":{\"End\":true,\"Type\":\"Pass\"}}}",
            "description": "",
            "encryption_configuration": [
              {
                "kms_data_key_reuse_period_seconds": 0,
                "kms_key_id": "",
                "type": "AWS_OWNED_KEY"
              }
            ],
            "id": "arn:aws:states:us-east-1:335360747232:stateMachine:FinancialDocumentProcessingWorkflow",
            "logging_configuration": [
              {
                "include_execution_data": false,
                "level": "OFF",
                "log_destination": ""
              }
            ],
            "name": "FinancialDocumentProcessingWorkflow",
            "name_prefix": "",
            "publish": false,
            "revision_id": "9d739962-1cb9-42b2-bf9f-b9a44021f8fd",
            "role_arn": "arn:aws:iam::335360747232:role/document-processing-workflow-role",
            "state_machine_version_arn": "",
            "status": "ACTIVE",
            "tags": {},
            "tags_all": {},
            "timeouts": null,
            "tracing_configuration": [
              {
                "enabled": false
              }
            ],
            "type": "STANDARD",
            "version_description": null
          },
          "sensitive_attributes": [],
          "identity_schema_version": 0,
          "private": "eyJlMmJmYjczMC1lY2FhLTExZTYtOGY4OC0zNDM2M2JjN2M0YzAiOnsiY3JlYXRlIjozMDAwMDAwMDAwMDAsImRlbGV0ZSI6MzAwMDAwMDAwMDAwLCJ1cGRhdGUiOjYwMDAwMDAwMDAwfX0=",
          "dependencies": [
            "aws_dynamodb_table.processed_documents",
            "aws_iam_role.processing_workflow_role",
            "aws_lambda_function.document_processor",
            "aws_lambda_function.entity_extractor",
            "aws_lambda_function.expense_categorizer",
            "aws_lambda_function.refresh_quicksight",
            "aws_lambda_function.save_to_dynamodb",
            "data.archive_file.categorizer_zip",
            "data.archive_file.entity_extractor_lambda_zip",
            "data.archive_file.processing_lambda_zip",
            "data.archive_file.refresh_qs_zip",
            "data.archive_file.saver_zip",
            "data.aws_caller_identity.current"
          ]
        }
      ]
    },
    {
      "mode": "managed",
      "type": "random_id",
      "name": "bucket_suffix",
      "provider": "provider[\"registry.terraform.io/hashicorp/random\"]",
      "instances": [
        {
          "schema_version": 0,
          "attributes": {
            "b64_std": "sJV/0aTa/Cw=",
            "b64_url": "sJV_0aTa_Cw",
            "byte_length": 8,
            "dec": "12724216860595911724",
            "hex": "b0957fd1a4dafc2c",
            "id": "sJV_0aTa_Cw",
            "keepers": null,
            "prefix": null
          },
          "sensitive_attributes": [],
          "identity_schema_version": 0,
          "create_before_destroy": true
        }
      ]
    }
  ],
  "check_results": null
}
