{
  "version": 4,
  "terraform_version": "1.13.3",
  "serial": 103,
  "lineage": "24fb521f-906a-89d4-c1e8-d2c79d0fcde7",
  "outputs": {
    "api_endpoint_url": {
      "value": "https://qcglc0j7e2.execute-api.us-east-1.amazonaws.com/",
      "type": "string"
    }
  },
  "resources": [
    {
      "mode": "data",
      "type": "archive_file",
      "name": "categorizer_zip",
      "provider": "provider[\"registry.terraform.io/hashicorp/archive\"]",
      "instances": [
        {
          "schema_version": 0,
          "attributes": {
            "exclude_symlink_directories": null,
            "excludes": null,
            "id": "b3ac1c25e7cd99a2480a8ea7faaac4a03ecd6acc",
            "output_base64sha256": "NnYJKwRwj83jc50Hd4Biu3IfTbObRZhv6wwqtDVc9+4=",
            "output_base64sha512": "emT9phJM9wTecTw4qFHn9i+IU4KysphNE4p1qg0B2zeTNA8/Jw+640z5093TGXjCYHwtIDoRsaWiRkaEKanlIQ==",
            "output_file_mode": null,
            "output_md5": "b5f2ba3b5fd335ca5e00c483d37d7dbe",
            "output_path": "expense_categorizer.zip",
            "output_sha": "b3ac1c25e7cd99a2480a8ea7faaac4a03ecd6acc",
            "output_sha256": "3676092b04708fcde3739d07778062bb721f4db39b45986feb0c2ab4355cf7ee",
            "output_sha512": "7a64fda6124cf704de713c38a851e7f62f885382b2b2984d138a75aa0d01db3793340f3f270fbae34cf9d3ddd31978c2607c2d203a11b1a5a246468429a9e521",
            "output_size": 1357,
            "source": [],
            "source_content": null,
            "source_content_filename": null,
            "source_dir": "../backend-lambda/expense_categorizer/",
            "source_file": null,
            "type": "zip"
          },
          "sensitive_attributes": [],
          "identity_schema_version": 0
        }
      ]
    },
    {
      "mode": "data",
      "type": "archive_file",
      "name": "entity_extractor_lambda_zip",
      "provider": "provider[\"registry.terraform.io/hashicorp/archive\"]",
      "instances": [
        {
          "schema_version": 0,
          "attributes": {
            "exclude_symlink_directories": null,
            "excludes": null,
            "id": "77514cb9b9fba04526c903ad5f23be7b14ba41be",
            "output_base64sha256": "ZSJCPZH/pkccUvk2pkT/yDrIbBpjQGV3xw4MeD6+uxo=",
            "output_base64sha512": "uCC2GXc8ZPmJSf1sX1d5m4SCPx2at9ACvu1ERI2c9xYl0AV6uxr5ex+VMXZfN2TpTkrdPqPigW9Uy+1GEOczIg==",
            "output_file_mode": null,
            "output_md5": "41cf2b5051a0e69eff1c69df5345187d",
            "output_path": "entity_extractor_lambda.zip",
            "output_sha": "77514cb9b9fba04526c903ad5f23be7b14ba41be",
            "output_sha256": "6522423d91ffa6471c52f936a644ffc83ac86c1a63406577c70e0c783ebebb1a",
            "output_sha512": "b820b619773c64f98949fd6c5f57799b84823f1d9ab7d002beed44448d9cf71625d0057abb1af97b1f9531765f3764e94e4add3ea3e2816f54cbed4610e73322",
            "output_size": 987,
            "source": [],
            "source_content": null,
            "source_content_filename": null,
            "source_dir": "../backend-lambda/entity_extractor/",
            "source_file": null,
            "type": "zip"
          },
          "sensitive_attributes": [],
          "identity_schema_version": 0
        }
      ]
    },
    {
      "mode": "data",
      "type": "archive_file",
      "name": "etl_zip",
      "provider": "provider[\"registry.terraform.io/hashicorp/archive\"]",
      "instances": [
        {
          "schema_version": 0,
          "attributes": {
            "exclude_symlink_directories": null,
            "excludes": null,
            "id": "2e19bf42febcb0e3ca083c444cfbe63053c7702c",
            "output_base64sha256": "mTTRiKhzQUUI86OcArLHyxB4uXkCHSH628WJ3+CoDkY=",
            "output_base64sha512": "j3a4fmU0F1LjvELq89N4SfaVtjKA803XZ3jRW5MEdOSCcaENSGDpfLE7D7ERbgnqMydkG06BHksXmQdrSdK/+w==",
            "output_file_mode": null,
            "output_md5": "d004021689a13453914c918acfb54af9",
            "output_path": "etl_stream_to_s3.zip",
            "output_sha": "2e19bf42febcb0e3ca083c444cfbe63053c7702c",
            "output_sha256": "9934d188a873414508f3a39c02b2c7cb1078b979021d21fadbc589dfe0a80e46",
            "output_sha512": "8f76b87e65341752e3bc42eaf3d37849f695b63280f34dd76778d15b930474e48271a10d4860e97cb13b0fb1116e09ea3327641b4e811e4b1799076b49d2bffb",
            "output_size": 1091,
            "source": [],
            "source_content": null,
            "source_content_filename": null,
            "source_dir": "../backend-lambda/etl_stream_to_s3/",
            "source_file": null,
            "type": "zip"
          },
          "sensitive_attributes": [],
          "identity_schema_version": 0
        }
      ]
    },
    {
      "mode": "data",
      "type": "archive_file",
      "name": "presigned_url_lambda_zip",
      "provider": "provider[\"registry.terraform.io/hashicorp/archive\"]",
      "instances": [
        {
          "schema_version": 0,
          "attributes": {
            "exclude_symlink_directories": null,
            "excludes": null,
            "id": "024979d6531a8ddd6ec500548c7b7889d0ea3fb6",
            "output_base64sha256": "ubZpGvB2OwS/oZJIropRkd8nAi1CM1NZMf+iC95AOuE=",
            "output_base64sha512": "NVx1sZdJ/t+8sbzHNfLZHH1ad3TVfD+4Aq1kBb2LDTXu3QU7hPDCuy3bFaE/cAIHGwyweJzanAvZbj9VparKiQ==",
            "output_file_mode": null,
            "output_md5": "e416a640e58e065230696c101728579c",
            "output_path": "presigned_url_lambda.zip",
            "output_sha": "024979d6531a8ddd6ec500548c7b7889d0ea3fb6",
            "output_sha256": "b9b6691af0763b04bfa19248ae8a5191df27022d4233535931ffa20bde403ae1",
            "output_sha512": "355c75b19749fedfbcb1bcc735f2d91c7d5a7774d57c3fb802ad6405bd8b0d35eedd053b84f0c2bb2ddb15a13f7002071b0cb0789cda9c0bd96e3f55a5aaca89",
            "output_size": 865,
            "source": [],
            "source_content": null,
            "source_content_filename": null,
            "source_dir": "../backend-lambda/presigned_url_generator/",
            "source_file": null,
            "type": "zip"
          },
          "sensitive_attributes": [],
          "identity_schema_version": 0
        }
      ]
    },
    {
      "mode": "data",
      "type": "archive_file",
      "name": "processing_lambda_zip",
      "provider": "provider[\"registry.terraform.io/hashicorp/archive\"]",
      "instances": [
        {
          "schema_version": 0,
          "attributes": {
            "exclude_symlink_directories": null,
            "excludes": null,
            "id": "bd3a49fa8c7c3109e9841c33dab80dd1f25025d2",
            "output_base64sha256": "Kad2j3aCpmMReQ1mGMc3AS0wGJLU0vRycFVjzTLs8qA=",
            "output_base64sha512": "RAgnq3U9zr9F6vQ/eNQ0TE2DHTSDvC0cki/dmpU+AMA5NWjFkktxA7YCZIV/0JRSZybPPZqEPN/77/HrevSlfw==",
            "output_file_mode": null,
            "output_md5": "5358fdaadda333aa843f46da11565222",
            "output_path": "document_processor_lambda.zip",
            "output_sha": "bd3a49fa8c7c3109e9841c33dab80dd1f25025d2",
            "output_sha256": "29a7768f7682a66311790d6618c737012d301892d4d2f472705563cd32ecf2a0",
            "output_sha512": "440827ab753dcebf45eaf43f78d4344c4d831d3483bc2d1c922fdd9a953e00c0393568c5924b7103b60264857fd094526726cf3d9a843cdffbeff1eb7af4a57f",
            "output_size": 987,
            "source": [],
            "source_content": null,
            "source_content_filename": null,
            "source_dir": "../backend-lambda/document_processor/",
            "source_file": null,
            "type": "zip"
          },
          "sensitive_attributes": [],
          "identity_schema_version": 0
        }
      ]
    },
    {
      "mode": "data",
      "type": "archive_file",
      "name": "saver_zip",
      "provider": "provider[\"registry.terraform.io/hashicorp/archive\"]",
      "instances": [
        {
          "schema_version": 0,
          "attributes": {
            "exclude_symlink_directories": null,
            "excludes": null,
            "id": "1d1a2b5a62ff5981fe64a96627496ab4ae9ea828",
            "output_base64sha256": "L1i2Rl2D1C9zb6RB5/TaW+rI1Yeb8qw87UGVNImsTmo=",
            "output_base64sha512": "bNzfDeXSvQExbTBSXBErPaNj/62FHsV1hA8ZPcqQhKjED4oERFXwejGF7Riq5MrXCLEId6MIOmj9ZN3ng6ei/g==",
            "output_file_mode": null,
            "output_md5": "9b2d4e91e2654ef22ec6f192d2034606",
            "output_path": "save_to_dynamodb.zip",
            "output_sha": "1d1a2b5a62ff5981fe64a96627496ab4ae9ea828",
            "output_sha256": "2f58b6465d83d42f736fa441e7f4da5beac8d5879bf2ac3ced41953489ac4e6a",
            "output_sha512": "6cdcdf0de5d2bd01316d30525c112b3da363ffad851ec575840f193dca9084a8c40f8a044455f07a3185ed18aae4cad708b10877a3083a68fd64dde783a7a2fe",
            "output_size": 656,
            "source": [],
            "source_content": null,
            "source_content_filename": null,
            "source_dir": "../backend-lambda/save_to_dynamodb/",
            "source_file": null,
            "type": "zip"
          },
          "sensitive_attributes": [],
          "identity_schema_version": 0
        }
      ]
    },
    {
      "mode": "managed",
      "type": "aws_apigatewayv2_api",
      "name": "http_api",
      "provider": "provider[\"registry.terraform.io/hashicorp/aws\"]",
      "instances": [
        {
          "schema_version": 0,
          "attributes": {
            "api_endpoint": "https://qcglc0j7e2.execute-api.us-east-1.amazonaws.com",
            "api_key_selection_expression": "$request.header.x-api-key",
            "arn": "arn:aws:apigateway:us-east-1::/apis/qcglc0j7e2",
            "body": null,
            "cors_configuration": [
              {
                "allow_credentials": false,
                "allow_headers": [
                  "*"
                ],
                "allow_methods": [
                  "GET",
                  "POST",
                  "PUT"
                ],
                "allow_origins": [
                  "*"
                ],
                "expose_headers": [],
                "max_age": 0
              }
            ],
            "credentials_arn": null,
            "description": "",
            "disable_execute_api_endpoint": false,
            "execution_arn": "arn:aws:execute-api:us-east-1:335360747232:qcglc0j7e2",
            "fail_on_warnings": null,
            "id": "qcglc0j7e2",
            "ip_address_type": "ipv4",
            "name": "presigned-url-api",
            "protocol_type": "HTTP",
            "route_key": null,
            "route_selection_expression": "$request.method $request.path",
            "tags": {},
            "tags_all": {},
            "target": null,
            "version": ""
          },
          "sensitive_attributes": [],
          "identity_schema_version": 0,
          "private": "bnVsbA==",
          "create_before_destroy": true
        }
      ]
    },
    {
      "mode": "managed",
      "type": "aws_apigatewayv2_deployment",
      "name": "api_deployment",
      "provider": "provider[\"registry.terraform.io/hashicorp/aws\"]",
      "instances": [
        {
          "schema_version": 0,
          "attributes": {
            "api_id": "qcglc0j7e2",
            "auto_deployed": false,
            "description": "",
            "id": "hvyb4s",
            "triggers": {
              "redeployment": "707252eb4c6a41e36bc09ac5cd58aec63fe1d3ba"
            }
          },
          "sensitive_attributes": [],
          "identity_schema_version": 0,
          "private": "bnVsbA==",
          "dependencies": [
            "aws_apigatewayv2_api.http_api",
            "aws_apigatewayv2_integration.lambda_integration",
            "aws_apigatewayv2_route.get_upload_url",
            "aws_iam_role.presigned_url_lambda_role",
            "aws_lambda_function.presigned_url_generator",
            "aws_s3_bucket.documents_bucket",
            "data.archive_file.presigned_url_lambda_zip",
            "random_id.bucket_suffix"
          ],
          "create_before_destroy": true
        }
      ]
    },
    {
      "mode": "managed",
      "type": "aws_apigatewayv2_integration",
      "name": "lambda_integration",
      "provider": "provider[\"registry.terraform.io/hashicorp/aws\"]",
      "instances": [
        {
          "schema_version": 0,
          "attributes": {
            "api_id": "qcglc0j7e2",
            "connection_id": "",
            "connection_type": "INTERNET",
            "content_handling_strategy": "",
            "credentials_arn": "",
            "description": "",
            "id": "7tt4iyd",
            "integration_method": "POST",
            "integration_response_selection_expression": "",
            "integration_subtype": "",
            "integration_type": "AWS_PROXY",
            "integration_uri": "arn:aws:apigateway:us-east-1:lambda:path/2015-03-31/functions/arn:aws:lambda:us-east-1:335360747232:function:generate-presigned-url/invocations",
            "passthrough_behavior": "",
            "payload_format_version": "1.0",
            "request_parameters": {},
            "request_templates": {},
            "response_parameters": [],
            "template_selection_expression": "",
            "timeout_milliseconds": 30000,
            "tls_config": []
          },
          "sensitive_attributes": [],
          "identity_schema_version": 0,
          "private": "bnVsbA==",
          "dependencies": [
            "aws_apigatewayv2_api.http_api",
            "aws_iam_role.presigned_url_lambda_role",
            "aws_lambda_function.presigned_url_generator",
            "aws_s3_bucket.documents_bucket",
            "data.archive_file.presigned_url_lambda_zip",
            "random_id.bucket_suffix"
          ],
          "create_before_destroy": true
        }
      ]
    },
    {
      "mode": "managed",
      "type": "aws_apigatewayv2_route",
      "name": "get_upload_url",
      "provider": "provider[\"registry.terraform.io/hashicorp/aws\"]",
      "instances": [
        {
          "schema_version": 0,
          "attributes": {
            "api_id": "qcglc0j7e2",
            "api_key_required": false,
            "authorization_scopes": [],
            "authorization_type": "NONE",
            "authorizer_id": "",
            "id": "ksfutfr",
            "model_selection_expression": "",
            "operation_name": "",
            "request_models": {},
            "request_parameter": [],
            "route_key": "GET /generate-upload-url",
            "route_response_selection_expression": "",
            "target": "integrations/7tt4iyd"
          },
          "sensitive_attributes": [],
          "identity_schema_version": 0,
          "private": "bnVsbA==",
          "dependencies": [
            "aws_apigatewayv2_api.http_api",
            "aws_apigatewayv2_integration.lambda_integration",
            "aws_iam_role.presigned_url_lambda_role",
            "aws_lambda_function.presigned_url_generator",
            "aws_s3_bucket.documents_bucket",
            "data.archive_file.presigned_url_lambda_zip",
            "random_id.bucket_suffix"
          ],
          "create_before_destroy": true
        }
      ]
    },
    {
      "mode": "managed",
      "type": "aws_apigatewayv2_stage",
      "name": "default",
      "provider": "provider[\"registry.terraform.io/hashicorp/aws\"]",
      "instances": [
        {
          "schema_version": 0,
          "attributes": {
            "access_log_settings": [],
            "api_id": "qcglc0j7e2",
            "arn": "arn:aws:apigateway:us-east-1::/apis/qcglc0j7e2/stages/$default",
            "auto_deploy": false,
            "client_certificate_id": "",
            "default_route_settings": [
              {
                "data_trace_enabled": false,
                "detailed_metrics_enabled": false,
                "logging_level": "",
                "throttling_burst_limit": 0,
                "throttling_rate_limit": 0
              }
            ],
            "deployment_id": "hvyb4s",
            "description": "",
            "execution_arn": "arn:aws:execute-api:us-east-1:335360747232:qcglc0j7e2/$default",
            "id": "$default",
            "invoke_url": "https://qcglc0j7e2.execute-api.us-east-1.amazonaws.com/",
            "name": "$default",
            "route_settings": [],
            "stage_variables": {},
            "tags": {},
            "tags_all": {}
          },
          "sensitive_attributes": [],
          "identity_schema_version": 0,
          "private": "bnVsbA==",
          "dependencies": [
            "aws_apigatewayv2_api.http_api",
            "aws_apigatewayv2_deployment.api_deployment",
            "aws_apigatewayv2_integration.lambda_integration",
            "aws_apigatewayv2_route.get_upload_url",
            "aws_iam_role.presigned_url_lambda_role",
            "aws_lambda_function.presigned_url_generator",
            "aws_s3_bucket.documents_bucket",
            "data.archive_file.presigned_url_lambda_zip",
            "random_id.bucket_suffix"
          ]
        }
      ]
    },
    {
      "mode": "managed",
      "type": "aws_athena_workgroup",
      "name": "analytics_workgroup",
      "provider": "provider[\"registry.terraform.io/hashicorp/aws\"]",
      "instances": [
        {
          "schema_version": 0,
          "attributes": {
            "arn": "arn:aws:athena:us-east-1:335360747232:workgroup/inf2006-analytics-workgroup",
            "configuration": [
              {
                "bytes_scanned_cutoff_per_query": 0,
                "enforce_workgroup_configuration": true,
                "engine_version": [
                  {
                    "effective_engine_version": "Athena engine version 3",
                    "selected_engine_version": "AUTO"
                  }
                ],
                "execution_role": "",
                "publish_cloudwatch_metrics_enabled": true,
                "requester_pays_enabled": false,
                "result_configuration": [
                  {
                    "acl_configuration": [],
                    "encryption_configuration": [],
                    "expected_bucket_owner": "",
                    "output_location": "s3://inf2006-athena-query-results/"
                  }
                ]
              }
            ],
            "description": "",
            "force_destroy": false,
            "id": "inf2006-analytics-workgroup",
            "name": "inf2006-analytics-workgroup",
            "state": "ENABLED",
            "tags": {},
            "tags_all": {}
          },
          "sensitive_attributes": [],
          "identity_schema_version": 0,
          "private": "bnVsbA==",
          "dependencies": [
            "aws_s3_bucket.athena_results"
          ]
        }
      ]
    },
    {
      "mode": "managed",
      "type": "aws_cloudfront_distribution",
      "name": "inf2006_distribution",
      "provider": "provider[\"registry.terraform.io/hashicorp/aws\"]",
      "instances": [
        {
          "schema_version": 1,
          "attributes": {
            "aliases": [],
            "arn": "arn:aws:cloudfront::335360747232:distribution/E3CSCCIHPK1UI7",
            "caller_reference": "terraform-20251016123400547800000001",
            "comment": null,
            "continuous_deployment_policy_id": "",
            "custom_error_response": [],
            "default_cache_behavior": [
              {
                "allowed_methods": [
                  "GET",
                  "HEAD"
                ],
                "cache_policy_id": "658327ea-f89d-4fab-a63d-7e88639e58f6",
                "cached_methods": [
                  "GET",
                  "HEAD"
                ],
                "compress": false,
                "default_ttl": 0,
                "field_level_encryption_id": "",
                "forwarded_values": [],
                "function_association": [],
                "grpc_config": [
                  {
                    "enabled": false
                  }
                ],
                "lambda_function_association": [],
                "max_ttl": 0,
                "min_ttl": 0,
                "origin_request_policy_id": "",
                "realtime_log_config_arn": "",
                "response_headers_policy_id": "",
                "smooth_streaming": false,
                "target_origin_id": "S3-Website-inf2006-s3frontend",
                "trusted_key_groups": [],
                "trusted_signers": [],
                "viewer_protocol_policy": "redirect-to-https"
              }
            ],
            "default_root_object": "",
            "domain_name": "dypjysi4zr0oi.cloudfront.net",
            "enabled": true,
            "etag": "E3DTJM92TATP83",
            "hosted_zone_id": "Z2FDTNDATAQYW2",
            "http_version": "http2",
            "id": "E3CSCCIHPK1UI7",
            "in_progress_validation_batches": 0,
            "is_ipv6_enabled": false,
            "last_modified_time": "2025-10-16 12:34:01.201 +0000 UTC",
            "logging_config": [],
            "ordered_cache_behavior": [],
            "origin": [
              {
                "connection_attempts": 3,
                "connection_timeout": 10,
                "custom_header": [],
                "custom_origin_config": [
                  {
                    "http_port": 80,
                    "https_port": 443,
                    "origin_keepalive_timeout": 5,
                    "origin_protocol_policy": "http-only",
                    "origin_read_timeout": 30,
                    "origin_ssl_protocols": [
                      "TLSv1.2"
                    ]
                  }
                ],
                "domain_name": "inf2006-s3frontend.s3-website-us-east-1.amazonaws.com",
                "origin_access_control_id": "",
                "origin_id": "S3-Website-inf2006-s3frontend",
                "origin_path": "",
                "origin_shield": [],
                "s3_origin_config": [],
                "vpc_origin_config": []
              }
            ],
            "origin_group": [],
            "price_class": "PriceClass_All",
            "restrictions": [
              {
                "geo_restriction": [
                  {
                    "locations": [],
                    "restriction_type": "none"
                  }
                ]
              }
            ],
            "retain_on_delete": false,
            "staging": false,
            "status": "Deployed",
            "tags": {
              "Name": "inf2006-frontend"
            },
            "tags_all": {
              "Name": "inf2006-frontend"
            },
            "trusted_key_groups": [
              {
                "enabled": false,
                "items": []
              }
            ],
            "trusted_signers": [
              {
                "enabled": false,
                "items": []
              }
            ],
            "viewer_certificate": [
              {
                "acm_certificate_arn": "",
                "cloudfront_default_certificate": true,
                "iam_certificate_id": "",
                "minimum_protocol_version": "TLSv1",
                "ssl_support_method": ""
              }
            ],
            "wait_for_deployment": true,
            "web_acl_id": ""
          },
          "sensitive_attributes": [],
          "identity_schema_version": 0,
          "private": "eyJzY2hlbWFfdmVyc2lvbiI6IjEifQ==",
          "dependencies": [
            "aws_s3_bucket.inf2006-s3frontend"
          ]
        }
      ]
    },
    {
      "mode": "managed",
      "type": "aws_cloudwatch_event_rule",
      "name": "s3_upload_rule",
      "provider": "provider[\"registry.terraform.io/hashicorp/aws\"]",
      "instances": [
        {
          "schema_version": 1,
          "attributes": {
            "arn": "arn:aws:events:us-east-1:335360747232:rule/CaptureS3UploadsForStepFunctions",
            "description": "Triggers the Step Function workflow when a file is uploaded to the 'uploads/' folder.",
            "event_bus_name": "default",
            "event_pattern": "{\"detail\":{\"bucket\":{\"name\":[\"inf2006-financial-docs-b0957fd1a4dafc2c\"]},\"object\":{\"key\":[{\"prefix\":\"uploads/\"}]}},\"detail-type\":[\"Object Created\"],\"source\":[\"aws.s3\"]}",
            "force_destroy": false,
            "id": "CaptureS3UploadsForStepFunctions",
            "is_enabled": true,
            "name": "CaptureS3UploadsForStepFunctions",
            "name_prefix": "",
            "role_arn": "",
            "schedule_expression": "",
            "state": "ENABLED",
            "tags": {},
            "tags_all": {}
          },
          "sensitive_attributes": [],
          "identity_schema_version": 0,
          "private": "eyJzY2hlbWFfdmVyc2lvbiI6IjEifQ==",
          "dependencies": [
            "aws_s3_bucket.documents_bucket",
            "random_id.bucket_suffix"
          ]
        }
      ]
    },
    {
      "mode": "managed",
      "type": "aws_cloudwatch_event_target",
      "name": "step_function_target",
      "provider": "provider[\"registry.terraform.io/hashicorp/aws\"]",
      "instances": [
        {
          "schema_version": 1,
          "attributes": {
            "appsync_target": [],
            "arn": "arn:aws:states:us-east-1:335360747232:stateMachine:FinancialDocumentProcessingWorkflow",
            "batch_target": [],
            "dead_letter_config": [],
            "ecs_target": [],
            "event_bus_name": "default",
            "force_destroy": false,
            "http_target": [],
            "id": "CaptureS3UploadsForStepFunctions-terraform-20251013165217302900000005",
            "input": "",
            "input_path": "",
            "input_transformer": [
              {
                "input_paths": {
                  "bucket": "$.detail.bucket.name",
                  "key": "$.detail.object.key"
                },
                "input_template": "{\r\n  \"Records\": [\r\n    {\r\n      \"s3\": {\r\n        \"bucket\": {\r\n          \"name\": \u003cbucket\u003e\r\n        },\r\n        \"object\": {\r\n          \"key\": \u003ckey\u003e\r\n        }\r\n      }\r\n    }\r\n  ]\r\n}\r\n"
              }
            ],
            "kinesis_target": [],
            "redshift_target": [],
            "retry_policy": [],
            "role_arn": "arn:aws:iam::335360747232:role/document-processing-workflow-role",
            "rule": "CaptureS3UploadsForStepFunctions",
            "run_command_targets": [],
            "sagemaker_pipeline_target": [],
            "sqs_target": [],
            "target_id": "terraform-20251013165217302900000005"
          },
          "sensitive_attributes": [],
          "identity_schema_version": 0,
          "private": "eyJzY2hlbWFfdmVyc2lvbiI6IjEifQ==",
          "dependencies": [
            "aws_cloudwatch_event_rule.s3_upload_rule",
            "aws_dynamodb_table.processed_documents",
            "aws_iam_role.processing_workflow_role",
            "aws_lambda_function.document_processor",
            "aws_lambda_function.entity_extractor",
            "aws_lambda_function.expense_categorizer",
            "aws_lambda_function.save_to_dynamodb",
            "aws_s3_bucket.documents_bucket",
            "aws_sfn_state_machine.document_processing_workflow",
            "data.archive_file.categorizer_zip",
            "data.archive_file.entity_extractor_lambda_zip",
            "data.archive_file.processing_lambda_zip",
            "data.archive_file.saver_zip",
            "random_id.bucket_suffix"
          ]
        }
      ]
    },
    {
      "mode": "managed",
      "type": "aws_dynamodb_table",
      "name": "processed_documents",
      "provider": "provider[\"registry.terraform.io/hashicorp/aws\"]",
      "instances": [
        {
          "schema_version": 1,
          "attributes": {
            "arn": "arn:aws:dynamodb:us-east-1:335360747232:table/inf2006-processed-documents",
            "attribute": [
              {
                "name": "document_id",
                "type": "S"
              }
            ],
            "billing_mode": "PAY_PER_REQUEST",
            "deletion_protection_enabled": false,
            "global_secondary_index": [],
            "hash_key": "document_id",
            "id": "inf2006-processed-documents",
            "import_table": [],
            "local_secondary_index": [],
            "name": "inf2006-processed-documents",
            "on_demand_throughput": [],
            "point_in_time_recovery": [
              {
                "enabled": false,
                "recovery_period_in_days": 0
              }
            ],
            "range_key": null,
            "read_capacity": 0,
            "replica": [],
            "restore_date_time": null,
            "restore_source_name": null,
            "restore_source_table_arn": null,
            "restore_to_latest_time": null,
            "server_side_encryption": [],
            "stream_arn": "arn:aws:dynamodb:us-east-1:335360747232:table/inf2006-processed-documents/stream/2025-11-15T10:40:57.173",
            "stream_enabled": true,
            "stream_label": "2025-11-15T10:40:57.173",
            "stream_view_type": "NEW_IMAGE",
            "table_class": "STANDARD",
            "tags": {
              "Project": "INF2006-Financial-Processor"
            },
            "tags_all": {
              "Project": "INF2006-Financial-Processor"
            },
            "timeouts": null,
            "ttl": [
              {
                "attribute_name": "",
                "enabled": false
              }
            ],
            "write_capacity": 0
          },
          "sensitive_attributes": [],
          "identity_schema_version": 0,
          "private": "eyJlMmJmYjczMC1lY2FhLTExZTYtOGY4OC0zNDM2M2JjN2M0YzAiOnsiY3JlYXRlIjoxODAwMDAwMDAwMDAwLCJkZWxldGUiOjYwMDAwMDAwMDAwMCwidXBkYXRlIjozNjAwMDAwMDAwMDAwfSwic2NoZW1hX3ZlcnNpb24iOiIxIn0="
        }
      ]
    },
    {
      "mode": "managed",
      "type": "aws_glue_catalog_database",
      "name": "analytics_db",
      "provider": "provider[\"registry.terraform.io/hashicorp/aws\"]",
      "instances": [
        {
          "schema_version": 0,
          "attributes": {
            "arn": "arn:aws:glue:us-east-1:335360747232:database/inf2006_analytics_db",
            "catalog_id": "335360747232",
            "create_table_default_permission": [
              {
                "permissions": [
                  "ALL"
                ],
                "principal": [
                  {
                    "data_lake_principal_identifier": "IAM_ALLOWED_PRINCIPALS"
                  }
                ]
              }
            ],
            "description": "",
            "federated_database": [],
            "id": "335360747232:inf2006_analytics_db",
            "location_uri": "",
            "name": "inf2006_analytics_db",
            "parameters": {},
            "tags": {},
            "tags_all": {},
            "target_database": []
          },
          "sensitive_attributes": [],
          "identity_schema_version": 0,
          "private": "bnVsbA=="
        }
      ]
    },
    {
      "mode": "managed",
      "type": "aws_glue_crawler",
      "name": "analytics_crawler",
      "provider": "provider[\"registry.terraform.io/hashicorp/aws\"]",
      "instances": [
        {
          "schema_version": 0,
          "attributes": {
            "arn": "arn:aws:glue:us-east-1:335360747232:crawler/inf2006-analytics-crawler",
            "catalog_target": [],
            "classifiers": [],
            "configuration": "{\"Version\":1.0,\"CrawlerOutput\":{\"Partitions\":{\"AddOrUpdateBehavior\":\"InheritFromTable\"}},\"Grouping\":{\"TableGroupingPolicy\":\"CombineCompatibleSchemas\"}}",
            "database_name": "inf2006_analytics_db",
            "delta_target": [],
            "description": "",
            "dynamodb_target": [],
            "hudi_target": [],
            "iceberg_target": [],
            "id": "inf2006-analytics-crawler",
            "jdbc_target": [],
            "lake_formation_configuration": [
              {
                "account_id": "",
                "use_lake_formation_credentials": false
              }
            ],
            "lineage_configuration": [
              {
                "crawler_lineage_settings": "DISABLE"
              }
            ],
            "mongodb_target": [],
            "name": "inf2006-analytics-crawler",
            "recrawl_policy": [
              {
                "recrawl_behavior": "CRAWL_EVERYTHING"
              }
            ],
            "role": "glue-crawler-role",
            "s3_target": [
              {
                "connection_name": "",
                "dlq_event_queue_arn": "",
                "event_queue_arn": "",
                "exclusions": [],
                "path": "s3://inf2006-analytics-datalake/processed_data/",
                "sample_size": 0
              }
            ],
            "schedule": "",
            "schema_change_policy": [
              {
                "delete_behavior": "LOG",
                "update_behavior": "UPDATE_IN_DATABASE"
              }
            ],
            "security_configuration": "",
            "table_prefix": "",
            "tags": {},
            "tags_all": {}
          },
          "sensitive_attributes": [],
          "identity_schema_version": 0,
          "private": "bnVsbA==",
          "dependencies": [
            "aws_glue_catalog_database.analytics_db",
            "aws_iam_role.glue_crawler_role",
            "aws_s3_bucket.analytics_datalake"
          ]
        }
      ]
    },
    {
      "mode": "managed",
      "type": "aws_iam_policy",
      "name": "etl_lambda_policy",
      "provider": "provider[\"registry.terraform.io/hashicorp/aws\"]",
      "instances": [
        {
          "schema_version": 0,
          "attributes": {
            "arn": "arn:aws:iam::335360747232:policy/ETLLambdaPolicy",
            "attachment_count": 1,
            "description": "",
            "id": "arn:aws:iam::335360747232:policy/ETLLambdaPolicy",
            "name": "ETLLambdaPolicy",
            "name_prefix": "",
            "path": "/",
            "policy": "{\"Statement\":[{\"Action\":\"s3:PutObject\",\"Effect\":\"Allow\",\"Resource\":\"arn:aws:s3:::inf2006-analytics-datalake/*\"},{\"Action\":[\"dynamodb:DescribeStream\",\"dynamodb:GetRecords\",\"dynamodb:GetShardIterator\",\"dynamodb:ListStreams\"],\"Effect\":\"Allow\",\"Resource\":\"arn:aws:dynamodb:us-east-1:335360747232:table/inf2006-processed-documents/stream/2025-11-15T10:40:57.173\"}],\"Version\":\"2012-10-17\"}",
            "policy_id": "ANPAU4FIO43QDWAOHNQCZ",
            "tags": {},
            "tags_all": {}
          },
          "sensitive_attributes": [],
          "identity_schema_version": 0,
          "private": "bnVsbA==",
          "dependencies": [
            "aws_dynamodb_table.processed_documents",
            "aws_s3_bucket.analytics_datalake"
          ]
        }
      ]
    },
    {
      "mode": "managed",
      "type": "aws_iam_policy",
      "name": "s3_put_presigned_policy",
      "provider": "provider[\"registry.terraform.io/hashicorp/aws\"]",
      "instances": [
        {
          "schema_version": 0,
          "attributes": {
            "arn": "arn:aws:iam::335360747232:policy/S3PutObjectPresignedPolicy",
            "attachment_count": 1,
            "description": "",
            "id": "arn:aws:iam::335360747232:policy/S3PutObjectPresignedPolicy",
            "name": "S3PutObjectPresignedPolicy",
            "name_prefix": "",
            "path": "/",
            "policy": "{\"Statement\":[{\"Action\":\"s3:PutObject\",\"Effect\":\"Allow\",\"Resource\":\"arn:aws:s3:::inf2006-financial-docs-b0957fd1a4dafc2c/*\"}],\"Version\":\"2012-10-17\"}",
            "policy_id": "ANPAU4FIO43QOTT5BZ6VK",
            "tags": {},
            "tags_all": {}
          },
          "sensitive_attributes": [],
          "identity_schema_version": 0,
          "private": "bnVsbA==",
          "dependencies": [
            "aws_s3_bucket.documents_bucket",
            "random_id.bucket_suffix"
          ]
        }
      ]
    },
    {
      "mode": "managed",
      "type": "aws_iam_policy",
      "name": "workflow_permissions_policy",
      "provider": "provider[\"registry.terraform.io/hashicorp/aws\"]",
      "instances": [
        {
          "schema_version": 0,
          "attributes": {
            "arn": "arn:aws:iam::335360747232:policy/WorkflowPermissionsPolicy",
            "attachment_count": 1,
            "description": "",
            "id": "arn:aws:iam::335360747232:policy/WorkflowPermissionsPolicy",
            "name": "WorkflowPermissionsPolicy",
            "name_prefix": "",
            "path": "/",
            "policy": "{\"Statement\":[{\"Action\":\"s3:GetObject\",\"Effect\":\"Allow\",\"Resource\":\"arn:aws:s3:::inf2006-financial-docs-b0957fd1a4dafc2c/*\"},{\"Action\":\"textract:DetectDocumentText\",\"Effect\":\"Allow\",\"Resource\":\"*\"},{\"Action\":\"sagemaker:InvokeEndpoint\",\"Effect\":\"Allow\",\"Resource\":\"*\"},{\"Action\":\"lambda:InvokeFunction\",\"Effect\":\"Allow\",\"Resource\":\"*\"},{\"Action\":[\"ecr:BatchGetImage\",\"ecr:GetDownloadUrlForLayer\"],\"Effect\":\"Allow\",\"Resource\":\"arn:aws:ecr:us-east-1:763104351884:repository/huggingface-pytorch-inference\"},{\"Action\":\"states:StartExecution\",\"Effect\":\"Allow\",\"Resource\":\"arn:aws:states:us-east-1:335360747232:stateMachine:FinancialDocumentProcessingWorkflow\"},{\"Action\":\"dynamodb:PutItem\",\"Effect\":\"Allow\",\"Resource\":\"arn:aws:dynamodb:us-east-1:335360747232:table/inf2006-processed-documents\"}],\"Version\":\"2012-10-17\"}",
            "policy_id": "ANPAU4FIO43QOXS2GLFAT",
            "tags": {},
            "tags_all": {}
          },
          "sensitive_attributes": [],
          "identity_schema_version": 0,
          "private": "bnVsbA==",
          "dependencies": [
            "aws_dynamodb_table.processed_documents",
            "aws_iam_role.processing_workflow_role",
            "aws_lambda_function.document_processor",
            "aws_lambda_function.entity_extractor",
            "aws_lambda_function.expense_categorizer",
            "aws_lambda_function.save_to_dynamodb",
            "aws_s3_bucket.documents_bucket",
            "aws_sfn_state_machine.document_processing_workflow",
            "data.archive_file.categorizer_zip",
            "data.archive_file.entity_extractor_lambda_zip",
            "data.archive_file.processing_lambda_zip",
            "data.archive_file.saver_zip",
            "random_id.bucket_suffix"
          ]
        }
      ]
    },
    {
      "mode": "managed",
      "type": "aws_iam_role",
      "name": "etl_lambda_role",
      "provider": "provider[\"registry.terraform.io/hashicorp/aws\"]",
      "instances": [
        {
          "schema_version": 0,
          "attributes": {
            "arn": "arn:aws:iam::335360747232:role/etl-lambda-role",
            "assume_role_policy": "{\"Statement\":[{\"Action\":\"sts:AssumeRole\",\"Effect\":\"Allow\",\"Principal\":{\"Service\":\"lambda.amazonaws.com\"}}],\"Version\":\"2012-10-17\"}",
            "create_date": "2025-11-15T11:20:39Z",
            "description": "",
            "force_detach_policies": false,
            "id": "etl-lambda-role",
            "inline_policy": [],
            "managed_policy_arns": [
              "arn:aws:iam::335360747232:policy/ETLLambdaPolicy",
              "arn:aws:iam::aws:policy/service-role/AWSLambdaBasicExecutionRole"
            ],
            "max_session_duration": 3600,
            "name": "etl-lambda-role",
            "name_prefix": "",
            "path": "/",
            "permissions_boundary": "",
            "tags": {},
            "tags_all": {},
            "unique_id": "AROAU4FIO43QNOA5CQM2X"
          },
          "sensitive_attributes": [],
          "identity_schema_version": 0,
          "private": "bnVsbA=="
        }
      ]
    },
    {
      "mode": "managed",
      "type": "aws_iam_role",
      "name": "glue_crawler_role",
      "provider": "provider[\"registry.terraform.io/hashicorp/aws\"]",
      "instances": [
        {
          "schema_version": 0,
          "attributes": {
            "arn": "arn:aws:iam::335360747232:role/glue-crawler-role",
            "assume_role_policy": "{\"Statement\":[{\"Action\":\"sts:AssumeRole\",\"Effect\":\"Allow\",\"Principal\":{\"Service\":\"glue.amazonaws.com\"}}],\"Version\":\"2012-10-17\"}",
            "create_date": "2025-11-15T11:33:08Z",
            "description": "",
            "force_detach_policies": false,
            "id": "glue-crawler-role",
            "inline_policy": [
              {
                "name": "GlueCrawlerS3Policy",
                "policy": "{\"Version\":\"2012-10-17\",\"Statement\":[{\"Action\":[\"s3:GetObject\",\"s3:ListBucket\"],\"Effect\":\"Allow\",\"Resource\":[\"arn:aws:s3:::inf2006-analytics-datalake\",\"arn:aws:s3:::inf2006-analytics-datalake/*\"]},{\"Action\":\"glue:*\",\"Effect\":\"Allow\",\"Resource\":\"*\"}]}"
              }
            ],
            "managed_policy_arns": [],
            "max_session_duration": 3600,
            "name": "glue-crawler-role",
            "name_prefix": "",
            "path": "/",
            "permissions_boundary": "",
            "tags": {},
            "tags_all": {},
            "unique_id": "AROAU4FIO43QNORXMIIVO"
          },
          "sensitive_attributes": [],
          "identity_schema_version": 0,
          "private": "bnVsbA=="
        }
      ]
    },
    {
      "mode": "managed",
      "type": "aws_iam_role",
      "name": "presigned_url_lambda_role",
      "provider": "provider[\"registry.terraform.io/hashicorp/aws\"]",
      "instances": [
        {
          "schema_version": 0,
          "attributes": {
            "arn": "arn:aws:iam::335360747232:role/presigned-url-lambda-role",
            "assume_role_policy": "{\"Statement\":[{\"Action\":\"sts:AssumeRole\",\"Effect\":\"Allow\",\"Principal\":{\"Service\":\"lambda.amazonaws.com\"}}],\"Version\":\"2012-10-17\"}",
            "create_date": "2025-10-13T16:51:50Z",
            "description": "",
            "force_detach_policies": false,
            "id": "presigned-url-lambda-role",
            "inline_policy": [],
            "managed_policy_arns": [
              "arn:aws:iam::335360747232:policy/S3PutObjectPresignedPolicy",
              "arn:aws:iam::aws:policy/service-role/AWSLambdaBasicExecutionRole"
            ],
            "max_session_duration": 3600,
            "name": "presigned-url-lambda-role",
            "name_prefix": "",
            "path": "/",
            "permissions_boundary": "",
            "tags": {},
            "tags_all": {},
            "unique_id": "AROAU4FIO43QDDCCFEVVL"
          },
          "sensitive_attributes": [],
          "identity_schema_version": 0,
          "private": "bnVsbA==",
          "create_before_destroy": true
        }
      ]
    },
    {
      "mode": "managed",
      "type": "aws_iam_role",
      "name": "processing_workflow_role",
      "provider": "provider[\"registry.terraform.io/hashicorp/aws\"]",
      "instances": [
        {
          "schema_version": 0,
          "attributes": {
            "arn": "arn:aws:iam::335360747232:role/document-processing-workflow-role",
            "assume_role_policy": "{\"Statement\":[{\"Action\":\"sts:AssumeRole\",\"Effect\":\"Allow\",\"Principal\":{\"Service\":\"lambda.amazonaws.com\"}},{\"Action\":\"sts:AssumeRole\",\"Effect\":\"Allow\",\"Principal\":{\"Service\":\"states.amazonaws.com\"}},{\"Action\":\"sts:AssumeRole\",\"Effect\":\"Allow\",\"Principal\":{\"Service\":\"sagemaker.amazonaws.com\"}},{\"Action\":\"sts:AssumeRole\",\"Effect\":\"Allow\",\"Principal\":{\"Service\":\"events.amazonaws.com\"}}],\"Version\":\"2012-10-17\"}",
            "create_date": "2025-10-13T16:51:50Z",
            "description": "",
            "force_detach_policies": false,
            "id": "document-processing-workflow-role",
            "inline_policy": [],
            "managed_policy_arns": [
              "arn:aws:iam::335360747232:policy/WorkflowPermissionsPolicy",
              "arn:aws:iam::aws:policy/service-role/AWSLambdaBasicExecutionRole"
            ],
            "max_session_duration": 3600,
            "name": "document-processing-workflow-role",
            "name_prefix": "",
            "path": "/",
            "permissions_boundary": "",
            "tags": {},
            "tags_all": {},
            "unique_id": "AROAU4FIO43QD5U2F3PO7"
          },
          "sensitive_attributes": [],
          "identity_schema_version": 0,
          "private": "bnVsbA=="
        }
      ]
    },
    {
      "mode": "managed",
      "type": "aws_iam_role_policy",
      "name": "glue_crawler_policy",
      "provider": "provider[\"registry.terraform.io/hashicorp/aws\"]",
      "instances": [
        {
          "schema_version": 0,
          "attributes": {
            "id": "glue-crawler-role:GlueCrawlerS3Policy",
            "name": "GlueCrawlerS3Policy",
            "name_prefix": "",
            "policy": "{\"Version\":\"2012-10-17\",\"Statement\":[{\"Action\":[\"s3:GetObject\",\"s3:ListBucket\"],\"Effect\":\"Allow\",\"Resource\":[\"arn:aws:s3:::inf2006-analytics-datalake\",\"arn:aws:s3:::inf2006-analytics-datalake/*\"]},{\"Action\":\"glue:*\",\"Effect\":\"Allow\",\"Resource\":\"*\"}]}",
            "role": "glue-crawler-role"
          },
          "sensitive_attributes": [],
          "identity_schema_version": 0,
          "private": "bnVsbA==",
          "dependencies": [
            "aws_iam_role.glue_crawler_role",
            "aws_s3_bucket.analytics_datalake"
          ]
        }
      ]
    },
    {
      "mode": "managed",
      "type": "aws_iam_role_policy_attachment",
      "name": "etl_logs",
      "provider": "provider[\"registry.terraform.io/hashicorp/aws\"]",
      "instances": [
        {
          "schema_version": 0,
          "attributes": {
            "id": "etl-lambda-role-20251115112040104000000001",
            "policy_arn": "arn:aws:iam::aws:policy/service-role/AWSLambdaBasicExecutionRole",
            "role": "etl-lambda-role"
          },
          "sensitive_attributes": [],
          "identity_schema_version": 0,
          "private": "bnVsbA==",
          "dependencies": [
            "aws_iam_role.etl_lambda_role"
          ]
        }
      ]
    },
    {
      "mode": "managed",
      "type": "aws_iam_role_policy_attachment",
      "name": "etl_policy",
      "provider": "provider[\"registry.terraform.io/hashicorp/aws\"]",
      "instances": [
        {
          "schema_version": 0,
          "attributes": {
            "id": "etl-lambda-role-20251115112044870500000002",
            "policy_arn": "arn:aws:iam::335360747232:policy/ETLLambdaPolicy",
            "role": "etl-lambda-role"
          },
          "sensitive_attributes": [],
          "identity_schema_version": 0,
          "private": "bnVsbA==",
          "dependencies": [
            "aws_dynamodb_table.processed_documents",
            "aws_iam_policy.etl_lambda_policy",
            "aws_iam_role.etl_lambda_role",
            "aws_s3_bucket.analytics_datalake"
          ]
        }
      ]
    },
    {
      "mode": "managed",
      "type": "aws_iam_role_policy_attachment",
      "name": "presigned_lambda_logs",
      "provider": "provider[\"registry.terraform.io/hashicorp/aws\"]",
      "instances": [
        {
          "schema_version": 0,
          "attributes": {
            "id": "presigned-url-lambda-role-20251013165151541300000001",
            "policy_arn": "arn:aws:iam::aws:policy/service-role/AWSLambdaBasicExecutionRole",
            "role": "presigned-url-lambda-role"
          },
          "sensitive_attributes": [],
          "identity_schema_version": 0,
          "private": "bnVsbA==",
          "dependencies": [
            "aws_iam_role.presigned_url_lambda_role"
          ]
        }
      ]
    },
    {
      "mode": "managed",
      "type": "aws_iam_role_policy_attachment",
      "name": "presigned_lambda_s3",
      "provider": "provider[\"registry.terraform.io/hashicorp/aws\"]",
      "instances": [
        {
          "schema_version": 0,
          "attributes": {
            "id": "presigned-url-lambda-role-20251013165155676200000004",
            "policy_arn": "arn:aws:iam::335360747232:policy/S3PutObjectPresignedPolicy",
            "role": "presigned-url-lambda-role"
          },
          "sensitive_attributes": [],
          "identity_schema_version": 0,
          "private": "bnVsbA==",
          "dependencies": [
            "aws_iam_policy.s3_put_presigned_policy",
            "aws_iam_role.presigned_url_lambda_role",
            "aws_s3_bucket.documents_bucket",
            "random_id.bucket_suffix"
          ]
        }
      ]
    },
    {
      "mode": "managed",
      "type": "aws_iam_role_policy_attachment",
      "name": "workflow_logs",
      "provider": "provider[\"registry.terraform.io/hashicorp/aws\"]",
      "instances": [
        {
          "schema_version": 0,
          "attributes": {
            "id": "document-processing-workflow-role-20251013165151547800000002",
            "policy_arn": "arn:aws:iam::aws:policy/service-role/AWSLambdaBasicExecutionRole",
            "role": "document-processing-workflow-role"
          },
          "sensitive_attributes": [],
          "identity_schema_version": 0,
          "private": "bnVsbA==",
          "dependencies": [
            "aws_iam_role.processing_workflow_role"
          ]
        }
      ]
    },
    {
      "mode": "managed",
      "type": "aws_iam_role_policy_attachment",
      "name": "workflow_permissions",
      "provider": "provider[\"registry.terraform.io/hashicorp/aws\"]",
      "instances": [
        {
          "schema_version": 0,
          "attributes": {
            "id": "document-processing-workflow-role-20251013165155641000000003",
            "policy_arn": "arn:aws:iam::335360747232:policy/WorkflowPermissionsPolicy",
            "role": "document-processing-workflow-role"
          },
          "sensitive_attributes": [],
          "identity_schema_version": 0,
          "private": "bnVsbA==",
          "dependencies": [
            "aws_dynamodb_table.processed_documents",
            "aws_iam_policy.workflow_permissions_policy",
            "aws_iam_role.processing_workflow_role",
            "aws_lambda_function.document_processor",
            "aws_lambda_function.entity_extractor",
            "aws_lambda_function.expense_categorizer",
            "aws_lambda_function.save_to_dynamodb",
            "aws_s3_bucket.documents_bucket",
            "aws_sfn_state_machine.document_processing_workflow",
            "data.archive_file.categorizer_zip",
            "data.archive_file.entity_extractor_lambda_zip",
            "data.archive_file.processing_lambda_zip",
            "data.archive_file.saver_zip",
            "random_id.bucket_suffix"
          ]
        }
      ]
    },
    {
      "mode": "managed",
      "type": "aws_lambda_event_source_mapping",
      "name": "dynamo_stream_mapping",
      "provider": "provider[\"registry.terraform.io/hashicorp/aws\"]",
      "instances": [
        {
          "schema_version": 0,
          "attributes": {
            "amazon_managed_kafka_event_source_config": [],
            "arn": "arn:aws:lambda:us-east-1:335360747232:event-source-mapping:6b92e3e2-ada4-4d2c-bc03-aaffcf3bfe11",
            "batch_size": 100,
            "bisect_batch_on_function_error": false,
            "destination_config": [
              {
                "on_failure": [
                  {
                    "destination_arn": null
                  }
                ]
              }
            ],
            "document_db_event_source_config": [],
            "enabled": true,
            "event_source_arn": "arn:aws:dynamodb:us-east-1:335360747232:table/inf2006-processed-documents/stream/2025-11-15T10:40:57.173",
            "filter_criteria": [],
            "function_arn": "arn:aws:lambda:us-east-1:335360747232:function:etl-dynamo-stream-to-s3",
            "function_name": "arn:aws:lambda:us-east-1:335360747232:function:etl-dynamo-stream-to-s3",
            "function_response_types": [],
            "id": "6b92e3e2-ada4-4d2c-bc03-aaffcf3bfe11",
            "kms_key_arn": "",
            "last_modified": "2025-11-15T11:29:00Z",
            "last_processing_result": "OK",
            "maximum_batching_window_in_seconds": 0,
            "maximum_record_age_in_seconds": -1,
            "maximum_retry_attempts": -1,
            "metrics_config": [],
            "parallelization_factor": 1,
            "provisioned_poller_config": [],
            "queues": [],
            "scaling_config": [],
            "self_managed_event_source": [],
            "self_managed_kafka_event_source_config": [],
            "source_access_configuration": [],
            "starting_position": "LATEST",
            "starting_position_timestamp": "",
            "state": "Enabled",
            "state_transition_reason": "User action",
            "tags": {},
            "tags_all": {},
            "topics": [],
            "tumbling_window_in_seconds": 0,
            "uuid": "6b92e3e2-ada4-4d2c-bc03-aaffcf3bfe11"
          },
          "sensitive_attributes": [],
          "identity_schema_version": 0,
          "private": "bnVsbA==",
          "dependencies": [
            "aws_dynamodb_table.processed_documents",
            "aws_iam_role.etl_lambda_role",
            "aws_lambda_function.etl_stream_to_s3",
            "aws_s3_bucket.analytics_datalake",
            "data.archive_file.etl_zip"
          ]
        }
      ]
    },
    {
      "mode": "managed",
      "type": "aws_lambda_function",
      "name": "document_processor",
      "provider": "provider[\"registry.terraform.io/hashicorp/aws\"]",
      "instances": [
        {
          "schema_version": 0,
          "attributes": {
            "architectures": [
              "x86_64"
            ],
            "arn": "arn:aws:lambda:us-east-1:335360747232:function:process-financial-document",
            "code_sha256": "Kad2j3aCpmMReQ1mGMc3AS0wGJLU0vRycFVjzTLs8qA=",
            "code_signing_config_arn": "",
            "dead_letter_config": [],
            "description": "",
            "environment": [],
            "ephemeral_storage": [
              {
                "size": 512
              }
            ],
            "file_system_config": [],
            "filename": "document_processor_lambda.zip",
            "function_name": "process-financial-document",
            "handler": "lambda_function.lambda_handler",
            "id": "process-financial-document",
            "image_config": [],
            "image_uri": "",
            "invoke_arn": "arn:aws:apigateway:us-east-1:lambda:path/2015-03-31/functions/arn:aws:lambda:us-east-1:335360747232:function:process-financial-document/invocations",
            "kms_key_arn": "",
            "last_modified": "2025-11-15T11:06:25.000+0000",
            "layers": [],
            "logging_config": [
              {
                "application_log_level": "",
                "log_format": "Text",
                "log_group": "/aws/lambda/process-financial-document",
                "system_log_level": ""
              }
            ],
            "memory_size": 128,
            "package_type": "Zip",
            "publish": false,
            "qualified_arn": "arn:aws:lambda:us-east-1:335360747232:function:process-financial-document:2",
            "qualified_invoke_arn": "arn:aws:apigateway:us-east-1:lambda:path/2015-03-31/functions/arn:aws:lambda:us-east-1:335360747232:function:process-financial-document:2/invocations",
            "replace_security_groups_on_destroy": null,
            "replacement_security_group_ids": null,
            "reserved_concurrent_executions": -1,
            "role": "arn:aws:iam::335360747232:role/document-processing-workflow-role",
            "runtime": "python3.9",
            "s3_bucket": null,
            "s3_key": null,
            "s3_object_version": null,
            "signing_job_arn": "",
            "signing_profile_version_arn": "",
            "skip_destroy": false,
            "snap_start": [],
            "source_code_hash": "Kad2j3aCpmMReQ1mGMc3AS0wGJLU0vRycFVjzTLs8qA=",
            "source_code_size": 987,
            "tags": {},
            "tags_all": {},
            "timeout": 30,
            "timeouts": null,
            "tracing_config": [
              {
                "mode": "PassThrough"
              }
            ],
            "version": "2",
            "vpc_config": []
          },
          "sensitive_attributes": [],
          "identity_schema_version": 0,
          "private": "eyJlMmJmYjczMC1lY2FhLTExZTYtOGY4OC0zNDM2M2JjN2M0YzAiOnsiY3JlYXRlIjo2MDAwMDAwMDAwMDAsImRlbGV0ZSI6NjAwMDAwMDAwMDAwLCJ1cGRhdGUiOjYwMDAwMDAwMDAwMH19",
          "dependencies": [
            "aws_iam_role.processing_workflow_role",
            "data.archive_file.processing_lambda_zip"
          ]
        }
      ]
    },
    {
      "mode": "managed",
      "type": "aws_lambda_function",
      "name": "entity_extractor",
      "provider": "provider[\"registry.terraform.io/hashicorp/aws\"]",
      "instances": [
        {
          "schema_version": 0,
          "attributes": {
            "architectures": [
              "x86_64"
            ],
            "arn": "arn:aws:lambda:us-east-1:335360747232:function:extract-entities-from-text",
            "code_sha256": "ZSJCPZH/pkccUvk2pkT/yDrIbBpjQGV3xw4MeD6+uxo=",
            "code_signing_config_arn": "",
            "dead_letter_config": [],
            "description": "",
            "environment": [
              {
                "variables": {
                  "SAGEMAKER_ENDPOINT_NAME": "inf2006-entity-extraction-endpoint"
                }
              }
            ],
            "ephemeral_storage": [
              {
                "size": 512
              }
            ],
            "file_system_config": [],
            "filename": "entity_extractor_lambda.zip",
            "function_name": "extract-entities-from-text",
            "handler": "lambda_function.lambda_handler",
            "id": "extract-entities-from-text",
            "image_config": [],
            "image_uri": "",
            "invoke_arn": "arn:aws:apigateway:us-east-1:lambda:path/2015-03-31/functions/arn:aws:lambda:us-east-1:335360747232:function:extract-entities-from-text/invocations",
            "kms_key_arn": "",
            "last_modified": "2025-11-15T11:12:36.000+0000",
            "layers": [],
            "logging_config": [
              {
                "application_log_level": "",
                "log_format": "Text",
                "log_group": "/aws/lambda/extract-entities-from-text",
                "system_log_level": ""
              }
            ],
            "memory_size": 128,
            "package_type": "Zip",
            "publish": false,
            "qualified_arn": "arn:aws:lambda:us-east-1:335360747232:function:extract-entities-from-text:$LATEST",
            "qualified_invoke_arn": "arn:aws:apigateway:us-east-1:lambda:path/2015-03-31/functions/arn:aws:lambda:us-east-1:335360747232:function:extract-entities-from-text:$LATEST/invocations",
            "replace_security_groups_on_destroy": null,
            "replacement_security_group_ids": null,
            "reserved_concurrent_executions": -1,
            "role": "arn:aws:iam::335360747232:role/document-processing-workflow-role",
            "runtime": "python3.9",
            "s3_bucket": null,
            "s3_key": null,
            "s3_object_version": null,
            "signing_job_arn": "",
            "signing_profile_version_arn": "",
            "skip_destroy": false,
            "snap_start": [],
            "source_code_hash": "ZSJCPZH/pkccUvk2pkT/yDrIbBpjQGV3xw4MeD6+uxo=",
            "source_code_size": 987,
            "tags": {},
            "tags_all": {},
            "timeout": 30,
            "timeouts": null,
            "tracing_config": [
              {
                "mode": "PassThrough"
              }
            ],
            "version": "$LATEST",
            "vpc_config": []
          },
          "sensitive_attributes": [],
          "identity_schema_version": 0,
          "private": "eyJlMmJmYjczMC1lY2FhLTExZTYtOGY4OC0zNDM2M2JjN2M0YzAiOnsiY3JlYXRlIjo2MDAwMDAwMDAwMDAsImRlbGV0ZSI6NjAwMDAwMDAwMDAwLCJ1cGRhdGUiOjYwMDAwMDAwMDAwMH19",
          "dependencies": [
            "aws_iam_role.processing_workflow_role",
            "data.archive_file.entity_extractor_lambda_zip"
          ]
        }
      ]
    },
    {
      "mode": "managed",
      "type": "aws_lambda_function",
      "name": "etl_stream_to_s3",
      "provider": "provider[\"registry.terraform.io/hashicorp/aws\"]",
      "instances": [
        {
          "schema_version": 0,
          "attributes": {
            "architectures": [
              "x86_64"
            ],
            "arn": "arn:aws:lambda:us-east-1:335360747232:function:etl-dynamo-stream-to-s3",
            "code_sha256": "mTTRiKhzQUUI86OcArLHyxB4uXkCHSH628WJ3+CoDkY=",
            "code_signing_config_arn": "",
            "dead_letter_config": [],
            "description": "",
            "environment": [
              {
                "variables": {
                  "DATALAKE_BUCKET_NAME": "inf2006-analytics-datalake"
                }
              }
            ],
            "ephemeral_storage": [
              {
                "size": 512
              }
            ],
            "file_system_config": [],
            "filename": "etl_stream_to_s3.zip",
            "function_name": "etl-dynamo-stream-to-s3",
            "handler": "lambda_function.lambda_handler",
            "id": "etl-dynamo-stream-to-s3",
            "image_config": [],
            "image_uri": "",
            "invoke_arn": "arn:aws:apigateway:us-east-1:lambda:path/2015-03-31/functions/arn:aws:lambda:us-east-1:335360747232:function:etl-dynamo-stream-to-s3/invocations",
            "kms_key_arn": "",
            "last_modified": "2025-11-15T11:20:49.774+0000",
            "layers": [],
            "logging_config": [
              {
                "application_log_level": "",
                "log_format": "Text",
                "log_group": "/aws/lambda/etl-dynamo-stream-to-s3",
                "system_log_level": ""
              }
            ],
            "memory_size": 128,
            "package_type": "Zip",
            "publish": false,
            "qualified_arn": "arn:aws:lambda:us-east-1:335360747232:function:etl-dynamo-stream-to-s3:$LATEST",
            "qualified_invoke_arn": "arn:aws:apigateway:us-east-1:lambda:path/2015-03-31/functions/arn:aws:lambda:us-east-1:335360747232:function:etl-dynamo-stream-to-s3:$LATEST/invocations",
            "replace_security_groups_on_destroy": null,
            "replacement_security_group_ids": null,
            "reserved_concurrent_executions": -1,
            "role": "arn:aws:iam::335360747232:role/etl-lambda-role",
            "runtime": "python3.9",
            "s3_bucket": null,
            "s3_key": null,
            "s3_object_version": null,
            "signing_job_arn": "",
            "signing_profile_version_arn": "",
            "skip_destroy": false,
            "snap_start": [],
            "source_code_hash": "mTTRiKhzQUUI86OcArLHyxB4uXkCHSH628WJ3+CoDkY=",
            "source_code_size": 1091,
            "tags": {},
            "tags_all": {},
            "timeout": 3,
            "timeouts": null,
            "tracing_config": [
              {
                "mode": "PassThrough"
              }
            ],
            "version": "$LATEST",
            "vpc_config": []
          },
          "sensitive_attributes": [],
          "identity_schema_version": 0,
          "private": "eyJlMmJmYjczMC1lY2FhLTExZTYtOGY4OC0zNDM2M2JjN2M0YzAiOnsiY3JlYXRlIjo2MDAwMDAwMDAwMDAsImRlbGV0ZSI6NjAwMDAwMDAwMDAwLCJ1cGRhdGUiOjYwMDAwMDAwMDAwMH19",
          "dependencies": [
            "aws_iam_role.etl_lambda_role",
            "aws_s3_bucket.analytics_datalake",
            "data.archive_file.etl_zip"
          ]
        }
      ]
    },
    {
      "mode": "managed",
      "type": "aws_lambda_function",
      "name": "expense_categorizer",
      "provider": "provider[\"registry.terraform.io/hashicorp/aws\"]",
      "instances": [
        {
          "schema_version": 0,
          "attributes": {
            "architectures": [
              "x86_64"
            ],
            "arn": "arn:aws:lambda:us-east-1:335360747232:function:categorize-expense",
            "code_sha256": "NnYJKwRwj83jc50Hd4Biu3IfTbObRZhv6wwqtDVc9+4=",
            "code_signing_config_arn": "",
            "dead_letter_config": [],
            "description": "",
            "environment": [
              {
                "variables": {
                  "SAGEMAKER_ENDPOINT_NAME": "inf2006-expense-categorization-endpoint"
                }
              }
            ],
            "ephemeral_storage": [
              {
                "size": 512
              }
            ],
            "file_system_config": [],
            "filename": "expense_categorizer.zip",
            "function_name": "categorize-expense",
            "handler": "lambda_function.lambda_handler",
            "id": "categorize-expense",
            "image_config": [],
            "image_uri": "",
            "invoke_arn": "arn:aws:apigateway:us-east-1:lambda:path/2015-03-31/functions/arn:aws:lambda:us-east-1:335360747232:function:categorize-expense/invocations",
            "kms_key_arn": "",
            "last_modified": "2025-11-19T11:12:36.000+0000",
            "layers": [],
            "logging_config": [
              {
                "application_log_level": "",
                "log_format": "Text",
                "log_group": "/aws/lambda/categorize-expense",
                "system_log_level": ""
              }
            ],
            "memory_size": 128,
            "package_type": "Zip",
            "publish": false,
            "qualified_arn": "arn:aws:lambda:us-east-1:335360747232:function:categorize-expense:$LATEST",
            "qualified_invoke_arn": "arn:aws:apigateway:us-east-1:lambda:path/2015-03-31/functions/arn:aws:lambda:us-east-1:335360747232:function:categorize-expense:$LATEST/invocations",
            "replace_security_groups_on_destroy": null,
            "replacement_security_group_ids": null,
            "reserved_concurrent_executions": -1,
            "role": "arn:aws:iam::335360747232:role/document-processing-workflow-role",
            "runtime": "python3.9",
            "s3_bucket": null,
            "s3_key": null,
            "s3_object_version": null,
            "signing_job_arn": "",
            "signing_profile_version_arn": "",
            "skip_destroy": false,
            "snap_start": [],
            "source_code_hash": "NnYJKwRwj83jc50Hd4Biu3IfTbObRZhv6wwqtDVc9+4=",
            "source_code_size": 1357,
            "tags": {},
            "tags_all": {},
            "timeout": 30,
            "timeouts": null,
            "tracing_config": [
              {
                "mode": "PassThrough"
              }
            ],
            "version": "$LATEST",
            "vpc_config": []
          },
          "sensitive_attributes": [],
          "identity_schema_version": 0,
          "private": "eyJlMmJmYjczMC1lY2FhLTExZTYtOGY4OC0zNDM2M2JjN2M0YzAiOnsiY3JlYXRlIjo2MDAwMDAwMDAwMDAsImRlbGV0ZSI6NjAwMDAwMDAwMDAwLCJ1cGRhdGUiOjYwMDAwMDAwMDAwMH19",
          "dependencies": [
            "aws_iam_role.processing_workflow_role",
            "data.archive_file.categorizer_zip"
          ]
        }
      ]
    },
    {
      "mode": "managed",
      "type": "aws_lambda_function",
      "name": "presigned_url_generator",
      "provider": "provider[\"registry.terraform.io/hashicorp/aws\"]",
      "instances": [
        {
          "schema_version": 0,
          "attributes": {
            "architectures": [
              "x86_64"
            ],
            "arn": "arn:aws:lambda:us-east-1:335360747232:function:generate-presigned-url",
            "code_sha256": "ubZpGvB2OwS/oZJIropRkd8nAi1CM1NZMf+iC95AOuE=",
            "code_signing_config_arn": "",
            "dead_letter_config": [],
            "description": "",
            "environment": [
              {
                "variables": {
                  "BUCKET_NAME": "inf2006-financial-docs-b0957fd1a4dafc2c",
                  "FORCE_DEPLOY": "v1"
                }
              }
            ],
            "ephemeral_storage": [
              {
                "size": 512
              }
            ],
            "file_system_config": [],
            "filename": "presigned_url_lambda.zip",
            "function_name": "generate-presigned-url",
            "handler": "lambda_function.lambda_handler",
            "id": "generate-presigned-url",
            "image_config": [],
            "image_uri": "",
            "invoke_arn": "arn:aws:apigateway:us-east-1:lambda:path/2015-03-31/functions/arn:aws:lambda:us-east-1:335360747232:function:generate-presigned-url/invocations",
            "kms_key_arn": "",
            "last_modified": "2025-10-13T17:34:50.000+0000",
            "layers": [],
            "logging_config": [
              {
                "application_log_level": "",
                "log_format": "Text",
                "log_group": "/aws/lambda/generate-presigned-url",
                "system_log_level": ""
              }
            ],
            "memory_size": 128,
            "package_type": "Zip",
            "publish": false,
            "qualified_arn": "arn:aws:lambda:us-east-1:335360747232:function:generate-presigned-url:$LATEST",
            "qualified_invoke_arn": "arn:aws:apigateway:us-east-1:lambda:path/2015-03-31/functions/arn:aws:lambda:us-east-1:335360747232:function:generate-presigned-url:$LATEST/invocations",
            "replace_security_groups_on_destroy": null,
            "replacement_security_group_ids": null,
            "reserved_concurrent_executions": -1,
            "role": "arn:aws:iam::335360747232:role/presigned-url-lambda-role",
            "runtime": "python3.9",
            "s3_bucket": null,
            "s3_key": null,
            "s3_object_version": null,
            "signing_job_arn": "",
            "signing_profile_version_arn": "",
            "skip_destroy": false,
            "snap_start": [],
            "source_code_hash": "ubZpGvB2OwS/oZJIropRkd8nAi1CM1NZMf+iC95AOuE=",
            "source_code_size": 865,
            "tags": {},
            "tags_all": {},
            "timeout": 3,
            "timeouts": null,
            "tracing_config": [
              {
                "mode": "PassThrough"
              }
            ],
            "version": "$LATEST",
            "vpc_config": []
          },
          "sensitive_attributes": [],
          "identity_schema_version": 0,
          "private": "eyJlMmJmYjczMC1lY2FhLTExZTYtOGY4OC0zNDM2M2JjN2M0YzAiOnsiY3JlYXRlIjo2MDAwMDAwMDAwMDAsImRlbGV0ZSI6NjAwMDAwMDAwMDAwLCJ1cGRhdGUiOjYwMDAwMDAwMDAwMH19",
          "dependencies": [
            "aws_iam_role.presigned_url_lambda_role",
            "aws_s3_bucket.documents_bucket",
            "data.archive_file.presigned_url_lambda_zip",
            "random_id.bucket_suffix"
          ],
          "create_before_destroy": true
        }
      ]
    },
    {
      "mode": "managed",
      "type": "aws_lambda_function",
      "name": "save_to_dynamodb",
      "provider": "provider[\"registry.terraform.io/hashicorp/aws\"]",
      "instances": [
        {
          "schema_version": 0,
          "attributes": {
            "architectures": [
              "x86_64"
            ],
            "arn": "arn:aws:lambda:us-east-1:335360747232:function:save-processed-document",
            "code_sha256": "L1i2Rl2D1C9zb6RB5/TaW+rI1Yeb8qw87UGVNImsTmo=",
            "code_signing_config_arn": "",
            "dead_letter_config": [],
            "description": "",
            "environment": [
              {
                "variables": {
                  "TABLE_NAME": "inf2006-processed-documents"
                }
              }
            ],
            "ephemeral_storage": [
              {
                "size": 512
              }
            ],
            "file_system_config": [],
            "filename": "save_to_dynamodb.zip",
            "function_name": "save-processed-document",
            "handler": "lambda_function.lambda_handler",
            "id": "save-processed-document",
            "image_config": [],
            "image_uri": "",
            "invoke_arn": "arn:aws:apigateway:us-east-1:lambda:path/2015-03-31/functions/arn:aws:lambda:us-east-1:335360747232:function:save-processed-document/invocations",
            "kms_key_arn": "",
            "last_modified": "2025-11-15T11:01:32.000+0000",
            "layers": [],
            "logging_config": [
              {
                "application_log_level": "",
                "log_format": "Text",
                "log_group": "/aws/lambda/save-processed-document",
                "system_log_level": ""
              }
            ],
            "memory_size": 128,
            "package_type": "Zip",
            "publish": false,
            "qualified_arn": "arn:aws:lambda:us-east-1:335360747232:function:save-processed-document:$LATEST",
            "qualified_invoke_arn": "arn:aws:apigateway:us-east-1:lambda:path/2015-03-31/functions/arn:aws:lambda:us-east-1:335360747232:function:save-processed-document:$LATEST/invocations",
            "replace_security_groups_on_destroy": null,
            "replacement_security_group_ids": null,
            "reserved_concurrent_executions": -1,
            "role": "arn:aws:iam::335360747232:role/document-processing-workflow-role",
            "runtime": "python3.9",
            "s3_bucket": null,
            "s3_key": null,
            "s3_object_version": null,
            "signing_job_arn": "",
            "signing_profile_version_arn": "",
            "skip_destroy": false,
            "snap_start": [],
            "source_code_hash": "L1i2Rl2D1C9zb6RB5/TaW+rI1Yeb8qw87UGVNImsTmo=",
            "source_code_size": 656,
            "tags": {},
            "tags_all": {},
            "timeout": 3,
            "timeouts": null,
            "tracing_config": [
              {
                "mode": "PassThrough"
              }
            ],
            "version": "$LATEST",
            "vpc_config": []
          },
          "sensitive_attributes": [],
          "identity_schema_version": 0,
          "private": "eyJlMmJmYjczMC1lY2FhLTExZTYtOGY4OC0zNDM2M2JjN2M0YzAiOnsiY3JlYXRlIjo2MDAwMDAwMDAwMDAsImRlbGV0ZSI6NjAwMDAwMDAwMDAwLCJ1cGRhdGUiOjYwMDAwMDAwMDAwMH19",
          "dependencies": [
            "aws_dynamodb_table.processed_documents",
            "aws_iam_role.processing_workflow_role",
            "data.archive_file.saver_zip"
          ]
        }
      ]
    },
    {
      "mode": "managed",
      "type": "aws_lambda_permission",
      "name": "api_gateway_permission",
      "provider": "provider[\"registry.terraform.io/hashicorp/aws\"]",
      "instances": [
        {
          "schema_version": 0,
          "attributes": {
            "action": "lambda:InvokeFunction",
            "event_source_token": null,
            "function_name": "generate-presigned-url",
            "function_url_auth_type": null,
            "id": "AllowAPIGatewayToInvokeLambda",
            "principal": "apigateway.amazonaws.com",
            "principal_org_id": null,
            "qualifier": "",
            "source_account": null,
            "source_arn": "arn:aws:execute-api:us-east-1:335360747232:qcglc0j7e2/*/*",
            "statement_id": "AllowAPIGatewayToInvokeLambda",
            "statement_id_prefix": ""
          },
          "sensitive_attributes": [],
          "identity_schema_version": 0,
          "private": "bnVsbA==",
          "dependencies": [
            "aws_apigatewayv2_api.http_api",
            "aws_iam_role.presigned_url_lambda_role",
            "aws_lambda_function.presigned_url_generator",
            "aws_s3_bucket.documents_bucket",
            "data.archive_file.presigned_url_lambda_zip",
            "random_id.bucket_suffix"
          ]
        }
      ]
    },
    {
      "mode": "managed",
      "type": "aws_s3_bucket",
      "name": "analytics_datalake",
      "provider": "provider[\"registry.terraform.io/hashicorp/aws\"]",
      "instances": [
        {
          "schema_version": 0,
          "attributes": {
            "acceleration_status": "",
            "acl": "private",
            "arn": "arn:aws:s3:::inf2006-analytics-datalake",
            "bucket": "inf2006-analytics-datalake",
            "bucket_domain_name": "inf2006-analytics-datalake.s3.amazonaws.com",
            "bucket_prefix": "",
            "bucket_regional_domain_name": "inf2006-analytics-datalake.s3.us-east-1.amazonaws.com",
            "cors_rule": [],
            "force_destroy": false,
            "grant": [
              {
                "id": "5862a41519974ff95b5bf4f641b5398fb7a3588e9755bc84760351b820abee5d",
                "permissions": [
                  "FULL_CONTROL"
                ],
                "type": "CanonicalUser",
                "uri": ""
              }
            ],
            "hosted_zone_id": "Z3AQBSTGFYJSTF",
            "id": "inf2006-analytics-datalake",
            "lifecycle_rule": [],
            "logging": [],
            "object_lock_configuration": [],
            "object_lock_enabled": false,
            "policy": "",
            "region": "us-east-1",
            "replication_configuration": [],
            "request_payer": "BucketOwner",
            "server_side_encryption_configuration": [
              {
                "rule": [
                  {
                    "apply_server_side_encryption_by_default": [
                      {
                        "kms_master_key_id": "",
                        "sse_algorithm": "AES256"
                      }
                    ],
                    "bucket_key_enabled": false
                  }
                ]
              }
            ],
            "tags": {
              "Project": "INF2006-Analytics"
            },
            "tags_all": {
              "Project": "INF2006-Analytics"
            },
            "timeouts": null,
            "versioning": [
              {
                "enabled": false,
                "mfa_delete": false
              }
            ],
            "website": [],
            "website_domain": null,
            "website_endpoint": null
          },
          "sensitive_attributes": [],
          "identity_schema_version": 0,
          "private": "eyJlMmJmYjczMC1lY2FhLTExZTYtOGY4OC0zNDM2M2JjN2M0YzAiOnsiY3JlYXRlIjoxMjAwMDAwMDAwMDAwLCJkZWxldGUiOjM2MDAwMDAwMDAwMDAsInJlYWQiOjEyMDAwMDAwMDAwMDAsInVwZGF0ZSI6MTIwMDAwMDAwMDAwMH19"
        }
      ]
    },
    {
      "mode": "managed",
      "type": "aws_s3_bucket",
      "name": "athena_results",
      "provider": "provider[\"registry.terraform.io/hashicorp/aws\"]",
      "instances": [
        {
          "schema_version": 0,
          "attributes": {
            "acceleration_status": "",
            "acl": "private",
            "arn": "arn:aws:s3:::inf2006-athena-query-results",
            "bucket": "inf2006-athena-query-results",
            "bucket_domain_name": "inf2006-athena-query-results.s3.amazonaws.com",
            "bucket_prefix": "",
            "bucket_regional_domain_name": "inf2006-athena-query-results.s3.us-east-1.amazonaws.com",
            "cors_rule": [],
            "force_destroy": false,
            "grant": [
              {
                "id": "5862a41519974ff95b5bf4f641b5398fb7a3588e9755bc84760351b820abee5d",
                "permissions": [
                  "FULL_CONTROL"
                ],
                "type": "CanonicalUser",
                "uri": ""
              }
            ],
            "hosted_zone_id": "Z3AQBSTGFYJSTF",
            "id": "inf2006-athena-query-results",
            "lifecycle_rule": [
              {
                "abort_incomplete_multipart_upload_days": 0,
                "enabled": true,
                "expiration": [
                  {
                    "date": "",
                    "days": 7,
                    "expired_object_delete_marker": false
                  }
                ],
                "id": "N2M1MzcwY2MtMmVhOC00Njk2LThkYzctOTJjNTY2YWFmMGZk",
                "noncurrent_version_expiration": [],
                "noncurrent_version_transition": [],
                "prefix": "",
                "tags": {},
                "transition": []
              }
            ],
            "logging": [],
            "object_lock_configuration": [],
            "object_lock_enabled": false,
            "policy": "",
            "region": "us-east-1",
            "replication_configuration": [],
            "request_payer": "BucketOwner",
            "server_side_encryption_configuration": [
              {
                "rule": [
                  {
                    "apply_server_side_encryption_by_default": [
                      {
                        "kms_master_key_id": "",
                        "sse_algorithm": "AES256"
                      }
                    ],
                    "bucket_key_enabled": false
                  }
                ]
              }
            ],
            "tags": {},
            "tags_all": {},
            "timeouts": null,
            "versioning": [
              {
                "enabled": false,
                "mfa_delete": false
              }
            ],
            "website": [],
            "website_domain": null,
            "website_endpoint": null
          },
          "sensitive_attributes": [],
          "identity_schema_version": 0,
          "private": "eyJlMmJmYjczMC1lY2FhLTExZTYtOGY4OC0zNDM2M2JjN2M0YzAiOnsiY3JlYXRlIjoxMjAwMDAwMDAwMDAwLCJkZWxldGUiOjM2MDAwMDAwMDAwMDAsInJlYWQiOjEyMDAwMDAwMDAwMDAsInVwZGF0ZSI6MTIwMDAwMDAwMDAwMH19"
        }
      ]
    },
    {
      "mode": "managed",
      "type": "aws_s3_bucket",
      "name": "documents_bucket",
      "provider": "provider[\"registry.terraform.io/hashicorp/aws\"]",
      "instances": [
        {
          "schema_version": 0,
          "attributes": {
            "acceleration_status": "",
            "acl": null,
            "arn": "arn:aws:s3:::inf2006-financial-docs-b0957fd1a4dafc2c",
            "bucket": "inf2006-financial-docs-b0957fd1a4dafc2c",
            "bucket_domain_name": "inf2006-financial-docs-b0957fd1a4dafc2c.s3.amazonaws.com",
            "bucket_prefix": "",
            "bucket_regional_domain_name": "inf2006-financial-docs-b0957fd1a4dafc2c.s3.us-east-1.amazonaws.com",
            "cors_rule": [
              {
                "allowed_headers": [
                  "*"
                ],
                "allowed_methods": [
                  "POST",
                  "GET",
                  "PUT"
                ],
                "allowed_origins": [
                  "*"
                ],
                "expose_headers": [
                  "ETag"
                ],
                "max_age_seconds": 0
              }
            ],
            "force_destroy": true,
            "grant": [
              {
                "id": "5862a41519974ff95b5bf4f641b5398fb7a3588e9755bc84760351b820abee5d",
                "permissions": [
                  "FULL_CONTROL"
                ],
                "type": "CanonicalUser",
                "uri": ""
              }
            ],
            "hosted_zone_id": "Z3AQBSTGFYJSTF",
            "id": "inf2006-financial-docs-b0957fd1a4dafc2c",
            "lifecycle_rule": [],
            "logging": [],
            "object_lock_configuration": [],
            "object_lock_enabled": false,
            "policy": "",
            "region": "us-east-1",
            "replication_configuration": [],
            "request_payer": "BucketOwner",
            "server_side_encryption_configuration": [
              {
                "rule": [
                  {
                    "apply_server_side_encryption_by_default": [
                      {
                        "kms_master_key_id": "",
                        "sse_algorithm": "AES256"
                      }
                    ],
                    "bucket_key_enabled": false
                  }
                ]
              }
            ],
            "tags": {},
            "tags_all": {},
            "timeouts": null,
            "versioning": [
              {
                "enabled": true,
                "mfa_delete": false
              }
            ],
            "website": [],
            "website_domain": null,
            "website_endpoint": null
          },
          "sensitive_attributes": [],
          "identity_schema_version": 0,
          "private": "eyJlMmJmYjczMC1lY2FhLTExZTYtOGY4OC0zNDM2M2JjN2M0YzAiOnsiY3JlYXRlIjoxMjAwMDAwMDAwMDAwLCJkZWxldGUiOjM2MDAwMDAwMDAwMDAsInJlYWQiOjEyMDAwMDAwMDAwMDAsInVwZGF0ZSI6MTIwMDAwMDAwMDAwMH19",
          "dependencies": [
            "random_id.bucket_suffix"
          ],
          "create_before_destroy": true
        }
      ]
    },
    {
      "mode": "managed",
      "type": "aws_s3_bucket",
      "name": "inf2006-s3frontend",
      "provider": "provider[\"registry.terraform.io/hashicorp/aws\"]",
      "instances": [
        {
          "schema_version": 0,
          "attributes": {
            "acceleration_status": "",
            "acl": null,
            "arn": "arn:aws:s3:::inf2006-s3frontend",
            "bucket": "inf2006-s3frontend",
            "bucket_domain_name": "inf2006-s3frontend.s3.amazonaws.com",
            "bucket_prefix": "",
            "bucket_regional_domain_name": "inf2006-s3frontend.s3.us-east-1.amazonaws.com",
            "cors_rule": [],
            "force_destroy": null,
            "grant": [
              {
                "id": "5862a41519974ff95b5bf4f641b5398fb7a3588e9755bc84760351b820abee5d",
                "permissions": [
                  "FULL_CONTROL"
                ],
                "type": "CanonicalUser",
                "uri": ""
              }
            ],
            "hosted_zone_id": "Z3AQBSTGFYJSTF",
            "id": "inf2006-s3frontend",
            "lifecycle_rule": [],
            "logging": [],
            "object_lock_configuration": [],
            "object_lock_enabled": false,
            "policy": "{\"Statement\":[{\"Action\":\"s3:GetObject\",\"Effect\":\"Allow\",\"Principal\":\"*\",\"Resource\":\"arn:aws:s3:::inf2006-s3frontend/*\",\"Sid\":\"PublicReadGetObject\"}],\"Version\":\"2012-10-17\"}",
            "region": "us-east-1",
            "replication_configuration": [],
            "request_payer": "BucketOwner",
            "server_side_encryption_configuration": [
              {
                "rule": [
                  {
                    "apply_server_side_encryption_by_default": [
                      {
                        "kms_master_key_id": "",
                        "sse_algorithm": "AES256"
                      }
                    ],
                    "bucket_key_enabled": true
                  }
                ]
              }
            ],
            "tags": {},
            "tags_all": {},
            "timeouts": null,
            "versioning": [
              {
                "enabled": false,
                "mfa_delete": false
              }
            ],
            "website": [
              {
                "error_document": "error.html",
                "index_document": "index.html",
                "redirect_all_requests_to": "",
                "routing_rules": ""
              }
            ],
            "website_domain": "s3-website-us-east-1.amazonaws.com",
            "website_endpoint": "inf2006-s3frontend.s3-website-us-east-1.amazonaws.com"
          },
          "sensitive_attributes": [],
          "identity_schema_version": 0,
          "private": "eyJlMmJmYjczMC1lY2FhLTExZTYtOGY4OC0zNDM2M2JjN2M0YzAiOnsiY3JlYXRlIjoxMjAwMDAwMDAwMDAwLCJkZWxldGUiOjM2MDAwMDAwMDAwMDAsInJlYWQiOjEyMDAwMDAwMDAwMDAsInVwZGF0ZSI6MTIwMDAwMDAwMDAwMH0sInNjaGVtYV92ZXJzaW9uIjoiMCJ9"
        }
      ]
    },
    {
      "mode": "managed",
      "type": "aws_s3_bucket_cors_configuration",
      "name": "documents_bucket_cors",
      "provider": "provider[\"registry.terraform.io/hashicorp/aws\"]",
      "instances": [
        {
          "schema_version": 0,
          "attributes": {
            "bucket": "inf2006-financial-docs-b0957fd1a4dafc2c",
            "cors_rule": [
              {
                "allowed_headers": [
                  "*"
                ],
                "allowed_methods": [
                  "GET",
                  "POST",
                  "PUT"
                ],
                "allowed_origins": [
                  "*"
                ],
                "expose_headers": [
                  "ETag"
                ],
                "id": "",
                "max_age_seconds": 0
              }
            ],
            "expected_bucket_owner": "",
            "id": "inf2006-financial-docs-b0957fd1a4dafc2c"
          },
          "sensitive_attributes": [],
          "identity_schema_version": 0,
          "private": "bnVsbA==",
          "dependencies": [
            "aws_s3_bucket.documents_bucket",
            "random_id.bucket_suffix"
          ]
        }
      ]
    },
    {
      "mode": "managed",
      "type": "aws_s3_bucket_notification",
      "name": "bucket_eventbridge_notification",
      "provider": "provider[\"registry.terraform.io/hashicorp/aws\"]",
      "instances": [
        {
          "schema_version": 0,
          "attributes": {
            "bucket": "inf2006-financial-docs-b0957fd1a4dafc2c",
            "eventbridge": true,
            "id": "inf2006-financial-docs-b0957fd1a4dafc2c",
            "lambda_function": [],
            "queue": [],
            "topic": []
          },
          "sensitive_attributes": [],
          "identity_schema_version": 0,
          "private": "bnVsbA==",
          "dependencies": [
            "aws_s3_bucket.documents_bucket",
            "random_id.bucket_suffix"
          ]
        }
      ]
    },
    {
      "mode": "managed",
      "type": "aws_s3_bucket_versioning",
      "name": "documents_bucket_versioning",
      "provider": "provider[\"registry.terraform.io/hashicorp/aws\"]",
      "instances": [
        {
          "schema_version": 0,
          "attributes": {
            "bucket": "inf2006-financial-docs-b0957fd1a4dafc2c",
            "expected_bucket_owner": "",
            "id": "inf2006-financial-docs-b0957fd1a4dafc2c",
            "mfa": null,
            "versioning_configuration": [
              {
                "mfa_delete": "",
                "status": "Enabled"
              }
            ]
          },
          "sensitive_attributes": [],
          "identity_schema_version": 0,
          "private": "bnVsbA==",
          "dependencies": [
            "aws_s3_bucket.documents_bucket",
            "random_id.bucket_suffix"
          ]
        }
      ]
    },
    {
      "mode": "managed",
      "type": "aws_s3_bucket_versioning",
      "name": "inf2006-s3frontend_versioning",
      "provider": "provider[\"registry.terraform.io/hashicorp/aws\"]",
      "instances": [
        {
          "schema_version": 0,
          "attributes": {
            "bucket": "inf2006-s3frontend",
            "expected_bucket_owner": "",
            "id": "inf2006-s3frontend",
            "mfa": null,
            "versioning_configuration": [
              {
                "mfa_delete": "",
                "status": "Suspended"
              }
            ]
          },
          "sensitive_attributes": [],
          "identity_schema_version": 0,
          "private": "bnVsbA==",
          "dependencies": [
            "aws_s3_bucket.inf2006-s3frontend"
          ]
        }
      ]
    },
    {
      "mode": "managed",
      "type": "aws_sfn_state_machine",
      "name": "document_processing_workflow",
      "provider": "provider[\"registry.terraform.io/hashicorp/aws\"]",
      "instances": [
        {
          "schema_version": 0,
          "attributes": {
            "arn": "arn:aws:states:us-east-1:335360747232:stateMachine:FinancialDocumentProcessingWorkflow",
            "creation_date": "2025-10-13T16:18:30Z",
            "definition": "{\"Comment\":\"Full pipeline: OCR -\\u003e Entity Extraction -\\u003e Categorization -\\u003e DB Save\",\"StartAt\":\"ExtractTextWithTextract\",\"States\":{\"CategorizeExpense\":{\"Next\":\"SaveToDynamoDB\",\"Parameters\":{\"FunctionName\":\"arn:aws:lambda:us-east-1:335360747232:function:categorize-expense\",\"Payload.$\":\"$.sagemaker_output.parsed_body\"},\"Resource\":\"arn:aws:states:::lambda:invoke\",\"ResultPath\":\"$.categorizer_output\",\"ResultSelector\":{\"parsed_body.$\":\"States.StringToJson($.Payload.body)\"},\"Type\":\"Task\"},\"ExtractEntitiesWithSageMaker\":{\"Next\":\"CategorizeExpense\",\"Parameters\":{\"FunctionName\":\"arn:aws:lambda:us-east-1:335360747232:function:extract-entities-from-text\",\"Payload.$\":\"$.textract_output.parsed_body\"},\"Resource\":\"arn:aws:states:::lambda:invoke\",\"ResultPath\":\"$.sagemaker_output\",\"ResultSelector\":{\"parsed_body.$\":\"States.StringToJson($.Payload.body)\"},\"Type\":\"Task\"},\"ExtractTextWithTextract\":{\"Next\":\"ExtractEntitiesWithSageMaker\",\"Parameters\":{\"FunctionName\":\"arn:aws:lambda:us-east-1:335360747232:function:process-financial-document\",\"Payload.$\":\"$\"},\"Resource\":\"arn:aws:states:::lambda:invoke\",\"ResultPath\":\"$.textract_output\",\"ResultSelector\":{\"parsed_body.$\":\"States.StringToJson($.Payload.body)\"},\"Type\":\"Task\"},\"SaveToDynamoDB\":{\"End\":true,\"Parameters\":{\"FunctionName\":\"arn:aws:lambda:us-east-1:335360747232:function:save-processed-document\",\"Payload.$\":\"$.categorizer_output.parsed_body\"},\"Resource\":\"arn:aws:states:::lambda:invoke\",\"Type\":\"Task\"}}}",
            "description": "",
            "encryption_configuration": [
              {
                "kms_data_key_reuse_period_seconds": 0,
                "kms_key_id": "",
                "type": "AWS_OWNED_KEY"
              }
            ],
            "id": "arn:aws:states:us-east-1:335360747232:stateMachine:FinancialDocumentProcessingWorkflow",
            "logging_configuration": [
              {
                "include_execution_data": false,
                "level": "OFF",
                "log_destination": ""
              }
            ],
            "name": "FinancialDocumentProcessingWorkflow",
            "name_prefix": "",
            "publish": false,
            "revision_id": "23c3874f-ca72-4b58-80b7-8bb11871b58d",
            "role_arn": "arn:aws:iam::335360747232:role/document-processing-workflow-role",
            "state_machine_version_arn": "",
            "status": "ACTIVE",
            "tags": {},
            "tags_all": {},
            "timeouts": null,
            "tracing_configuration": [
              {
                "enabled": false
              }
            ],
            "type": "STANDARD",
            "version_description": null
          },
          "sensitive_attributes": [],
          "identity_schema_version": 0,
          "private": "eyJlMmJmYjczMC1lY2FhLTExZTYtOGY4OC0zNDM2M2JjN2M0YzAiOnsiY3JlYXRlIjozMDAwMDAwMDAwMDAsImRlbGV0ZSI6MzAwMDAwMDAwMDAwLCJ1cGRhdGUiOjYwMDAwMDAwMDAwfX0=",
          "dependencies": [
            "aws_dynamodb_table.processed_documents",
            "aws_iam_role.processing_workflow_role",
            "aws_lambda_function.document_processor",
            "aws_lambda_function.entity_extractor",
            "aws_lambda_function.expense_categorizer",
            "aws_lambda_function.save_to_dynamodb",
            "data.archive_file.categorizer_zip",
            "data.archive_file.entity_extractor_lambda_zip",
            "data.archive_file.processing_lambda_zip",
            "data.archive_file.saver_zip"
          ]
        }
      ]
    },
    {
      "mode": "managed",
      "type": "random_id",
      "name": "bucket_suffix",
      "provider": "provider[\"registry.terraform.io/hashicorp/random\"]",
      "instances": [
        {
          "schema_version": 0,
          "attributes": {
            "b64_std": "sJV/0aTa/Cw=",
            "b64_url": "sJV_0aTa_Cw",
            "byte_length": 8,
            "dec": "12724216860595911724",
            "hex": "b0957fd1a4dafc2c",
            "id": "sJV_0aTa_Cw",
            "keepers": null,
            "prefix": null
          },
          "sensitive_attributes": [],
          "identity_schema_version": 0,
          "create_before_destroy": true
        }
      ]
    }
  ],
  "check_results": null
}
